<?xml version="1.0" encoding="utf-8"?>
<Project ToolsVersion="15.0" xmlns="http://schemas.microsoft.com/developer/msbuild/2003">
  <ItemGroup>
    <ClCompile Include="D:\Next-python_API\next\src\bridges\plugins\core\view3D_StructTpObjects\structTpObjects.cpp">
      <Filter>Source Files</Filter>
    </ClCompile>
  </ItemGroup>
  <ItemGroup>
    <ClInclude Include="D:\Next-python_API\next\src\bridges\plugins\core\view3D_StructTpObjects\structTpObjects.h">
      <Filter>Header Files</Filter>
    </ClInclude>
    <ClInclude Include="D:\Next-python_API\next\src\bridges\plugins\core\view3D_StructTpObjects\url_mapper.h">
      <Filter>Header Files</Filter>
    </ClInclude>
    <ClInclude Include="D:\Next-python_API\next\conan_workarea\h\1c8ed01dedea1a0fcedaba3a730f4481\src\bridges\bridgesdk\next_flatbuffers_3d_view\next\bridgesdk\schema\3d_view\egovehicle_generated.h">
      <Filter>Header Files</Filter>
    </ClInclude>
    <ClInclude Include="D:\Next-python_API\next\conan_workarea\h\1c8ed01dedea1a0fcedaba3a730f4481\src\bridges\bridgesdk\next_flatbuffers_3d_view\next\bridgesdk\schema\3d_view\freegeometry_generated.h">
      <Filter>Header Files</Filter>
    </ClInclude>
    <ClInclude Include="D:\Next-python_API\next\conan_workarea\h\1c8ed01dedea1a0fcedaba3a730f4481\src\bridges\bridgesdk\next_flatbuffers_3d_view\next\bridgesdk\schema\3d_view\groundline_generated.h">
      <Filter>Header Files</Filter>
    </ClInclude>
    <ClInclude Include="D:\Next-python_API\next\conan_workarea\h\1c8ed01dedea1a0fcedaba3a730f4481\src\bridges\bridgesdk\next_flatbuffers_3d_view\next\bridgesdk\schema\3d_view\pointcloud_generated.h">
      <Filter>Header Files</Filter>
    </ClInclude>
    <ClInclude Include="D:\Next-python_API\next\conan_workarea\h\1c8ed01dedea1a0fcedaba3a730f4481\src\bridges\bridgesdk\next_flatbuffers_3d_view\next\bridgesdk\schema\3d_view\primitive_generated.h">
      <Filter>Header Files</Filter>
    </ClInclude>
    <ClInclude Include="D:\Next-python_API\next\conan_workarea\h\1c8ed01dedea1a0fcedaba3a730f4481\src\bridges\bridgesdk\next_flatbuffers_3d_view\next\bridgesdk\schema\3d_view\trafficparticipant_generated.h">
      <Filter>Header Files</Filter>
    </ClInclude>
    <ClInclude Include="D:\Next-python_API\next\conan_workarea\h\1c8ed01dedea1a0fcedaba3a730f4481\src\bridges\bridgesdk\next_flatbuffers_3d_view\next\bridgesdk\schema\3d_view\view_update_generated.h">
      <Filter>Header Files</Filter>
    </ClInclude>
  </ItemGroup>
  <ItemGroup>
    <CustomBuild Include="D:\Next-python_API\next\src\bridges\plugins\core\view3D_StructTpObjects\CMakeLists.txt" />
  </ItemGroup>
  <ItemGroup>
    <None Include="D:\Next-python_API\next\conan_workarea\h\1c8ed01dedea1a0fcedaba3a730f4481\databridge\schema\3d_view\egovehicle.bfbs" />
    <None Include="D:\Next-python_API\next\conan_workarea\h\1c8ed01dedea1a0fcedaba3a730f4481\databridge\schema\3d_view\freegeometry.bfbs" />
    <None Include="D:\Next-python_API\next\conan_workarea\h\1c8ed01dedea1a0fcedaba3a730f4481\databridge\schema\3d_view\groundline.bfbs" />
    <None Include="D:\Next-python_API\next\conan_workarea\h\1c8ed01dedea1a0fcedaba3a730f4481\databridge\schema\3d_view\pointcloud.bfbs" />
    <None Include="D:\Next-python_API\next\conan_workarea\h\1c8ed01dedea1a0fcedaba3a730f4481\databridge\schema\3d_view\primitive.bfbs" />
    <None Include="D:\Next-python_API\next\conan_workarea\h\1c8ed01dedea1a0fcedaba3a730f4481\databridge\schema\3d_view\trafficparticipant.bfbs" />
    <None Include="D:\Next-python_API\next\conan_workarea\h\1c8ed01dedea1a0fcedaba3a730f4481\databridge\schema\3d_view\view_update.bfbs" />
    <None Include="D:\Next-python_API\next\src\bridges\bridgesdk\interface\next\bridgesdk\schema\3d_view\egovehicle.fbs" />
    <None Include="D:\Next-python_API\next\src\bridges\bridgesdk\interface\next\bridgesdk\schema\3d_view\freegeometry.fbs" />
    <None Include="D:\Next-python_API\next\src\bridges\bridgesdk\interface\next\bridgesdk\schema\3d_view\groundline.fbs" />
    <None Include="D:\Next-python_API\next\src\bridges\bridgesdk\interface\next\bridgesdk\schema\3d_view\pointcloud.fbs" />
    <None Include="D:\Next-python_API\next\src\bridges\bridgesdk\interface\next\bridgesdk\schema\3d_view\primitive.fbs" />
    <None Include="D:\Next-python_API\next\src\bridges\bridgesdk\interface\next\bridgesdk\schema\3d_view\trafficparticipant.fbs" />
    <None Include="D:\Next-python_API\next\src\bridges\bridgesdk\interface\next\bridgesdk\schema\3d_view\view_update.fbs" />
  </ItemGroup>
  <ItemGroup>
    <Filter Include="Header Files">
      <UniqueIdentifier>{3EAD8AAC-09CF-32E7-B709-635509729C2A}</UniqueIdentifier>
    </Filter>
    <Filter Include="Source Files">
      <UniqueIdentifier>{11F2C70D-7421-3E37-916A-8D334E4FB588}</UniqueIdentifier>
    </Filter>
  </ItemGroup>
</Project>
