<?xml version="1.0" encoding="utf-8"?>
<Project ToolsVersion="15.0" xmlns="http://schemas.microsoft.com/developer/msbuild/2003">
  <ItemGroup>
    <ClCompile Include="D:\TATA\LATEST_NXT_REPO\next\src\bridges\plugins\core\system_EcalMonitor\ecal_monitor.cpp">
      <Filter>Source Files</Filter>
    </ClCompile>
  </ItemGroup>
  <ItemGroup>
    <ClInclude Include="D:\TATA\LATEST_NXT_REPO\next\conan_workarea\h\7ab8c1f1fd4e01ab32b4c38f491e59e1\src\bridges\bridgesdk\next_flatbuffers_profiler\next\bridgesdk\schema\profiler\basic_info_generated.h">
      <Filter>Header Files</Filter>
    </ClInclude>
    <ClInclude Include="D:\TATA\LATEST_NXT_REPO\next\conan_workarea\h\7ab8c1f1fd4e01ab32b4c38f491e59e1\src\bridges\bridgesdk\next_flatbuffers_profiler\next\bridgesdk\schema\profiler\cpu_profiler_generated.h">
      <Filter>Header Files</Filter>
    </ClInclude>
    <ClInclude Include="D:\TATA\LATEST_NXT_REPO\next\conan_workarea\h\7ab8c1f1fd4e01ab32b4c38f491e59e1\src\bridges\bridgesdk\next_flatbuffers_profiler\next\bridgesdk\schema\profiler\ecal_monitor_generated.h">
      <Filter>Header Files</Filter>
    </ClInclude>
    <ClInclude Include="D:\TATA\LATEST_NXT_REPO\next\conan_workarea\h\7ab8c1f1fd4e01ab32b4c38f491e59e1\src\bridges\bridgesdk\next_flatbuffers_profiler\next\bridgesdk\schema\profiler\network_graph_generated.h">
      <Filter>Header Files</Filter>
    </ClInclude>
  </ItemGroup>
  <ItemGroup>
    <CustomBuild Include="D:\TATA\LATEST_NXT_REPO\next\src\bridges\plugins\core\system_EcalMonitor\CMakeLists.txt" />
  </ItemGroup>
  <ItemGroup>
    <None Include="D:\TATA\LATEST_NXT_REPO\next\conan_workarea\h\7ab8c1f1fd4e01ab32b4c38f491e59e1\databridge\schema\profiler\basic_info.bfbs" />
    <None Include="D:\TATA\LATEST_NXT_REPO\next\conan_workarea\h\7ab8c1f1fd4e01ab32b4c38f491e59e1\databridge\schema\profiler\cpu_profiler.bfbs" />
    <None Include="D:\TATA\LATEST_NXT_REPO\next\conan_workarea\h\7ab8c1f1fd4e01ab32b4c38f491e59e1\databridge\schema\profiler\ecal_monitor.bfbs" />
    <None Include="D:\TATA\LATEST_NXT_REPO\next\conan_workarea\h\7ab8c1f1fd4e01ab32b4c38f491e59e1\databridge\schema\profiler\network_graph.bfbs" />
    <None Include="D:\TATA\LATEST_NXT_REPO\next\src\bridges\bridgesdk\interface\next\bridgesdk\schema\profiler\basic_info.fbs" />
    <None Include="D:\TATA\LATEST_NXT_REPO\next\src\bridges\bridgesdk\interface\next\bridgesdk\schema\profiler\cpu_profiler.fbs" />
    <None Include="D:\TATA\LATEST_NXT_REPO\next\src\bridges\bridgesdk\interface\next\bridgesdk\schema\profiler\ecal_monitor.fbs" />
    <None Include="D:\TATA\LATEST_NXT_REPO\next\src\bridges\bridgesdk\interface\next\bridgesdk\schema\profiler\network_graph.fbs" />
  </ItemGroup>
  <ItemGroup>
    <Filter Include="Header Files">
      <UniqueIdentifier>{F99CD6DB-037D-36A9-8EC4-63E81832D0A6}</UniqueIdentifier>
    </Filter>
    <Filter Include="Source Files">
      <UniqueIdentifier>{53B7468F-1CF3-3A19-89AD-A014CD7DCDED}</UniqueIdentifier>
    </Filter>
  </ItemGroup>
</Project>
