<?xml version="1.0" encoding="utf-8"?>
<Project ToolsVersion="15.0" xmlns="http://schemas.microsoft.com/developer/msbuild/2003">
  <ItemGroup>
    <CustomBuild Include="D:\Next-python_API\next\conan_workarea\h\1c8ed01dedea1a0fcedaba3a730f4481\CMakeFiles\37a0bb0bac172ac0da1f5592a438054d\egovehicle.bfbs.rule">
      <Filter>CMake Rules</Filter>
    </CustomBuild>
    <CustomBuild Include="D:\Next-python_API\next\conan_workarea\h\1c8ed01dedea1a0fcedaba3a730f4481\CMakeFiles\37a0bb0bac172ac0da1f5592a438054d\freegeometry.bfbs.rule">
      <Filter>CMake Rules</Filter>
    </CustomBuild>
    <CustomBuild Include="D:\Next-python_API\next\conan_workarea\h\1c8ed01dedea1a0fcedaba3a730f4481\CMakeFiles\37a0bb0bac172ac0da1f5592a438054d\groundline.bfbs.rule">
      <Filter>CMake Rules</Filter>
    </CustomBuild>
    <CustomBuild Include="D:\Next-python_API\next\conan_workarea\h\1c8ed01dedea1a0fcedaba3a730f4481\CMakeFiles\37a0bb0bac172ac0da1f5592a438054d\pointcloud.bfbs.rule">
      <Filter>CMake Rules</Filter>
    </CustomBuild>
    <CustomBuild Include="D:\Next-python_API\next\conan_workarea\h\1c8ed01dedea1a0fcedaba3a730f4481\CMakeFiles\37a0bb0bac172ac0da1f5592a438054d\primitive.bfbs.rule">
      <Filter>CMake Rules</Filter>
    </CustomBuild>
    <CustomBuild Include="D:\Next-python_API\next\conan_workarea\h\1c8ed01dedea1a0fcedaba3a730f4481\CMakeFiles\37a0bb0bac172ac0da1f5592a438054d\trafficparticipant.bfbs.rule">
      <Filter>CMake Rules</Filter>
    </CustomBuild>
    <CustomBuild Include="D:\Next-python_API\next\conan_workarea\h\1c8ed01dedea1a0fcedaba3a730f4481\CMakeFiles\37a0bb0bac172ac0da1f5592a438054d\view_update.bfbs.rule">
      <Filter>CMake Rules</Filter>
    </CustomBuild>
    <CustomBuild Include="D:\Next-python_API\next\conan_workarea\h\1c8ed01dedea1a0fcedaba3a730f4481\CMakeFiles\40570a2b067d530214b3d7ddf17bde1c\egovehicle_generated.h.rule">
      <Filter>CMake Rules</Filter>
    </CustomBuild>
    <CustomBuild Include="D:\Next-python_API\next\conan_workarea\h\1c8ed01dedea1a0fcedaba3a730f4481\CMakeFiles\40570a2b067d530214b3d7ddf17bde1c\freegeometry_generated.h.rule">
      <Filter>CMake Rules</Filter>
    </CustomBuild>
    <CustomBuild Include="D:\Next-python_API\next\conan_workarea\h\1c8ed01dedea1a0fcedaba3a730f4481\CMakeFiles\40570a2b067d530214b3d7ddf17bde1c\groundline_generated.h.rule">
      <Filter>CMake Rules</Filter>
    </CustomBuild>
    <CustomBuild Include="D:\Next-python_API\next\conan_workarea\h\1c8ed01dedea1a0fcedaba3a730f4481\CMakeFiles\40570a2b067d530214b3d7ddf17bde1c\pointcloud_generated.h.rule">
      <Filter>CMake Rules</Filter>
    </CustomBuild>
    <CustomBuild Include="D:\Next-python_API\next\conan_workarea\h\1c8ed01dedea1a0fcedaba3a730f4481\CMakeFiles\40570a2b067d530214b3d7ddf17bde1c\primitive_generated.h.rule">
      <Filter>CMake Rules</Filter>
    </CustomBuild>
    <CustomBuild Include="D:\Next-python_API\next\conan_workarea\h\1c8ed01dedea1a0fcedaba3a730f4481\CMakeFiles\40570a2b067d530214b3d7ddf17bde1c\trafficparticipant_generated.h.rule">
      <Filter>CMake Rules</Filter>
    </CustomBuild>
    <CustomBuild Include="D:\Next-python_API\next\conan_workarea\h\1c8ed01dedea1a0fcedaba3a730f4481\CMakeFiles\40570a2b067d530214b3d7ddf17bde1c\view_update_generated.h.rule">
      <Filter>CMake Rules</Filter>
    </CustomBuild>
    <CustomBuild Include="D:\Next-python_API\next\conan_workarea\h\1c8ed01dedea1a0fcedaba3a730f4481\CMakeFiles\dc1d59bccc911c130ec264e02ed13d74\GENERATE_next_flatbuffers_3d_view.rule">
      <Filter>CMake Rules</Filter>
    </CustomBuild>
    <CustomBuild Include="D:\Next-python_API\next\src\bridges\bridgesdk\CMakeLists.txt" />
  </ItemGroup>
  <ItemGroup>
    <None Include="D:\Next-python_API\next\conan_workarea\h\1c8ed01dedea1a0fcedaba3a730f4481\src\bridges\bridgesdk\CMakeFiles\GENERATE_next_flatbuffers_3d_view" />
  </ItemGroup>
  <ItemGroup>
    <Filter Include="CMake Rules">
      <UniqueIdentifier>{090D234C-9CC4-395D-95C3-2F436381ADDC}</UniqueIdentifier>
    </Filter>
  </ItemGroup>
</Project>
