
Microsoft Visual Studio Solution File, Format Version 12.00
# Visual Studio 15
Project("{2150E333-8FDC-42A3-9474-1A3956D46DE8}") = ".bricks", ".bricks", "{1860655A-CC78-3822-9987-46AB9F11A042}"
EndProject
Project("{2150E333-8FDC-42A3-9474-1A3956D46DE8}") = "Bridges", "Bridges", "{488063B6-9440-3647-B63B-145831A7393E}"
EndProject
Project("{2150E333-8FDC-42A3-9474-1A3956D46DE8}") = "BridgeSDK", "Bridges\BridgeSDK", "{CD235EA9-779E-3014-87F6-035338F7D9D7}"
EndProject
Project("{2150E333-8FDC-42A3-9474-1A3956D46DE8}") = "thirdparty", "Bridges\BridgeSDK\thirdparty", "{CBEA4886-549E-3916-9234-CC2355579338}"
EndProject
Project("{2150E333-8FDC-42A3-9474-1A3956D46DE8}") = "Controlbridge", "Bridges\Controlbridge", "{1286120F-F5BB-31D9-BEA4-94954D511758}"
EndProject
Project("{2150E333-8FDC-42A3-9474-1A3956D46DE8}") = "Databridge", "Bridges\Databridge", "{4A2BD6C5-E49E-3F21-981C-988D9133A01B}"
EndProject
Project("{2150E333-8FDC-42A3-9474-1A3956D46DE8}") = "Plugins", "Bridges\Databridge\Plugins", "{19827296-727A-34D2-920C-F3D081EC0E2B}"
EndProject
Project("{2150E333-8FDC-42A3-9474-1A3956D46DE8}") = "CMakePredefinedTargets", "CMakePredefinedTargets", "{FD660A17-F42B-3B41-AF0F-B2D1785D0F16}"
EndProject
Project("{2150E333-8FDC-42A3-9474-1A3956D46DE8}") = "Control", "Control", "{728E7805-B619-3AFC-95F6-212C098489B2}"
EndProject
Project("{2150E333-8FDC-42A3-9474-1A3956D46DE8}") = "Next", "Next", "{20AD859F-BE90-3EE9-AF97-233E30F2458A}"
EndProject
Project("{2150E333-8FDC-42A3-9474-1A3956D46DE8}") = "Player", "Player", "{AB6F250B-2EAA-38BF-876B-F6A48D326273}"
EndProject
Project("{2150E333-8FDC-42A3-9474-1A3956D46DE8}") = "SDK", "SDK", "{A1DFE336-592A-3734-B242-35965AA9E2F6}"
EndProject
Project("{2150E333-8FDC-42A3-9474-1A3956D46DE8}") = "UDex", "UDex", "{B6581191-8CBB-35C0-9EE7-496602D9BD15}"
EndProject
Project("{2150E333-8FDC-42A3-9474-1A3956D46DE8}") = "bricks", "bricks", "{B30F502A-B092-3A0E-B85E-0104306D76B5}"
EndProject
Project("{2150E333-8FDC-42A3-9474-1A3956D46DE8}") = "create_bfbs_header", "create_bfbs_header", "{BEDDDFC3-EB43-31EC-A9F8-B0506F9BA104}"
EndProject
Project("{8BC9CEB8-8B4A-11D0-8D11-00A0C91BC942}") = "ALL_BUILD", "ALL_BUILD.vcxproj", "{2E27C9CC-EE7E-31F0-B9F4-33F41EE27BC2}"
	ProjectSection(ProjectDependencies) = postProject
		{E2114F61-C608-3040-8FDA-B7DA14783707} = {E2114F61-C608-3040-8FDA-B7DA14783707}
		{E031F8F8-B6B0-3904-8DCF-73F114D46243} = {E031F8F8-B6B0-3904-8DCF-73F114D46243}
		{549987EA-59B7-326E-9CBC-4298F5D7E275} = {549987EA-59B7-326E-9CBC-4298F5D7E275}
		{52D8F96F-E079-314D-8BB2-9C0C2748BB6B} = {52D8F96F-E079-314D-8BB2-9C0C2748BB6B}
		{D43E3DEE-98AD-30A2-B955-D18704126699} = {D43E3DEE-98AD-30A2-B955-D18704126699}
		{31315C89-0C78-3648-850D-699C75683780} = {31315C89-0C78-3648-850D-699C75683780}
		{750DF470-FF3B-3317-B621-C797231D92FA} = {750DF470-FF3B-3317-B621-C797231D92FA}
		{74AF5968-52AA-37D0-80EB-00DCC8478D9D} = {74AF5968-52AA-37D0-80EB-00DCC8478D9D}
		{04400D6C-8C44-3B4D-AFB4-B7CCD27A7E56} = {04400D6C-8C44-3B4D-AFB4-B7CCD27A7E56}
		{11C045C7-2DB3-3781-92D3-F2EF4E632A89} = {11C045C7-2DB3-3781-92D3-F2EF4E632A89}
		{E2AA4A9E-50D8-3EB0-BF82-94B7D5E97091} = {E2AA4A9E-50D8-3EB0-BF82-94B7D5E97091}
		{A84269C2-13E3-334E-8955-CF213C781481} = {A84269C2-13E3-334E-8955-CF213C781481}
		{06EB8D7F-747D-3D01-A121-8FF8146B72EF} = {06EB8D7F-747D-3D01-A121-8FF8146B72EF}
		{C30AD7A0-F5DA-3B84-B419-87189264CFFD} = {C30AD7A0-F5DA-3B84-B419-87189264CFFD}
		{00A06896-70A5-3F90-8390-370DCEB6F760} = {00A06896-70A5-3F90-8390-370DCEB6F760}
		{ABAA5616-C2D9-3C8B-A39F-CA85F9CA89C5} = {ABAA5616-C2D9-3C8B-A39F-CA85F9CA89C5}
		{FD743AB5-016F-3553-B4E9-34ABD9C9AD94} = {FD743AB5-016F-3553-B4E9-34ABD9C9AD94}
		{F083090B-206B-3B77-B975-0FC8E2ACCA2E} = {F083090B-206B-3B77-B975-0FC8E2ACCA2E}
		{954862A8-B94C-36B1-8CDC-EC06CCA0DF99} = {954862A8-B94C-36B1-8CDC-EC06CCA0DF99}
		{C555E189-CA41-3984-A758-E75C89CD8BD1} = {C555E189-CA41-3984-A758-E75C89CD8BD1}
		{CBF28E22-F05A-3680-AF16-C4F2A11AC564} = {CBF28E22-F05A-3680-AF16-C4F2A11AC564}
		{AAF001A8-6E5B-3D48-8085-B56835DE5FE1} = {AAF001A8-6E5B-3D48-8085-B56835DE5FE1}
		{7B139563-CAE2-3B48-9D2F-42DD61E89657} = {7B139563-CAE2-3B48-9D2F-42DD61E89657}
		{E05F2E76-F50F-3044-920C-84D4623172A4} = {E05F2E76-F50F-3044-920C-84D4623172A4}
		{E476E885-7752-3556-AAD3-7BCEBA091DC2} = {E476E885-7752-3556-AAD3-7BCEBA091DC2}
		{880D6682-4902-3559-B590-F70395EFE312} = {880D6682-4902-3559-B590-F70395EFE312}
		{D5A5A221-D3A4-3144-90FB-0B743CCBEE3D} = {D5A5A221-D3A4-3144-90FB-0B743CCBEE3D}
		{300903D3-B126-3F5C-A0B6-59503B71CFA1} = {300903D3-B126-3F5C-A0B6-59503B71CFA1}
		{0835126F-F633-3B90-A246-64EB054B5DD7} = {0835126F-F633-3B90-A246-64EB054B5DD7}
		{875A8E8F-1B44-36CC-82C2-8F5DC0E8BD9D} = {875A8E8F-1B44-36CC-82C2-8F5DC0E8BD9D}
		{D9E777C5-CDB6-3BE9-AE2E-1CD7C57486D3} = {D9E777C5-CDB6-3BE9-AE2E-1CD7C57486D3}
		{027F7A9C-B2DA-3FDE-A0F8-3AE8D8B78021} = {027F7A9C-B2DA-3FDE-A0F8-3AE8D8B78021}
		{D3B22409-E842-39A6-AEA1-1BC3B1278117} = {D3B22409-E842-39A6-AEA1-1BC3B1278117}
		{0942D62F-61FB-3CA6-BA74-13B1DC221F83} = {0942D62F-61FB-3CA6-BA74-13B1DC221F83}
		{BDDA0D1C-E976-358C-B8CB-4629B617B986} = {BDDA0D1C-E976-358C-B8CB-4629B617B986}
		{FB4E7CE9-E0FD-3A9D-90A8-740ACA0A2A62} = {FB4E7CE9-E0FD-3A9D-90A8-740ACA0A2A62}
		{477C43F8-656D-3EBF-8DA4-290B71437054} = {477C43F8-656D-3EBF-8DA4-290B71437054}
		{76DE4758-383E-3ABC-BA59-6DE8F6072AA2} = {76DE4758-383E-3ABC-BA59-6DE8F6072AA2}
		{B353FA67-11B5-3177-86F1-279C8257F541} = {B353FA67-11B5-3177-86F1-279C8257F541}
		{A20A90F7-8D61-35A9-9A4C-C1F7C18569AB} = {A20A90F7-8D61-35A9-9A4C-C1F7C18569AB}
		{CE571340-AF6D-3CCA-9068-D69D20948F42} = {CE571340-AF6D-3CCA-9068-D69D20948F42}
	EndProjectSection
EndProject
Project("{8BC9CEB8-8B4A-11D0-8D11-00A0C91BC942}") = "BRIDGES_COMPONENT", "src\bridges\bridgesdk\BRIDGES_COMPONENT.vcxproj", "{246496CB-F5FE-330C-A01C-E49E8B94BFD4}"
	ProjectSection(ProjectDependencies) = postProject
		{31315C89-0C78-3648-850D-699C75683780} = {31315C89-0C78-3648-850D-699C75683780}
		{F083090B-206B-3B77-B975-0FC8E2ACCA2E} = {F083090B-206B-3B77-B975-0FC8E2ACCA2E}
		{954862A8-B94C-36B1-8CDC-EC06CCA0DF99} = {954862A8-B94C-36B1-8CDC-EC06CCA0DF99}
		{AAF001A8-6E5B-3D48-8085-B56835DE5FE1} = {AAF001A8-6E5B-3D48-8085-B56835DE5FE1}
		{D5A5A221-D3A4-3144-90FB-0B743CCBEE3D} = {D5A5A221-D3A4-3144-90FB-0B743CCBEE3D}
		{300903D3-B126-3F5C-A0B6-59503B71CFA1} = {300903D3-B126-3F5C-A0B6-59503B71CFA1}
		{0835126F-F633-3B90-A246-64EB054B5DD7} = {0835126F-F633-3B90-A246-64EB054B5DD7}
		{875A8E8F-1B44-36CC-82C2-8F5DC0E8BD9D} = {875A8E8F-1B44-36CC-82C2-8F5DC0E8BD9D}
		{D9E777C5-CDB6-3BE9-AE2E-1CD7C57486D3} = {D9E777C5-CDB6-3BE9-AE2E-1CD7C57486D3}
		{027F7A9C-B2DA-3FDE-A0F8-3AE8D8B78021} = {027F7A9C-B2DA-3FDE-A0F8-3AE8D8B78021}
		{D3B22409-E842-39A6-AEA1-1BC3B1278117} = {D3B22409-E842-39A6-AEA1-1BC3B1278117}
		{BDDA0D1C-E976-358C-B8CB-4629B617B986} = {BDDA0D1C-E976-358C-B8CB-4629B617B986}
		{FB4E7CE9-E0FD-3A9D-90A8-740ACA0A2A62} = {FB4E7CE9-E0FD-3A9D-90A8-740ACA0A2A62}
		{477C43F8-656D-3EBF-8DA4-290B71437054} = {477C43F8-656D-3EBF-8DA4-290B71437054}
		{76DE4758-383E-3ABC-BA59-6DE8F6072AA2} = {76DE4758-383E-3ABC-BA59-6DE8F6072AA2}
		{B353FA67-11B5-3177-86F1-279C8257F541} = {B353FA67-11B5-3177-86F1-279C8257F541}
		{A20A90F7-8D61-35A9-9A4C-C1F7C18569AB} = {A20A90F7-8D61-35A9-9A4C-C1F7C18569AB}
	EndProjectSection
EndProject
Project("{8BC9CEB8-8B4A-11D0-8D11-00A0C91BC942}") = "CONTROL_COMPONENT", "src\control\CONTROL_COMPONENT.vcxproj", "{A98ED40F-A194-33D0-88F8-151B42C919BF}"
	ProjectSection(ProjectDependencies) = postProject
		{31315C89-0C78-3648-850D-699C75683780} = {31315C89-0C78-3648-850D-699C75683780}
		{FD743AB5-016F-3553-B4E9-34ABD9C9AD94} = {FD743AB5-016F-3553-B4E9-34ABD9C9AD94}
	EndProjectSection
EndProject
Project("{8BC9CEB8-8B4A-11D0-8D11-00A0C91BC942}") = "GENERATE_next_flatbuffers", "src\bridges\bridgesdk\GENERATE_next_flatbuffers.vcxproj", "{E2114F61-C608-3040-8FDA-B7DA14783707}"
	ProjectSection(ProjectDependencies) = postProject
		{31315C89-0C78-3648-850D-699C75683780} = {31315C89-0C78-3648-850D-699C75683780}
	EndProjectSection
EndProject
Project("{8BC9CEB8-8B4A-11D0-8D11-00A0C91BC942}") = "GENERATE_next_flatbuffers_3d_view", "src\bridges\bridgesdk\GENERATE_next_flatbuffers_3d_view.vcxproj", "{E031F8F8-B6B0-3904-8DCF-73F114D46243}"
	ProjectSection(ProjectDependencies) = postProject
		{31315C89-0C78-3648-850D-699C75683780} = {31315C89-0C78-3648-850D-699C75683780}
	EndProjectSection
EndProject
Project("{8BC9CEB8-8B4A-11D0-8D11-00A0C91BC942}") = "GENERATE_next_flatbuffers_core", "src\bridges\bridgesdk\GENERATE_next_flatbuffers_core.vcxproj", "{549987EA-59B7-326E-9CBC-4298F5D7E275}"
	ProjectSection(ProjectDependencies) = postProject
		{31315C89-0C78-3648-850D-699C75683780} = {31315C89-0C78-3648-850D-699C75683780}
	EndProjectSection
EndProject
Project("{8BC9CEB8-8B4A-11D0-8D11-00A0C91BC942}") = "GENERATE_next_flatbuffers_profiler", "src\bridges\bridgesdk\GENERATE_next_flatbuffers_profiler.vcxproj", "{52D8F96F-E079-314D-8BB2-9C0C2748BB6B}"
	ProjectSection(ProjectDependencies) = postProject
		{31315C89-0C78-3648-850D-699C75683780} = {31315C89-0C78-3648-850D-699C75683780}
	EndProjectSection
EndProject
Project("{8BC9CEB8-8B4A-11D0-8D11-00A0C91BC942}") = "GENERATE_next_flatbuffers_view_update", "src\bridges\bridgesdk\GENERATE_next_flatbuffers_view_update.vcxproj", "{D43E3DEE-98AD-30A2-B955-D18704126699}"
	ProjectSection(ProjectDependencies) = postProject
		{31315C89-0C78-3648-850D-699C75683780} = {31315C89-0C78-3648-850D-699C75683780}
	EndProjectSection
EndProject
Project("{8BC9CEB8-8B4A-11D0-8D11-00A0C91BC942}") = "INSTALL", "INSTALL.vcxproj", "{6C40811F-0201-3EA8-A4DE-490697D1248C}"
	ProjectSection(ProjectDependencies) = postProject
		{2E27C9CC-EE7E-31F0-B9F4-33F41EE27BC2} = {2E27C9CC-EE7E-31F0-B9F4-33F41EE27BC2}
		{31315C89-0C78-3648-850D-699C75683780} = {31315C89-0C78-3648-850D-699C75683780}
	EndProjectSection
EndProject
Project("{8BC9CEB8-8B4A-11D0-8D11-00A0C91BC942}") = "NEXT_COMPONENT", "src\next\src\next_interface\NEXT_COMPONENT.vcxproj", "{CD099DE4-A600-3F17-8911-29E92C2DC922}"
	ProjectSection(ProjectDependencies) = postProject
		{31315C89-0C78-3648-850D-699C75683780} = {31315C89-0C78-3648-850D-699C75683780}
		{A84269C2-13E3-334E-8955-CF213C781481} = {A84269C2-13E3-334E-8955-CF213C781481}
		{06EB8D7F-747D-3D01-A121-8FF8146B72EF} = {06EB8D7F-747D-3D01-A121-8FF8146B72EF}
		{C30AD7A0-F5DA-3B84-B419-87189264CFFD} = {C30AD7A0-F5DA-3B84-B419-87189264CFFD}
		{ABAA5616-C2D9-3C8B-A39F-CA85F9CA89C5} = {ABAA5616-C2D9-3C8B-A39F-CA85F9CA89C5}
		{C555E189-CA41-3984-A758-E75C89CD8BD1} = {C555E189-CA41-3984-A758-E75C89CD8BD1}
		{E05F2E76-F50F-3044-920C-84D4623172A4} = {E05F2E76-F50F-3044-920C-84D4623172A4}
		{880D6682-4902-3559-B590-F70395EFE312} = {880D6682-4902-3559-B590-F70395EFE312}
		{0942D62F-61FB-3CA6-BA74-13B1DC221F83} = {0942D62F-61FB-3CA6-BA74-13B1DC221F83}
	EndProjectSection
EndProject
Project("{8BC9CEB8-8B4A-11D0-8D11-00A0C91BC942}") = "PACKAGE_INFO", "PACKAGE_INFO.vcxproj", "{70E7A574-C3E7-3F50-8106-0854C3C239A8}"
	ProjectSection(ProjectDependencies) = postProject
		{31315C89-0C78-3648-850D-699C75683780} = {31315C89-0C78-3648-850D-699C75683780}
	EndProjectSection
EndProject
Project("{8BC9CEB8-8B4A-11D0-8D11-00A0C91BC942}") = "PLAYER_COMPONENT", "src\player\PLAYER_COMPONENT.vcxproj", "{76A54DE4-468F-3F98-8C68-B4AF4CA8F55A}"
	ProjectSection(ProjectDependencies) = postProject
		{31315C89-0C78-3648-850D-699C75683780} = {31315C89-0C78-3648-850D-699C75683780}
		{CBF28E22-F05A-3680-AF16-C4F2A11AC564} = {CBF28E22-F05A-3680-AF16-C4F2A11AC564}
	EndProjectSection
EndProject
Project("{8BC9CEB8-8B4A-11D0-8D11-00A0C91BC942}") = "SDK_COMPONENT", "src\sdk\sdk\SDK_COMPONENT.vcxproj", "{199A656D-932B-32CB-BA1D-E829ADEB7EB2}"
	ProjectSection(ProjectDependencies) = postProject
		{31315C89-0C78-3648-850D-699C75683780} = {31315C89-0C78-3648-850D-699C75683780}
		{00A06896-70A5-3F90-8390-370DCEB6F760} = {00A06896-70A5-3F90-8390-370DCEB6F760}
		{7B139563-CAE2-3B48-9D2F-42DD61E89657} = {7B139563-CAE2-3B48-9D2F-42DD61E89657}
	EndProjectSection
EndProject
Project("{8BC9CEB8-8B4A-11D0-8D11-00A0C91BC942}") = "UDEX_COMPONENT", "src\udex\UDEX_COMPONENT.vcxproj", "{1DB807D5-80F2-3A6E-BB5F-275E128CABB5}"
	ProjectSection(ProjectDependencies) = postProject
		{31315C89-0C78-3648-850D-699C75683780} = {31315C89-0C78-3648-850D-699C75683780}
		{E476E885-7752-3556-AAD3-7BCEBA091DC2} = {E476E885-7752-3556-AAD3-7BCEBA091DC2}
	EndProjectSection
EndProject
Project("{8BC9CEB8-8B4A-11D0-8D11-00A0C91BC942}") = "ZERO_CHECK", "ZERO_CHECK.vcxproj", "{31315C89-0C78-3648-850D-699C75683780}"
	ProjectSection(ProjectDependencies) = postProject
	EndProjectSection
EndProject
Project("{8BC9CEB8-8B4A-11D0-8D11-00A0C91BC942}") = "base64", "src\bridges\bridgesdk\thirdparty\base64\base64.vcxproj", "{750DF470-FF3B-3317-B621-C797231D92FA}"
	ProjectSection(ProjectDependencies) = postProject
		{31315C89-0C78-3648-850D-699C75683780} = {31315C89-0C78-3648-850D-699C75683780}
	EndProjectSection
EndProject
Project("{8BC9CEB8-8B4A-11D0-8D11-00A0C91BC942}") = "controlbridge_lib", "src\bridges\controlbridge\controlbridge_lib.vcxproj", "{74AF5968-52AA-37D0-80EB-00DCC8478D9D}"
	ProjectSection(ProjectDependencies) = postProject
		{31315C89-0C78-3648-850D-699C75683780} = {31315C89-0C78-3648-850D-699C75683780}
		{00A06896-70A5-3F90-8390-370DCEB6F760} = {00A06896-70A5-3F90-8390-370DCEB6F760}
		{FD743AB5-016F-3553-B4E9-34ABD9C9AD94} = {FD743AB5-016F-3553-B4E9-34ABD9C9AD94}
		{7B139563-CAE2-3B48-9D2F-42DD61E89657} = {7B139563-CAE2-3B48-9D2F-42DD61E89657}
		{CE571340-AF6D-3CCA-9068-D69D20948F42} = {CE571340-AF6D-3CCA-9068-D69D20948F42}
	EndProjectSection
EndProject
Project("{8BC9CEB8-8B4A-11D0-8D11-00A0C91BC942}") = "create_bfbs_header", "src\bridges\bridgesdk\create_bfbs_header.vcxproj", "{04400D6C-8C44-3B4D-AFB4-B7CCD27A7E56}"
	ProjectSection(ProjectDependencies) = postProject
		{31315C89-0C78-3648-850D-699C75683780} = {31315C89-0C78-3648-850D-699C75683780}
	EndProjectSection
EndProject
Project("{8BC9CEB8-8B4A-11D0-8D11-00A0C91BC942}") = "databridge_lib", "src\bridges\databridge\databridge_lib.vcxproj", "{11C045C7-2DB3-3781-92D3-F2EF4E632A89}"
	ProjectSection(ProjectDependencies) = postProject
		{E031F8F8-B6B0-3904-8DCF-73F114D46243} = {E031F8F8-B6B0-3904-8DCF-73F114D46243}
		{549987EA-59B7-326E-9CBC-4298F5D7E275} = {549987EA-59B7-326E-9CBC-4298F5D7E275}
		{31315C89-0C78-3648-850D-699C75683780} = {31315C89-0C78-3648-850D-699C75683780}
		{00A06896-70A5-3F90-8390-370DCEB6F760} = {00A06896-70A5-3F90-8390-370DCEB6F760}
		{FD743AB5-016F-3553-B4E9-34ABD9C9AD94} = {FD743AB5-016F-3553-B4E9-34ABD9C9AD94}
		{AAF001A8-6E5B-3D48-8085-B56835DE5FE1} = {AAF001A8-6E5B-3D48-8085-B56835DE5FE1}
		{7B139563-CAE2-3B48-9D2F-42DD61E89657} = {7B139563-CAE2-3B48-9D2F-42DD61E89657}
		{E476E885-7752-3556-AAD3-7BCEBA091DC2} = {E476E885-7752-3556-AAD3-7BCEBA091DC2}
		{CE571340-AF6D-3CCA-9068-D69D20948F42} = {CE571340-AF6D-3CCA-9068-D69D20948F42}
	EndProjectSection
EndProject
Project("{8BC9CEB8-8B4A-11D0-8D11-00A0C91BC942}") = "dummy_processor", "examples\package_processor\dummy_processor.vcxproj", "{E2AA4A9E-50D8-3EB0-BF82-94B7D5E97091}"
	ProjectSection(ProjectDependencies) = postProject
		{31315C89-0C78-3648-850D-699C75683780} = {31315C89-0C78-3648-850D-699C75683780}
		{7B139563-CAE2-3B48-9D2F-42DD61E89657} = {7B139563-CAE2-3B48-9D2F-42DD61E89657}
	EndProjectSection
EndProject
Project("{8BC9CEB8-8B4A-11D0-8D11-00A0C91BC942}") = "lib_test_component_node", "examples\test_component\lib_test_component_node.vcxproj", "{A84269C2-13E3-334E-8955-CF213C781481}"
	ProjectSection(ProjectDependencies) = postProject
		{31315C89-0C78-3648-850D-699C75683780} = {31315C89-0C78-3648-850D-699C75683780}
		{C30AD7A0-F5DA-3B84-B419-87189264CFFD} = {C30AD7A0-F5DA-3B84-B419-87189264CFFD}
		{00A06896-70A5-3F90-8390-370DCEB6F760} = {00A06896-70A5-3F90-8390-370DCEB6F760}
		{FD743AB5-016F-3553-B4E9-34ABD9C9AD94} = {FD743AB5-016F-3553-B4E9-34ABD9C9AD94}
		{7B139563-CAE2-3B48-9D2F-42DD61E89657} = {7B139563-CAE2-3B48-9D2F-42DD61E89657}
		{E476E885-7752-3556-AAD3-7BCEBA091DC2} = {E476E885-7752-3556-AAD3-7BCEBA091DC2}
	EndProjectSection
EndProject
Project("{8BC9CEB8-8B4A-11D0-8D11-00A0C91BC942}") = "matchbox_example_app", "examples\matchbox_interfaces_app\matchbox_example_app.vcxproj", "{06EB8D7F-747D-3D01-A121-8FF8146B72EF}"
	ProjectSection(ProjectDependencies) = postProject
		{31315C89-0C78-3648-850D-699C75683780} = {31315C89-0C78-3648-850D-699C75683780}
		{C30AD7A0-F5DA-3B84-B419-87189264CFFD} = {C30AD7A0-F5DA-3B84-B419-87189264CFFD}
		{00A06896-70A5-3F90-8390-370DCEB6F760} = {00A06896-70A5-3F90-8390-370DCEB6F760}
		{FD743AB5-016F-3553-B4E9-34ABD9C9AD94} = {FD743AB5-016F-3553-B4E9-34ABD9C9AD94}
		{7B139563-CAE2-3B48-9D2F-42DD61E89657} = {7B139563-CAE2-3B48-9D2F-42DD61E89657}
		{E476E885-7752-3556-AAD3-7BCEBA091DC2} = {E476E885-7752-3556-AAD3-7BCEBA091DC2}
	EndProjectSection
EndProject
Project("{8BC9CEB8-8B4A-11D0-8D11-00A0C91BC942}") = "next", "src\next\src\next_interface\next.vcxproj", "{C30AD7A0-F5DA-3B84-B419-87189264CFFD}"
	ProjectSection(ProjectDependencies) = postProject
		{31315C89-0C78-3648-850D-699C75683780} = {31315C89-0C78-3648-850D-699C75683780}
		{00A06896-70A5-3F90-8390-370DCEB6F760} = {00A06896-70A5-3F90-8390-370DCEB6F760}
		{FD743AB5-016F-3553-B4E9-34ABD9C9AD94} = {FD743AB5-016F-3553-B4E9-34ABD9C9AD94}
		{7B139563-CAE2-3B48-9D2F-42DD61E89657} = {7B139563-CAE2-3B48-9D2F-42DD61E89657}
		{E476E885-7752-3556-AAD3-7BCEBA091DC2} = {E476E885-7752-3556-AAD3-7BCEBA091DC2}
	EndProjectSection
EndProject
Project("{8BC9CEB8-8B4A-11D0-8D11-00A0C91BC942}") = "next_appsupport", "src\sdk\appsupport\next_appsupport.vcxproj", "{00A06896-70A5-3F90-8390-370DCEB6F760}"
	ProjectSection(ProjectDependencies) = postProject
		{31315C89-0C78-3648-850D-699C75683780} = {31315C89-0C78-3648-850D-699C75683780}
		{7B139563-CAE2-3B48-9D2F-42DD61E89657} = {7B139563-CAE2-3B48-9D2F-42DD61E89657}
	EndProjectSection
EndProject
Project("{8BC9CEB8-8B4A-11D0-8D11-00A0C91BC942}") = "next_container", "src\next\src\container\next_container.vcxproj", "{ABAA5616-C2D9-3C8B-A39F-CA85F9CA89C5}"
	ProjectSection(ProjectDependencies) = postProject
		{31315C89-0C78-3648-850D-699C75683780} = {31315C89-0C78-3648-850D-699C75683780}
		{00A06896-70A5-3F90-8390-370DCEB6F760} = {00A06896-70A5-3F90-8390-370DCEB6F760}
		{7B139563-CAE2-3B48-9D2F-42DD61E89657} = {7B139563-CAE2-3B48-9D2F-42DD61E89657}
	EndProjectSection
EndProject
Project("{8BC9CEB8-8B4A-11D0-8D11-00A0C91BC942}") = "next_control", "src\control\next_control.vcxproj", "{FD743AB5-016F-3553-B4E9-34ABD9C9AD94}"
	ProjectSection(ProjectDependencies) = postProject
		{31315C89-0C78-3648-850D-699C75683780} = {31315C89-0C78-3648-850D-699C75683780}
		{00A06896-70A5-3F90-8390-370DCEB6F760} = {00A06896-70A5-3F90-8390-370DCEB6F760}
		{7B139563-CAE2-3B48-9D2F-42DD61E89657} = {7B139563-CAE2-3B48-9D2F-42DD61E89657}
		{E476E885-7752-3556-AAD3-7BCEBA091DC2} = {E476E885-7752-3556-AAD3-7BCEBA091DC2}
	EndProjectSection
EndProject
Project("{8BC9CEB8-8B4A-11D0-8D11-00A0C91BC942}") = "next_controlbridge", "src\bridges\controlbridge\next_controlbridge.vcxproj", "{F083090B-206B-3B77-B975-0FC8E2ACCA2E}"
	ProjectSection(ProjectDependencies) = postProject
		{31315C89-0C78-3648-850D-699C75683780} = {31315C89-0C78-3648-850D-699C75683780}
		{74AF5968-52AA-37D0-80EB-00DCC8478D9D} = {74AF5968-52AA-37D0-80EB-00DCC8478D9D}
		{00A06896-70A5-3F90-8390-370DCEB6F760} = {00A06896-70A5-3F90-8390-370DCEB6F760}
		{FD743AB5-016F-3553-B4E9-34ABD9C9AD94} = {FD743AB5-016F-3553-B4E9-34ABD9C9AD94}
		{7B139563-CAE2-3B48-9D2F-42DD61E89657} = {7B139563-CAE2-3B48-9D2F-42DD61E89657}
		{CE571340-AF6D-3CCA-9068-D69D20948F42} = {CE571340-AF6D-3CCA-9068-D69D20948F42}
	EndProjectSection
EndProject
Project("{8BC9CEB8-8B4A-11D0-8D11-00A0C91BC942}") = "next_databridge", "src\bridges\databridge\next_databridge.vcxproj", "{954862A8-B94C-36B1-8CDC-EC06CCA0DF99}"
	ProjectSection(ProjectDependencies) = postProject
		{31315C89-0C78-3648-850D-699C75683780} = {31315C89-0C78-3648-850D-699C75683780}
		{11C045C7-2DB3-3781-92D3-F2EF4E632A89} = {11C045C7-2DB3-3781-92D3-F2EF4E632A89}
		{00A06896-70A5-3F90-8390-370DCEB6F760} = {00A06896-70A5-3F90-8390-370DCEB6F760}
		{FD743AB5-016F-3553-B4E9-34ABD9C9AD94} = {FD743AB5-016F-3553-B4E9-34ABD9C9AD94}
		{AAF001A8-6E5B-3D48-8085-B56835DE5FE1} = {AAF001A8-6E5B-3D48-8085-B56835DE5FE1}
		{7B139563-CAE2-3B48-9D2F-42DD61E89657} = {7B139563-CAE2-3B48-9D2F-42DD61E89657}
		{E476E885-7752-3556-AAD3-7BCEBA091DC2} = {E476E885-7752-3556-AAD3-7BCEBA091DC2}
		{CE571340-AF6D-3CCA-9068-D69D20948F42} = {CE571340-AF6D-3CCA-9068-D69D20948F42}
	EndProjectSection
EndProject
Project("{8BC9CEB8-8B4A-11D0-8D11-00A0C91BC942}") = "next_example_node", "examples\simulation_node_example\next_example_node.vcxproj", "{C555E189-CA41-3984-A758-E75C89CD8BD1}"
	ProjectSection(ProjectDependencies) = postProject
		{31315C89-0C78-3648-850D-699C75683780} = {31315C89-0C78-3648-850D-699C75683780}
		{C30AD7A0-F5DA-3B84-B419-87189264CFFD} = {C30AD7A0-F5DA-3B84-B419-87189264CFFD}
		{00A06896-70A5-3F90-8390-370DCEB6F760} = {00A06896-70A5-3F90-8390-370DCEB6F760}
		{FD743AB5-016F-3553-B4E9-34ABD9C9AD94} = {FD743AB5-016F-3553-B4E9-34ABD9C9AD94}
		{7B139563-CAE2-3B48-9D2F-42DD61E89657} = {7B139563-CAE2-3B48-9D2F-42DD61E89657}
		{E476E885-7752-3556-AAD3-7BCEBA091DC2} = {E476E885-7752-3556-AAD3-7BCEBA091DC2}
	EndProjectSection
EndProject
Project("{8BC9CEB8-8B4A-11D0-8D11-00A0C91BC942}") = "next_player", "src\player\next_player.vcxproj", "{CBF28E22-F05A-3680-AF16-C4F2A11AC564}"
	ProjectSection(ProjectDependencies) = postProject
		{31315C89-0C78-3648-850D-699C75683780} = {31315C89-0C78-3648-850D-699C75683780}
		{00A06896-70A5-3F90-8390-370DCEB6F760} = {00A06896-70A5-3F90-8390-370DCEB6F760}
		{FD743AB5-016F-3553-B4E9-34ABD9C9AD94} = {FD743AB5-016F-3553-B4E9-34ABD9C9AD94}
		{7B139563-CAE2-3B48-9D2F-42DD61E89657} = {7B139563-CAE2-3B48-9D2F-42DD61E89657}
		{E476E885-7752-3556-AAD3-7BCEBA091DC2} = {E476E885-7752-3556-AAD3-7BCEBA091DC2}
	EndProjectSection
EndProject
Project("{8BC9CEB8-8B4A-11D0-8D11-00A0C91BC942}") = "next_plugin", "src\bridges\bridgesdk\next_plugin.vcxproj", "{AAF001A8-6E5B-3D48-8085-B56835DE5FE1}"
	ProjectSection(ProjectDependencies) = postProject
		{31315C89-0C78-3648-850D-699C75683780} = {31315C89-0C78-3648-850D-699C75683780}
		{750DF470-FF3B-3317-B621-C797231D92FA} = {750DF470-FF3B-3317-B621-C797231D92FA}
		{04400D6C-8C44-3B4D-AFB4-B7CCD27A7E56} = {04400D6C-8C44-3B4D-AFB4-B7CCD27A7E56}
		{7B139563-CAE2-3B48-9D2F-42DD61E89657} = {7B139563-CAE2-3B48-9D2F-42DD61E89657}
		{E476E885-7752-3556-AAD3-7BCEBA091DC2} = {E476E885-7752-3556-AAD3-7BCEBA091DC2}
	EndProjectSection
EndProject
Project("{8BC9CEB8-8B4A-11D0-8D11-00A0C91BC942}") = "next_sdk", "src\sdk\sdk\next_sdk.vcxproj", "{7B139563-CAE2-3B48-9D2F-42DD61E89657}"
	ProjectSection(ProjectDependencies) = postProject
		{31315C89-0C78-3648-850D-699C75683780} = {31315C89-0C78-3648-850D-699C75683780}
	EndProjectSection
EndProject
Project("{8BC9CEB8-8B4A-11D0-8D11-00A0C91BC942}") = "next_subscriber_app", "examples\subscriber_app\next_subscriber_app.vcxproj", "{E05F2E76-F50F-3044-920C-84D4623172A4}"
	ProjectSection(ProjectDependencies) = postProject
		{31315C89-0C78-3648-850D-699C75683780} = {31315C89-0C78-3648-850D-699C75683780}
		{C30AD7A0-F5DA-3B84-B419-87189264CFFD} = {C30AD7A0-F5DA-3B84-B419-87189264CFFD}
		{00A06896-70A5-3F90-8390-370DCEB6F760} = {00A06896-70A5-3F90-8390-370DCEB6F760}
		{FD743AB5-016F-3553-B4E9-34ABD9C9AD94} = {FD743AB5-016F-3553-B4E9-34ABD9C9AD94}
		{7B139563-CAE2-3B48-9D2F-42DD61E89657} = {7B139563-CAE2-3B48-9D2F-42DD61E89657}
		{E476E885-7752-3556-AAD3-7BCEBA091DC2} = {E476E885-7752-3556-AAD3-7BCEBA091DC2}
	EndProjectSection
EndProject
Project("{8BC9CEB8-8B4A-11D0-8D11-00A0C91BC942}") = "next_udex", "src\udex\next_udex.vcxproj", "{E476E885-7752-3556-AAD3-7BCEBA091DC2}"
	ProjectSection(ProjectDependencies) = postProject
		{31315C89-0C78-3648-850D-699C75683780} = {31315C89-0C78-3648-850D-699C75683780}
		{00A06896-70A5-3F90-8390-370DCEB6F760} = {00A06896-70A5-3F90-8390-370DCEB6F760}
		{7B139563-CAE2-3B48-9D2F-42DD61E89657} = {7B139563-CAE2-3B48-9D2F-42DD61E89657}
	EndProjectSection
EndProject
Project("{8BC9CEB8-8B4A-11D0-8D11-00A0C91BC942}") = "rec_generator", "examples\rec_generator\rec_generator.vcxproj", "{880D6682-4902-3559-B590-F70395EFE312}"
	ProjectSection(ProjectDependencies) = postProject
		{31315C89-0C78-3648-850D-699C75683780} = {31315C89-0C78-3648-850D-699C75683780}
		{11C045C7-2DB3-3781-92D3-F2EF4E632A89} = {11C045C7-2DB3-3781-92D3-F2EF4E632A89}
		{00A06896-70A5-3F90-8390-370DCEB6F760} = {00A06896-70A5-3F90-8390-370DCEB6F760}
		{FD743AB5-016F-3553-B4E9-34ABD9C9AD94} = {FD743AB5-016F-3553-B4E9-34ABD9C9AD94}
		{AAF001A8-6E5B-3D48-8085-B56835DE5FE1} = {AAF001A8-6E5B-3D48-8085-B56835DE5FE1}
		{7B139563-CAE2-3B48-9D2F-42DD61E89657} = {7B139563-CAE2-3B48-9D2F-42DD61E89657}
		{E476E885-7752-3556-AAD3-7BCEBA091DC2} = {E476E885-7752-3556-AAD3-7BCEBA091DC2}
		{CE571340-AF6D-3CCA-9068-D69D20948F42} = {CE571340-AF6D-3CCA-9068-D69D20948F42}
	EndProjectSection
EndProject
Project("{8BC9CEB8-8B4A-11D0-8D11-00A0C91BC942}") = "system_ECalMonitor", "src\bridges\plugins\core\system_EcalMonitor\system_ECalMonitor.vcxproj", "{D5A5A221-D3A4-3144-90FB-0B743CCBEE3D}"
	ProjectSection(ProjectDependencies) = postProject
		{52D8F96F-E079-314D-8BB2-9C0C2748BB6B} = {52D8F96F-E079-314D-8BB2-9C0C2748BB6B}
		{31315C89-0C78-3648-850D-699C75683780} = {31315C89-0C78-3648-850D-699C75683780}
		{AAF001A8-6E5B-3D48-8085-B56835DE5FE1} = {AAF001A8-6E5B-3D48-8085-B56835DE5FE1}
		{7B139563-CAE2-3B48-9D2F-42DD61E89657} = {7B139563-CAE2-3B48-9D2F-42DD61E89657}
		{E476E885-7752-3556-AAD3-7BCEBA091DC2} = {E476E885-7752-3556-AAD3-7BCEBA091DC2}
	EndProjectSection
EndProject
Project("{8BC9CEB8-8B4A-11D0-8D11-00A0C91BC942}") = "system_RecExporter", "src\bridges\plugins\core\system_RecExporter\system_RecExporter.vcxproj", "{300903D3-B126-3F5C-A0B6-59503B71CFA1}"
	ProjectSection(ProjectDependencies) = postProject
		{31315C89-0C78-3648-850D-699C75683780} = {31315C89-0C78-3648-850D-699C75683780}
		{00A06896-70A5-3F90-8390-370DCEB6F760} = {00A06896-70A5-3F90-8390-370DCEB6F760}
		{AAF001A8-6E5B-3D48-8085-B56835DE5FE1} = {AAF001A8-6E5B-3D48-8085-B56835DE5FE1}
		{7B139563-CAE2-3B48-9D2F-42DD61E89657} = {7B139563-CAE2-3B48-9D2F-42DD61E89657}
		{E476E885-7752-3556-AAD3-7BCEBA091DC2} = {E476E885-7752-3556-AAD3-7BCEBA091DC2}
	EndProjectSection
EndProject
Project("{8BC9CEB8-8B4A-11D0-8D11-00A0C91BC942}") = "system_ReferenceCamera", "src\bridges\plugins\core\system_ReferenceCamera\system_ReferenceCamera.vcxproj", "{0835126F-F633-3B90-A246-64EB054B5DD7}"
	ProjectSection(ProjectDependencies) = postProject
		{31315C89-0C78-3648-850D-699C75683780} = {31315C89-0C78-3648-850D-699C75683780}
		{750DF470-FF3B-3317-B621-C797231D92FA} = {750DF470-FF3B-3317-B621-C797231D92FA}
		{AAF001A8-6E5B-3D48-8085-B56835DE5FE1} = {AAF001A8-6E5B-3D48-8085-B56835DE5FE1}
		{7B139563-CAE2-3B48-9D2F-42DD61E89657} = {7B139563-CAE2-3B48-9D2F-42DD61E89657}
		{E476E885-7752-3556-AAD3-7BCEBA091DC2} = {E476E885-7752-3556-AAD3-7BCEBA091DC2}
	EndProjectSection
EndProject
Project("{8BC9CEB8-8B4A-11D0-8D11-00A0C91BC942}") = "system_SignalExporter", "src\bridges\plugins\core\system_SignalExporter\system_SignalExporter.vcxproj", "{875A8E8F-1B44-36CC-82C2-8F5DC0E8BD9D}"
	ProjectSection(ProjectDependencies) = postProject
		{31315C89-0C78-3648-850D-699C75683780} = {31315C89-0C78-3648-850D-699C75683780}
		{00A06896-70A5-3F90-8390-370DCEB6F760} = {00A06896-70A5-3F90-8390-370DCEB6F760}
		{AAF001A8-6E5B-3D48-8085-B56835DE5FE1} = {AAF001A8-6E5B-3D48-8085-B56835DE5FE1}
		{7B139563-CAE2-3B48-9D2F-42DD61E89657} = {7B139563-CAE2-3B48-9D2F-42DD61E89657}
		{E476E885-7752-3556-AAD3-7BCEBA091DC2} = {E476E885-7752-3556-AAD3-7BCEBA091DC2}
	EndProjectSection
EndProject
Project("{8BC9CEB8-8B4A-11D0-8D11-00A0C91BC942}") = "system_SignalList", "src\bridges\plugins\core\system_SignalList\system_SignalList.vcxproj", "{D9E777C5-CDB6-3BE9-AE2E-1CD7C57486D3}"
	ProjectSection(ProjectDependencies) = postProject
		{31315C89-0C78-3648-850D-699C75683780} = {31315C89-0C78-3648-850D-699C75683780}
		{AAF001A8-6E5B-3D48-8085-B56835DE5FE1} = {AAF001A8-6E5B-3D48-8085-B56835DE5FE1}
		{7B139563-CAE2-3B48-9D2F-42DD61E89657} = {7B139563-CAE2-3B48-9D2F-42DD61E89657}
		{E476E885-7752-3556-AAD3-7BCEBA091DC2} = {E476E885-7752-3556-AAD3-7BCEBA091DC2}
	EndProjectSection
EndProject
Project("{8BC9CEB8-8B4A-11D0-8D11-00A0C91BC942}") = "system_SignalProvider", "src\bridges\plugins\core\system_SignalProvider\system_SignalProvider.vcxproj", "{027F7A9C-B2DA-3FDE-A0F8-3AE8D8B78021}"
	ProjectSection(ProjectDependencies) = postProject
		{31315C89-0C78-3648-850D-699C75683780} = {31315C89-0C78-3648-850D-699C75683780}
		{AAF001A8-6E5B-3D48-8085-B56835DE5FE1} = {AAF001A8-6E5B-3D48-8085-B56835DE5FE1}
		{7B139563-CAE2-3B48-9D2F-42DD61E89657} = {7B139563-CAE2-3B48-9D2F-42DD61E89657}
		{E476E885-7752-3556-AAD3-7BCEBA091DC2} = {E476E885-7752-3556-AAD3-7BCEBA091DC2}
	EndProjectSection
EndProject
Project("{8BC9CEB8-8B4A-11D0-8D11-00A0C91BC942}") = "system_SignalRawData", "src\bridges\plugins\core\system_SignalRawData\system_SignalRawData.vcxproj", "{D3B22409-E842-39A6-AEA1-1BC3B1278117}"
	ProjectSection(ProjectDependencies) = postProject
		{31315C89-0C78-3648-850D-699C75683780} = {31315C89-0C78-3648-850D-699C75683780}
		{AAF001A8-6E5B-3D48-8085-B56835DE5FE1} = {AAF001A8-6E5B-3D48-8085-B56835DE5FE1}
		{7B139563-CAE2-3B48-9D2F-42DD61E89657} = {7B139563-CAE2-3B48-9D2F-42DD61E89657}
		{E476E885-7752-3556-AAD3-7BCEBA091DC2} = {E476E885-7752-3556-AAD3-7BCEBA091DC2}
	EndProjectSection
EndProject
Project("{8BC9CEB8-8B4A-11D0-8D11-00A0C91BC942}") = "test_component_node", "examples\test_component\test_component_node.vcxproj", "{0942D62F-61FB-3CA6-BA74-13B1DC221F83}"
	ProjectSection(ProjectDependencies) = postProject
		{31315C89-0C78-3648-850D-699C75683780} = {31315C89-0C78-3648-850D-699C75683780}
		{C30AD7A0-F5DA-3B84-B419-87189264CFFD} = {C30AD7A0-F5DA-3B84-B419-87189264CFFD}
		{00A06896-70A5-3F90-8390-370DCEB6F760} = {00A06896-70A5-3F90-8390-370DCEB6F760}
		{FD743AB5-016F-3553-B4E9-34ABD9C9AD94} = {FD743AB5-016F-3553-B4E9-34ABD9C9AD94}
		{7B139563-CAE2-3B48-9D2F-42DD61E89657} = {7B139563-CAE2-3B48-9D2F-42DD61E89657}
		{E476E885-7752-3556-AAD3-7BCEBA091DC2} = {E476E885-7752-3556-AAD3-7BCEBA091DC2}
	EndProjectSection
EndProject
Project("{8BC9CEB8-8B4A-11D0-8D11-00A0C91BC942}") = "view3D_ArrayTpObjects", "src\bridges\plugins\core\view3D_ArrayTpObjects\view3D_ArrayTpObjects.vcxproj", "{BDDA0D1C-E976-358C-B8CB-4629B617B986}"
	ProjectSection(ProjectDependencies) = postProject
		{E031F8F8-B6B0-3904-8DCF-73F114D46243} = {E031F8F8-B6B0-3904-8DCF-73F114D46243}
		{31315C89-0C78-3648-850D-699C75683780} = {31315C89-0C78-3648-850D-699C75683780}
		{AAF001A8-6E5B-3D48-8085-B56835DE5FE1} = {AAF001A8-6E5B-3D48-8085-B56835DE5FE1}
		{7B139563-CAE2-3B48-9D2F-42DD61E89657} = {7B139563-CAE2-3B48-9D2F-42DD61E89657}
		{E476E885-7752-3556-AAD3-7BCEBA091DC2} = {E476E885-7752-3556-AAD3-7BCEBA091DC2}
	EndProjectSection
EndProject
Project("{8BC9CEB8-8B4A-11D0-8D11-00A0C91BC942}") = "view3D_CanTpObjects", "src\bridges\plugins\core\view3D_CanTpObjects\view3D_CanTpObjects.vcxproj", "{FB4E7CE9-E0FD-3A9D-90A8-740ACA0A2A62}"
	ProjectSection(ProjectDependencies) = postProject
		{E031F8F8-B6B0-3904-8DCF-73F114D46243} = {E031F8F8-B6B0-3904-8DCF-73F114D46243}
		{31315C89-0C78-3648-850D-699C75683780} = {31315C89-0C78-3648-850D-699C75683780}
		{00A06896-70A5-3F90-8390-370DCEB6F760} = {00A06896-70A5-3F90-8390-370DCEB6F760}
		{AAF001A8-6E5B-3D48-8085-B56835DE5FE1} = {AAF001A8-6E5B-3D48-8085-B56835DE5FE1}
		{7B139563-CAE2-3B48-9D2F-42DD61E89657} = {7B139563-CAE2-3B48-9D2F-42DD61E89657}
		{E476E885-7752-3556-AAD3-7BCEBA091DC2} = {E476E885-7752-3556-AAD3-7BCEBA091DC2}
	EndProjectSection
EndProject
Project("{8BC9CEB8-8B4A-11D0-8D11-00A0C91BC942}") = "view3D_EgoVehicle", "src\bridges\plugins\core\view3D_EgoVehicle\view3D_EgoVehicle.vcxproj", "{477C43F8-656D-3EBF-8DA4-290B71437054}"
	ProjectSection(ProjectDependencies) = postProject
		{E031F8F8-B6B0-3904-8DCF-73F114D46243} = {E031F8F8-B6B0-3904-8DCF-73F114D46243}
		{31315C89-0C78-3648-850D-699C75683780} = {31315C89-0C78-3648-850D-699C75683780}
		{00A06896-70A5-3F90-8390-370DCEB6F760} = {00A06896-70A5-3F90-8390-370DCEB6F760}
		{AAF001A8-6E5B-3D48-8085-B56835DE5FE1} = {AAF001A8-6E5B-3D48-8085-B56835DE5FE1}
		{7B139563-CAE2-3B48-9D2F-42DD61E89657} = {7B139563-CAE2-3B48-9D2F-42DD61E89657}
		{E476E885-7752-3556-AAD3-7BCEBA091DC2} = {E476E885-7752-3556-AAD3-7BCEBA091DC2}
	EndProjectSection
EndProject
Project("{8BC9CEB8-8B4A-11D0-8D11-00A0C91BC942}") = "view3D_PointCloud", "src\bridges\plugins\core\view3D_PointCloud\view3D_PointCloud.vcxproj", "{76DE4758-383E-3ABC-BA59-6DE8F6072AA2}"
	ProjectSection(ProjectDependencies) = postProject
		{E031F8F8-B6B0-3904-8DCF-73F114D46243} = {E031F8F8-B6B0-3904-8DCF-73F114D46243}
		{31315C89-0C78-3648-850D-699C75683780} = {31315C89-0C78-3648-850D-699C75683780}
		{00A06896-70A5-3F90-8390-370DCEB6F760} = {00A06896-70A5-3F90-8390-370DCEB6F760}
		{AAF001A8-6E5B-3D48-8085-B56835DE5FE1} = {AAF001A8-6E5B-3D48-8085-B56835DE5FE1}
		{7B139563-CAE2-3B48-9D2F-42DD61E89657} = {7B139563-CAE2-3B48-9D2F-42DD61E89657}
		{E476E885-7752-3556-AAD3-7BCEBA091DC2} = {E476E885-7752-3556-AAD3-7BCEBA091DC2}
	EndProjectSection
EndProject
Project("{8BC9CEB8-8B4A-11D0-8D11-00A0C91BC942}") = "view3D_Road", "src\bridges\plugins\core\view3D_Road\view3D_Road.vcxproj", "{B353FA67-11B5-3177-86F1-279C8257F541}"
	ProjectSection(ProjectDependencies) = postProject
		{E031F8F8-B6B0-3904-8DCF-73F114D46243} = {E031F8F8-B6B0-3904-8DCF-73F114D46243}
		{31315C89-0C78-3648-850D-699C75683780} = {31315C89-0C78-3648-850D-699C75683780}
		{00A06896-70A5-3F90-8390-370DCEB6F760} = {00A06896-70A5-3F90-8390-370DCEB6F760}
		{AAF001A8-6E5B-3D48-8085-B56835DE5FE1} = {AAF001A8-6E5B-3D48-8085-B56835DE5FE1}
		{7B139563-CAE2-3B48-9D2F-42DD61E89657} = {7B139563-CAE2-3B48-9D2F-42DD61E89657}
		{E476E885-7752-3556-AAD3-7BCEBA091DC2} = {E476E885-7752-3556-AAD3-7BCEBA091DC2}
	EndProjectSection
EndProject
Project("{8BC9CEB8-8B4A-11D0-8D11-00A0C91BC942}") = "view3D_StructTpObjects", "src\bridges\plugins\core\view3D_StructTpObjects\view3D_StructTpObjects.vcxproj", "{A20A90F7-8D61-35A9-9A4C-C1F7C18569AB}"
	ProjectSection(ProjectDependencies) = postProject
		{E031F8F8-B6B0-3904-8DCF-73F114D46243} = {E031F8F8-B6B0-3904-8DCF-73F114D46243}
		{31315C89-0C78-3648-850D-699C75683780} = {31315C89-0C78-3648-850D-699C75683780}
		{00A06896-70A5-3F90-8390-370DCEB6F760} = {00A06896-70A5-3F90-8390-370DCEB6F760}
		{AAF001A8-6E5B-3D48-8085-B56835DE5FE1} = {AAF001A8-6E5B-3D48-8085-B56835DE5FE1}
		{7B139563-CAE2-3B48-9D2F-42DD61E89657} = {7B139563-CAE2-3B48-9D2F-42DD61E89657}
		{E476E885-7752-3556-AAD3-7BCEBA091DC2} = {E476E885-7752-3556-AAD3-7BCEBA091DC2}
	EndProjectSection
EndProject
Project("{8BC9CEB8-8B4A-11D0-8D11-00A0C91BC942}") = "web_server", "src\bridges\bridgesdk\web_server.vcxproj", "{CE571340-AF6D-3CCA-9068-D69D20948F42}"
	ProjectSection(ProjectDependencies) = postProject
		{31315C89-0C78-3648-850D-699C75683780} = {31315C89-0C78-3648-850D-699C75683780}
		{7B139563-CAE2-3B48-9D2F-42DD61E89657} = {7B139563-CAE2-3B48-9D2F-42DD61E89657}
	EndProjectSection
EndProject
Global
	GlobalSection(SolutionConfigurationPlatforms) = preSolution
		Release|x64 = Release|x64
	EndGlobalSection
	GlobalSection(ProjectConfigurationPlatforms) = postSolution
		{2E27C9CC-EE7E-31F0-B9F4-33F41EE27BC2}.Release|x64.ActiveCfg = Release|x64
		{2E27C9CC-EE7E-31F0-B9F4-33F41EE27BC2}.Release|x64.Build.0 = Release|x64
		{246496CB-F5FE-330C-A01C-E49E8B94BFD4}.Release|x64.ActiveCfg = Release|x64
		{A98ED40F-A194-33D0-88F8-151B42C919BF}.Release|x64.ActiveCfg = Release|x64
		{E2114F61-C608-3040-8FDA-B7DA14783707}.Release|x64.ActiveCfg = Release|x64
		{E2114F61-C608-3040-8FDA-B7DA14783707}.Release|x64.Build.0 = Release|x64
		{E031F8F8-B6B0-3904-8DCF-73F114D46243}.Release|x64.ActiveCfg = Release|x64
		{E031F8F8-B6B0-3904-8DCF-73F114D46243}.Release|x64.Build.0 = Release|x64
		{549987EA-59B7-326E-9CBC-4298F5D7E275}.Release|x64.ActiveCfg = Release|x64
		{549987EA-59B7-326E-9CBC-4298F5D7E275}.Release|x64.Build.0 = Release|x64
		{52D8F96F-E079-314D-8BB2-9C0C2748BB6B}.Release|x64.ActiveCfg = Release|x64
		{52D8F96F-E079-314D-8BB2-9C0C2748BB6B}.Release|x64.Build.0 = Release|x64
		{D43E3DEE-98AD-30A2-B955-D18704126699}.Release|x64.ActiveCfg = Release|x64
		{D43E3DEE-98AD-30A2-B955-D18704126699}.Release|x64.Build.0 = Release|x64
		{6C40811F-0201-3EA8-A4DE-490697D1248C}.Release|x64.ActiveCfg = Release|x64
		{CD099DE4-A600-3F17-8911-29E92C2DC922}.Release|x64.ActiveCfg = Release|x64
		{70E7A574-C3E7-3F50-8106-0854C3C239A8}.Release|x64.ActiveCfg = Release|x64
		{76A54DE4-468F-3F98-8C68-B4AF4CA8F55A}.Release|x64.ActiveCfg = Release|x64
		{199A656D-932B-32CB-BA1D-E829ADEB7EB2}.Release|x64.ActiveCfg = Release|x64
		{1DB807D5-80F2-3A6E-BB5F-275E128CABB5}.Release|x64.ActiveCfg = Release|x64
		{31315C89-0C78-3648-850D-699C75683780}.Release|x64.ActiveCfg = Release|x64
		{31315C89-0C78-3648-850D-699C75683780}.Release|x64.Build.0 = Release|x64
		{750DF470-FF3B-3317-B621-C797231D92FA}.Release|x64.ActiveCfg = Release|x64
		{750DF470-FF3B-3317-B621-C797231D92FA}.Release|x64.Build.0 = Release|x64
		{74AF5968-52AA-37D0-80EB-00DCC8478D9D}.Release|x64.ActiveCfg = Release|x64
		{74AF5968-52AA-37D0-80EB-00DCC8478D9D}.Release|x64.Build.0 = Release|x64
		{04400D6C-8C44-3B4D-AFB4-B7CCD27A7E56}.Release|x64.ActiveCfg = Release|x64
		{04400D6C-8C44-3B4D-AFB4-B7CCD27A7E56}.Release|x64.Build.0 = Release|x64
		{11C045C7-2DB3-3781-92D3-F2EF4E632A89}.Release|x64.ActiveCfg = Release|x64
		{11C045C7-2DB3-3781-92D3-F2EF4E632A89}.Release|x64.Build.0 = Release|x64
		{E2AA4A9E-50D8-3EB0-BF82-94B7D5E97091}.Release|x64.ActiveCfg = Release|x64
		{E2AA4A9E-50D8-3EB0-BF82-94B7D5E97091}.Release|x64.Build.0 = Release|x64
		{A84269C2-13E3-334E-8955-CF213C781481}.Release|x64.ActiveCfg = Release|x64
		{A84269C2-13E3-334E-8955-CF213C781481}.Release|x64.Build.0 = Release|x64
		{06EB8D7F-747D-3D01-A121-8FF8146B72EF}.Release|x64.ActiveCfg = Release|x64
		{06EB8D7F-747D-3D01-A121-8FF8146B72EF}.Release|x64.Build.0 = Release|x64
		{C30AD7A0-F5DA-3B84-B419-87189264CFFD}.Release|x64.ActiveCfg = Release|x64
		{C30AD7A0-F5DA-3B84-B419-87189264CFFD}.Release|x64.Build.0 = Release|x64
		{00A06896-70A5-3F90-8390-370DCEB6F760}.Release|x64.ActiveCfg = Release|x64
		{00A06896-70A5-3F90-8390-370DCEB6F760}.Release|x64.Build.0 = Release|x64
		{ABAA5616-C2D9-3C8B-A39F-CA85F9CA89C5}.Release|x64.ActiveCfg = Release|x64
		{ABAA5616-C2D9-3C8B-A39F-CA85F9CA89C5}.Release|x64.Build.0 = Release|x64
		{FD743AB5-016F-3553-B4E9-34ABD9C9AD94}.Release|x64.ActiveCfg = Release|x64
		{FD743AB5-016F-3553-B4E9-34ABD9C9AD94}.Release|x64.Build.0 = Release|x64
		{F083090B-206B-3B77-B975-0FC8E2ACCA2E}.Release|x64.ActiveCfg = Release|x64
		{F083090B-206B-3B77-B975-0FC8E2ACCA2E}.Release|x64.Build.0 = Release|x64
		{954862A8-B94C-36B1-8CDC-EC06CCA0DF99}.Release|x64.ActiveCfg = Release|x64
		{954862A8-B94C-36B1-8CDC-EC06CCA0DF99}.Release|x64.Build.0 = Release|x64
		{C555E189-CA41-3984-A758-E75C89CD8BD1}.Release|x64.ActiveCfg = Release|x64
		{C555E189-CA41-3984-A758-E75C89CD8BD1}.Release|x64.Build.0 = Release|x64
		{CBF28E22-F05A-3680-AF16-C4F2A11AC564}.Release|x64.ActiveCfg = Release|x64
		{CBF28E22-F05A-3680-AF16-C4F2A11AC564}.Release|x64.Build.0 = Release|x64
		{AAF001A8-6E5B-3D48-8085-B56835DE5FE1}.Release|x64.ActiveCfg = Release|x64
		{AAF001A8-6E5B-3D48-8085-B56835DE5FE1}.Release|x64.Build.0 = Release|x64
		{7B139563-CAE2-3B48-9D2F-42DD61E89657}.Release|x64.ActiveCfg = Release|x64
		{7B139563-CAE2-3B48-9D2F-42DD61E89657}.Release|x64.Build.0 = Release|x64
		{E05F2E76-F50F-3044-920C-84D4623172A4}.Release|x64.ActiveCfg = Release|x64
		{E05F2E76-F50F-3044-920C-84D4623172A4}.Release|x64.Build.0 = Release|x64
		{E476E885-7752-3556-AAD3-7BCEBA091DC2}.Release|x64.ActiveCfg = Release|x64
		{E476E885-7752-3556-AAD3-7BCEBA091DC2}.Release|x64.Build.0 = Release|x64
		{880D6682-4902-3559-B590-F70395EFE312}.Release|x64.ActiveCfg = Release|x64
		{880D6682-4902-3559-B590-F70395EFE312}.Release|x64.Build.0 = Release|x64
		{D5A5A221-D3A4-3144-90FB-0B743CCBEE3D}.Release|x64.ActiveCfg = Release|x64
		{D5A5A221-D3A4-3144-90FB-0B743CCBEE3D}.Release|x64.Build.0 = Release|x64
		{300903D3-B126-3F5C-A0B6-59503B71CFA1}.Release|x64.ActiveCfg = Release|x64
		{300903D3-B126-3F5C-A0B6-59503B71CFA1}.Release|x64.Build.0 = Release|x64
		{0835126F-F633-3B90-A246-64EB054B5DD7}.Release|x64.ActiveCfg = Release|x64
		{0835126F-F633-3B90-A246-64EB054B5DD7}.Release|x64.Build.0 = Release|x64
		{875A8E8F-1B44-36CC-82C2-8F5DC0E8BD9D}.Release|x64.ActiveCfg = Release|x64
		{875A8E8F-1B44-36CC-82C2-8F5DC0E8BD9D}.Release|x64.Build.0 = Release|x64
		{D9E777C5-CDB6-3BE9-AE2E-1CD7C57486D3}.Release|x64.ActiveCfg = Release|x64
		{D9E777C5-CDB6-3BE9-AE2E-1CD7C57486D3}.Release|x64.Build.0 = Release|x64
		{027F7A9C-B2DA-3FDE-A0F8-3AE8D8B78021}.Release|x64.ActiveCfg = Release|x64
		{027F7A9C-B2DA-3FDE-A0F8-3AE8D8B78021}.Release|x64.Build.0 = Release|x64
		{D3B22409-E842-39A6-AEA1-1BC3B1278117}.Release|x64.ActiveCfg = Release|x64
		{D3B22409-E842-39A6-AEA1-1BC3B1278117}.Release|x64.Build.0 = Release|x64
		{0942D62F-61FB-3CA6-BA74-13B1DC221F83}.Release|x64.ActiveCfg = Release|x64
		{0942D62F-61FB-3CA6-BA74-13B1DC221F83}.Release|x64.Build.0 = Release|x64
		{BDDA0D1C-E976-358C-B8CB-4629B617B986}.Release|x64.ActiveCfg = Release|x64
		{BDDA0D1C-E976-358C-B8CB-4629B617B986}.Release|x64.Build.0 = Release|x64
		{FB4E7CE9-E0FD-3A9D-90A8-740ACA0A2A62}.Release|x64.ActiveCfg = Release|x64
		{FB4E7CE9-E0FD-3A9D-90A8-740ACA0A2A62}.Release|x64.Build.0 = Release|x64
		{477C43F8-656D-3EBF-8DA4-290B71437054}.Release|x64.ActiveCfg = Release|x64
		{477C43F8-656D-3EBF-8DA4-290B71437054}.Release|x64.Build.0 = Release|x64
		{76DE4758-383E-3ABC-BA59-6DE8F6072AA2}.Release|x64.ActiveCfg = Release|x64
		{76DE4758-383E-3ABC-BA59-6DE8F6072AA2}.Release|x64.Build.0 = Release|x64
		{B353FA67-11B5-3177-86F1-279C8257F541}.Release|x64.ActiveCfg = Release|x64
		{B353FA67-11B5-3177-86F1-279C8257F541}.Release|x64.Build.0 = Release|x64
		{A20A90F7-8D61-35A9-9A4C-C1F7C18569AB}.Release|x64.ActiveCfg = Release|x64
		{A20A90F7-8D61-35A9-9A4C-C1F7C18569AB}.Release|x64.Build.0 = Release|x64
		{CE571340-AF6D-3CCA-9068-D69D20948F42}.Release|x64.ActiveCfg = Release|x64
		{CE571340-AF6D-3CCA-9068-D69D20948F42}.Release|x64.Build.0 = Release|x64
	EndGlobalSection
	GlobalSection(NestedProjects) = preSolution
		{70E7A574-C3E7-3F50-8106-0854C3C239A8} = {1860655A-CC78-3822-9987-46AB9F11A042}
		{CD235EA9-779E-3014-87F6-035338F7D9D7} = {488063B6-9440-3647-B63B-145831A7393E}
		{1286120F-F5BB-31D9-BEA4-94954D511758} = {488063B6-9440-3647-B63B-145831A7393E}
		{4A2BD6C5-E49E-3F21-981C-988D9133A01B} = {488063B6-9440-3647-B63B-145831A7393E}
		{CBEA4886-549E-3916-9234-CC2355579338} = {CD235EA9-779E-3014-87F6-035338F7D9D7}
		{AAF001A8-6E5B-3D48-8085-B56835DE5FE1} = {CD235EA9-779E-3014-87F6-035338F7D9D7}
		{CE571340-AF6D-3CCA-9068-D69D20948F42} = {CD235EA9-779E-3014-87F6-035338F7D9D7}
		{750DF470-FF3B-3317-B621-C797231D92FA} = {CBEA4886-549E-3916-9234-CC2355579338}
		{74AF5968-52AA-37D0-80EB-00DCC8478D9D} = {1286120F-F5BB-31D9-BEA4-94954D511758}
		{F083090B-206B-3B77-B975-0FC8E2ACCA2E} = {1286120F-F5BB-31D9-BEA4-94954D511758}
		{19827296-727A-34D2-920C-F3D081EC0E2B} = {4A2BD6C5-E49E-3F21-981C-988D9133A01B}
		{11C045C7-2DB3-3781-92D3-F2EF4E632A89} = {4A2BD6C5-E49E-3F21-981C-988D9133A01B}
		{954862A8-B94C-36B1-8CDC-EC06CCA0DF99} = {4A2BD6C5-E49E-3F21-981C-988D9133A01B}
		{D5A5A221-D3A4-3144-90FB-0B743CCBEE3D} = {19827296-727A-34D2-920C-F3D081EC0E2B}
		{300903D3-B126-3F5C-A0B6-59503B71CFA1} = {19827296-727A-34D2-920C-F3D081EC0E2B}
		{0835126F-F633-3B90-A246-64EB054B5DD7} = {19827296-727A-34D2-920C-F3D081EC0E2B}
		{875A8E8F-1B44-36CC-82C2-8F5DC0E8BD9D} = {19827296-727A-34D2-920C-F3D081EC0E2B}
		{D9E777C5-CDB6-3BE9-AE2E-1CD7C57486D3} = {19827296-727A-34D2-920C-F3D081EC0E2B}
		{027F7A9C-B2DA-3FDE-A0F8-3AE8D8B78021} = {19827296-727A-34D2-920C-F3D081EC0E2B}
		{D3B22409-E842-39A6-AEA1-1BC3B1278117} = {19827296-727A-34D2-920C-F3D081EC0E2B}
		{BDDA0D1C-E976-358C-B8CB-4629B617B986} = {19827296-727A-34D2-920C-F3D081EC0E2B}
		{FB4E7CE9-E0FD-3A9D-90A8-740ACA0A2A62} = {19827296-727A-34D2-920C-F3D081EC0E2B}
		{477C43F8-656D-3EBF-8DA4-290B71437054} = {19827296-727A-34D2-920C-F3D081EC0E2B}
		{76DE4758-383E-3ABC-BA59-6DE8F6072AA2} = {19827296-727A-34D2-920C-F3D081EC0E2B}
		{B353FA67-11B5-3177-86F1-279C8257F541} = {19827296-727A-34D2-920C-F3D081EC0E2B}
		{A20A90F7-8D61-35A9-9A4C-C1F7C18569AB} = {19827296-727A-34D2-920C-F3D081EC0E2B}
		{2E27C9CC-EE7E-31F0-B9F4-33F41EE27BC2} = {FD660A17-F42B-3B41-AF0F-B2D1785D0F16}
		{6C40811F-0201-3EA8-A4DE-490697D1248C} = {FD660A17-F42B-3B41-AF0F-B2D1785D0F16}
		{31315C89-0C78-3648-850D-699C75683780} = {FD660A17-F42B-3B41-AF0F-B2D1785D0F16}
		{FD743AB5-016F-3553-B4E9-34ABD9C9AD94} = {728E7805-B619-3AFC-95F6-212C098489B2}
		{C30AD7A0-F5DA-3B84-B419-87189264CFFD} = {20AD859F-BE90-3EE9-AF97-233E30F2458A}
		{ABAA5616-C2D9-3C8B-A39F-CA85F9CA89C5} = {20AD859F-BE90-3EE9-AF97-233E30F2458A}
		{CBF28E22-F05A-3680-AF16-C4F2A11AC564} = {AB6F250B-2EAA-38BF-876B-F6A48D326273}
		{00A06896-70A5-3F90-8390-370DCEB6F760} = {A1DFE336-592A-3734-B242-35965AA9E2F6}
		{7B139563-CAE2-3B48-9D2F-42DD61E89657} = {A1DFE336-592A-3734-B242-35965AA9E2F6}
		{E476E885-7752-3556-AAD3-7BCEBA091DC2} = {B6581191-8CBB-35C0-9EE7-496602D9BD15}
		{246496CB-F5FE-330C-A01C-E49E8B94BFD4} = {B30F502A-B092-3A0E-B85E-0104306D76B5}
		{A98ED40F-A194-33D0-88F8-151B42C919BF} = {B30F502A-B092-3A0E-B85E-0104306D76B5}
		{CD099DE4-A600-3F17-8911-29E92C2DC922} = {B30F502A-B092-3A0E-B85E-0104306D76B5}
		{76A54DE4-468F-3F98-8C68-B4AF4CA8F55A} = {B30F502A-B092-3A0E-B85E-0104306D76B5}
		{199A656D-932B-32CB-BA1D-E829ADEB7EB2} = {B30F502A-B092-3A0E-B85E-0104306D76B5}
		{1DB807D5-80F2-3A6E-BB5F-275E128CABB5} = {B30F502A-B092-3A0E-B85E-0104306D76B5}
		{04400D6C-8C44-3B4D-AFB4-B7CCD27A7E56} = {BEDDDFC3-EB43-31EC-A9F8-B0506F9BA104}
	EndGlobalSection
	GlobalSection(ExtensibilityGlobals) = postSolution
		SolutionGuid = {13FBD210-0D7B-3B07-BDF3-9371644D68FE}
	EndGlobalSection
	GlobalSection(ExtensibilityAddIns) = postSolution
	EndGlobalSection
EndGlobal
