<?xml version="1.0" encoding="utf-8"?>
<Project ToolsVersion="15.0" xmlns="http://schemas.microsoft.com/developer/msbuild/2003">
  <ItemGroup>
    <ClCompile Include="D:\TATA\LATEST_NXT_REPO\next\src\bridges\bridgesdk\Plugin\plugin.cpp">
      <Filter>Source Files</Filter>
    </ClCompile>
    <ClCompile Include="D:\TATA\LATEST_NXT_REPO\next\src\bridges\bridgesdk\Plugin\plugin_private.cpp">
      <Filter>Source Files</Filter>
    </ClCompile>
    <ClCompile Include="D:\TATA\LATEST_NXT_REPO\next\src\bridges\bridgesdk\Plugin\plugin_datapublisher.cpp">
      <Filter>Source Files</Filter>
    </ClCompile>
    <ClCompile Include="D:\TATA\LATEST_NXT_REPO\next\src\bridges\bridgesdk\Plugin\plugin_datapublisher_impl.cpp">
      <Filter>Source Files</Filter>
    </ClCompile>
    <ClCompile Include="D:\TATA\LATEST_NXT_REPO\next\src\bridges\bridgesdk\Plugin\plugin_datasubscriber.cpp">
      <Filter>Source Files</Filter>
    </ClCompile>
    <ClCompile Include="D:\TATA\LATEST_NXT_REPO\next\src\bridges\bridgesdk\Plugin\plugin_datasubscriber_impl.cpp">
      <Filter>Source Files</Filter>
    </ClCompile>
    <ClCompile Include="D:\TATA\LATEST_NXT_REPO\next\src\bridges\bridgesdk\Plugin\plugin_3D_view.cpp">
      <Filter>Source Files</Filter>
    </ClCompile>
    <ClCompile Include="D:\TATA\LATEST_NXT_REPO\next\src\bridges\bridgesdk\Plugin\plugin_3D_view_impl.cpp">
      <Filter>Source Files</Filter>
    </ClCompile>
    <ClCompile Include="D:\TATA\LATEST_NXT_REPO\next\src\bridges\bridgesdk\Plugin\plugin_signal_explorer.cpp">
      <Filter>Source Files</Filter>
    </ClCompile>
    <ClCompile Include="D:\TATA\LATEST_NXT_REPO\next\src\bridges\bridgesdk\Plugin\plugin_signal_explorer_impl.cpp">
      <Filter>Source Files</Filter>
    </ClCompile>
    <ClCompile Include="D:\TATA\LATEST_NXT_REPO\next\src\bridges\bridgesdk\Plugin\plugin_signal_extractor.cpp">
      <Filter>Source Files</Filter>
    </ClCompile>
    <ClCompile Include="D:\TATA\LATEST_NXT_REPO\next\src\bridges\bridgesdk\Plugin\plugin_signal_extractor_impl.cpp">
      <Filter>Source Files</Filter>
    </ClCompile>
    <ClCompile Include="D:\TATA\LATEST_NXT_REPO\next\src\bridges\bridgesdk\Plugin\plugin_regex_searcher.cpp">
      <Filter>Source Files</Filter>
    </ClCompile>
  </ItemGroup>
  <ItemGroup>
    <ClInclude Include="D:\TATA\LATEST_NXT_REPO\next\src\bridges\bridgesdk\interface\next\bridgesdk\datatypes.h">
      <Filter>Header Files</Filter>
    </ClInclude>
    <ClInclude Include="D:\TATA\LATEST_NXT_REPO\next\src\bridges\bridgesdk\interface\next\bridgesdk\plugin_config.h">
      <Filter>Header Files</Filter>
    </ClInclude>
    <ClInclude Include="D:\TATA\LATEST_NXT_REPO\next\src\bridges\bridgesdk\interface\next\bridgesdk\plugin.h">
      <Filter>Header Files</Filter>
    </ClInclude>
    <ClInclude Include="D:\TATA\LATEST_NXT_REPO\next\src\bridges\bridgesdk\Plugin\plugin_private.h">
      <Filter>Header Files</Filter>
    </ClInclude>
    <ClInclude Include="D:\TATA\LATEST_NXT_REPO\next\src\bridges\bridgesdk\interface\next\bridgesdk\plugin_addons\plugin_datapublisher.hpp">
      <Filter>Header Files</Filter>
    </ClInclude>
    <ClInclude Include="D:\TATA\LATEST_NXT_REPO\next\src\bridges\bridgesdk\Plugin\plugin_datapublisher_impl.hpp">
      <Filter>Header Files</Filter>
    </ClInclude>
    <ClInclude Include="D:\TATA\LATEST_NXT_REPO\next\src\bridges\bridgesdk\interface\next\bridgesdk\plugin_addons\plugin_datasubscriber.hpp">
      <Filter>Header Files</Filter>
    </ClInclude>
    <ClInclude Include="D:\TATA\LATEST_NXT_REPO\next\src\bridges\bridgesdk\Plugin\plugin_datasubscriber_impl.hpp">
      <Filter>Header Files</Filter>
    </ClInclude>
    <ClInclude Include="D:\TATA\LATEST_NXT_REPO\next\src\bridges\bridgesdk\interface\next\bridgesdk\plugin_addons\plugin_3D_view.hpp">
      <Filter>Header Files</Filter>
    </ClInclude>
    <ClInclude Include="D:\TATA\LATEST_NXT_REPO\next\src\bridges\bridgesdk\Plugin\plugin_3D_view_impl.hpp">
      <Filter>Header Files</Filter>
    </ClInclude>
    <ClInclude Include="D:\TATA\LATEST_NXT_REPO\next\src\bridges\bridgesdk\interface\next\bridgesdk\plugin_addons\plugin_signal_explorer.hpp">
      <Filter>Header Files</Filter>
    </ClInclude>
    <ClInclude Include="D:\TATA\LATEST_NXT_REPO\next\src\bridges\bridgesdk\Plugin\plugin_signal_explorer_impl.hpp">
      <Filter>Header Files</Filter>
    </ClInclude>
    <ClInclude Include="D:\TATA\LATEST_NXT_REPO\next\src\bridges\bridgesdk\interface\next\bridgesdk\plugin_addons\plugin_signal_extractor.hpp">
      <Filter>Header Files</Filter>
    </ClInclude>
    <ClInclude Include="D:\TATA\LATEST_NXT_REPO\next\src\bridges\bridgesdk\Plugin\plugin_signal_extractor_impl.hpp">
      <Filter>Header Files</Filter>
    </ClInclude>
    <ClInclude Include="D:\TATA\LATEST_NXT_REPO\next\src\bridges\bridgesdk\interface\next\bridgesdk\plugin_addons\plugin_regex_searcher.hpp">
      <Filter>Header Files</Filter>
    </ClInclude>
    <ClInclude Include="D:\TATA\LATEST_NXT_REPO\next\conan_workarea\h\7ab8c1f1fd4e01ab32b4c38f491e59e1\src\bridges\bridgesdk\bin_version.h">
      <Filter>Header Files</Filter>
    </ClInclude>
  </ItemGroup>
  <ItemGroup>
    <CustomBuild Include="D:\TATA\LATEST_NXT_REPO\next\src\bridges\bridgesdk\CMakeLists.txt" />
  </ItemGroup>
  <ItemGroup>
    <Object Include="D:\TATA\LATEST_NXT_REPO\next\conan_workarea\h\7ab8c1f1fd4e01ab32b4c38f491e59e1\src\bridges\bridgesdk\thirdparty\base64\base64.dir\$(Configuration)\base64.obj">
      <Filter>Object Libraries</Filter>
    </Object>
  </ItemGroup>
  <ItemGroup>
    <ResourceCompile Include="D:\TATA\LATEST_NXT_REPO\next\conan_workarea\h\7ab8c1f1fd4e01ab32b4c38f491e59e1\src\bridges\bridgesdk\version_info.rc">
      <Filter>Source Files</Filter>
    </ResourceCompile>
  </ItemGroup>
  <ItemGroup>
    <Filter Include="Header Files">
      <UniqueIdentifier>{F99CD6DB-037D-36A9-8EC4-63E81832D0A6}</UniqueIdentifier>
    </Filter>
    <Filter Include="Object Libraries">
      <UniqueIdentifier>{18D0EED0-2567-3E36-A661-F289245CDE99}</UniqueIdentifier>
    </Filter>
    <Filter Include="Source Files">
      <UniqueIdentifier>{53B7468F-1CF3-3A19-89AD-A014CD7DCDED}</UniqueIdentifier>
    </Filter>
  </ItemGroup>
</Project>
