
Microsoft Visual Studio Solution File, Format Version 12.00
# Visual Studio 15
Project("{2150E333-8FDC-42A3-9474-1A3956D46DE8}") = ".bricks", ".bricks", "{FFB542CB-B29F-3261-ADE9-38008C28E03E}"
EndProject
Project("{2150E333-8FDC-42A3-9474-1A3956D46DE8}") = "Bridges", "Bridges", "{9310420C-A5C8-3D67-BE05-23DB59FCE3BB}"
EndProject
Project("{2150E333-8FDC-42A3-9474-1A3956D46DE8}") = "BridgeSDK", "Bridges\BridgeSDK", "{F529F1DA-12CF-3C78-A8A3-83DB5F5E6DCE}"
EndProject
Project("{2150E333-8FDC-42A3-9474-1A3956D46DE8}") = "thirdparty", "Bridges\BridgeSDK\thirdparty", "{E15F2D0B-4604-3917-A606-F02715277A32}"
EndProject
Project("{2150E333-8FDC-42A3-9474-1A3956D46DE8}") = "Controlbridge", "Bridges\Controlbridge", "{EC68115B-0E83-35CC-B4ED-F96D80C920B8}"
EndProject
Project("{2150E333-8FDC-42A3-9474-1A3956D46DE8}") = "Databridge", "Bridges\Databridge", "{99A462E8-CA43-3495-90E8-2BB0E87F791F}"
EndProject
Project("{2150E333-8FDC-42A3-9474-1A3956D46DE8}") = "Plugins", "Bridges\Databridge\Plugins", "{01F6DE5C-0068-31F7-B43D-8E7A4B32E027}"
EndProject
Project("{2150E333-8FDC-42A3-9474-1A3956D46DE8}") = "CMakePredefinedTargets", "CMakePredefinedTargets", "{1146AEA4-EE08-30A7-A7BB-A0A4E4A4861F}"
EndProject
Project("{2150E333-8FDC-42A3-9474-1A3956D46DE8}") = "Control", "Control", "{A9F716FA-79B0-30EE-B76B-07010F6249BC}"
EndProject
Project("{2150E333-8FDC-42A3-9474-1A3956D46DE8}") = "Next", "Next", "{DF0A853F-B95F-3524-AC0C-A3817D75B97C}"
EndProject
Project("{2150E333-8FDC-42A3-9474-1A3956D46DE8}") = "Player", "Player", "{ABBB13D0-D1A2-3321-9C19-13F20D111B07}"
EndProject
Project("{2150E333-8FDC-42A3-9474-1A3956D46DE8}") = "SDK", "SDK", "{72ABFD4F-E254-372B-B85C-AEF031BFC73B}"
EndProject
Project("{2150E333-8FDC-42A3-9474-1A3956D46DE8}") = "UDex", "UDex", "{5E718B37-C894-3E12-8012-E2EF65549F03}"
EndProject
Project("{2150E333-8FDC-42A3-9474-1A3956D46DE8}") = "bricks", "bricks", "{276743D4-8484-3BE9-BCB6-AA53C54BEF0A}"
EndProject
Project("{2150E333-8FDC-42A3-9474-1A3956D46DE8}") = "create_bfbs_header", "create_bfbs_header", "{21DE7EB3-4E86-3F08-AC56-B2407C3CDA34}"
EndProject
Project("{8BC9CEB8-8B4A-11D0-8D11-00A0C91BC942}") = "ALL_BUILD", "ALL_BUILD.vcxproj", "{C72A7228-1D4B-3660-B949-1CA4DD48B51B}"
	ProjectSection(ProjectDependencies) = postProject
		{66123D8A-B5FA-3703-94D7-E19935A98F10} = {66123D8A-B5FA-3703-94D7-E19935A98F10}
		{3818BD4C-4F66-3B26-ACD8-880EC6DED91A} = {3818BD4C-4F66-3B26-ACD8-880EC6DED91A}
		{ECABCC34-CF08-3A70-9C63-13FE03C48064} = {ECABCC34-CF08-3A70-9C63-13FE03C48064}
		{F94EA76D-DD13-301C-BCA3-0C62EB18610B} = {F94EA76D-DD13-301C-BCA3-0C62EB18610B}
		{29CEB07A-75C4-349D-94AE-9C9E638238EC} = {29CEB07A-75C4-349D-94AE-9C9E638238EC}
		{1BBF1513-E862-314F-9B29-2049EB7917C3} = {1BBF1513-E862-314F-9B29-2049EB7917C3}
		{761FC32E-1613-3799-B739-8971770FFE46} = {761FC32E-1613-3799-B739-8971770FFE46}
		{8A8BD18F-B4DF-3F5B-B3FA-D445F1EFDEA5} = {8A8BD18F-B4DF-3F5B-B3FA-D445F1EFDEA5}
		{DF5FAE89-E2F0-33E6-9256-922AEDA04540} = {DF5FAE89-E2F0-33E6-9256-922AEDA04540}
		{A44A9713-F6B2-34D7-A470-7B46EE100F95} = {A44A9713-F6B2-34D7-A470-7B46EE100F95}
		{C8A54985-D51F-3297-8D14-04F96F498A72} = {C8A54985-D51F-3297-8D14-04F96F498A72}
		{AC22CB2B-5F05-3F61-81F6-CC9B5115E7FF} = {AC22CB2B-5F05-3F61-81F6-CC9B5115E7FF}
		{24F8A93E-3846-3DF4-B94E-944B7EFE62AB} = {24F8A93E-3846-3DF4-B94E-944B7EFE62AB}
		{0AD9633D-D54A-3ED7-8564-85A3D8E9BD48} = {0AD9633D-D54A-3ED7-8564-85A3D8E9BD48}
		{8A551E50-B53B-3FCF-ACBE-9F95AC15C298} = {8A551E50-B53B-3FCF-ACBE-9F95AC15C298}
		{955EE346-4720-3821-947A-5FFBE8FA736C} = {955EE346-4720-3821-947A-5FFBE8FA736C}
		{B83631BF-90C3-3329-8F01-80D7D292487E} = {B83631BF-90C3-3329-8F01-80D7D292487E}
		{0B552955-EFAA-30CF-BDBF-F109010A0AFF} = {0B552955-EFAA-30CF-BDBF-F109010A0AFF}
		{CB6DB44E-3EDC-31E6-A274-4D5D15FAC6B2} = {CB6DB44E-3EDC-31E6-A274-4D5D15FAC6B2}
		{CB763246-397A-3F8D-8A49-598B8F3143B8} = {CB763246-397A-3F8D-8A49-598B8F3143B8}
		{2A9E8290-752D-353F-9C73-419C6C053908} = {2A9E8290-752D-353F-9C73-419C6C053908}
		{1232878E-B9B4-335F-8C34-A9C84672E3AE} = {1232878E-B9B4-335F-8C34-A9C84672E3AE}
		{81244BE6-1163-32BD-885F-CDA9E272DDC0} = {81244BE6-1163-32BD-885F-CDA9E272DDC0}
		{0D8F713A-BA67-3C91-9B34-EB0B2D9332AD} = {0D8F713A-BA67-3C91-9B34-EB0B2D9332AD}
		{EA0C410A-B85E-3B22-984A-BA37FD0D6801} = {EA0C410A-B85E-3B22-984A-BA37FD0D6801}
		{FFB869CD-94E6-3A90-A0B6-D9D7E3D1780F} = {FFB869CD-94E6-3A90-A0B6-D9D7E3D1780F}
		{6BB770A5-E587-3CBE-B334-B4A25636CFAF} = {6BB770A5-E587-3CBE-B334-B4A25636CFAF}
		{606E694A-5B38-3B63-922B-28025B8E5CDD} = {606E694A-5B38-3B63-922B-28025B8E5CDD}
		{2F8B3ABE-738A-3364-A8BD-88E70299C382} = {2F8B3ABE-738A-3364-A8BD-88E70299C382}
		{E5D58C42-C526-3CDE-B6A9-4CACEAA52956} = {E5D58C42-C526-3CDE-B6A9-4CACEAA52956}
		{DEB1CF37-0E73-30F8-9FC8-7A7252F246BE} = {DEB1CF37-0E73-30F8-9FC8-7A7252F246BE}
		{58B8937C-3A4E-30DD-A5EA-2FF903983CC6} = {58B8937C-3A4E-30DD-A5EA-2FF903983CC6}
		{3849B046-4FBB-338E-8A77-D54EB7076A0F} = {3849B046-4FBB-338E-8A77-D54EB7076A0F}
		{F165ECF1-D3CC-3B57-8020-F85B791509A3} = {F165ECF1-D3CC-3B57-8020-F85B791509A3}
		{518B4C39-FCBE-3875-87EF-F78B65B2B47F} = {518B4C39-FCBE-3875-87EF-F78B65B2B47F}
		{E61FD2C3-A8ED-3D76-8041-AFF67AB410B3} = {E61FD2C3-A8ED-3D76-8041-AFF67AB410B3}
		{3BE29033-73E2-33F5-80F7-497E7403B172} = {3BE29033-73E2-33F5-80F7-497E7403B172}
		{BB51A1ED-6FAE-354D-A6EE-38747501EBB6} = {BB51A1ED-6FAE-354D-A6EE-38747501EBB6}
		{83EEAD59-CC37-3E8D-9A6F-A09B204E6D15} = {83EEAD59-CC37-3E8D-9A6F-A09B204E6D15}
		{50CB96F2-7F3A-3BA2-ACFF-484FEC15E464} = {50CB96F2-7F3A-3BA2-ACFF-484FEC15E464}
	EndProjectSection
EndProject
Project("{8BC9CEB8-8B4A-11D0-8D11-00A0C91BC942}") = "BRIDGES_COMPONENT", "src\bridges\bridgesdk\BRIDGES_COMPONENT.vcxproj", "{740B46B7-BB27-324C-B6E2-B221E5C2A051}"
	ProjectSection(ProjectDependencies) = postProject
		{1BBF1513-E862-314F-9B29-2049EB7917C3} = {1BBF1513-E862-314F-9B29-2049EB7917C3}
		{B83631BF-90C3-3329-8F01-80D7D292487E} = {B83631BF-90C3-3329-8F01-80D7D292487E}
		{0B552955-EFAA-30CF-BDBF-F109010A0AFF} = {0B552955-EFAA-30CF-BDBF-F109010A0AFF}
		{2A9E8290-752D-353F-9C73-419C6C053908} = {2A9E8290-752D-353F-9C73-419C6C053908}
		{EA0C410A-B85E-3B22-984A-BA37FD0D6801} = {EA0C410A-B85E-3B22-984A-BA37FD0D6801}
		{FFB869CD-94E6-3A90-A0B6-D9D7E3D1780F} = {FFB869CD-94E6-3A90-A0B6-D9D7E3D1780F}
		{6BB770A5-E587-3CBE-B334-B4A25636CFAF} = {6BB770A5-E587-3CBE-B334-B4A25636CFAF}
		{606E694A-5B38-3B63-922B-28025B8E5CDD} = {606E694A-5B38-3B63-922B-28025B8E5CDD}
		{2F8B3ABE-738A-3364-A8BD-88E70299C382} = {2F8B3ABE-738A-3364-A8BD-88E70299C382}
		{E5D58C42-C526-3CDE-B6A9-4CACEAA52956} = {E5D58C42-C526-3CDE-B6A9-4CACEAA52956}
		{DEB1CF37-0E73-30F8-9FC8-7A7252F246BE} = {DEB1CF37-0E73-30F8-9FC8-7A7252F246BE}
		{58B8937C-3A4E-30DD-A5EA-2FF903983CC6} = {58B8937C-3A4E-30DD-A5EA-2FF903983CC6}
		{3849B046-4FBB-338E-8A77-D54EB7076A0F} = {3849B046-4FBB-338E-8A77-D54EB7076A0F}
		{F165ECF1-D3CC-3B57-8020-F85B791509A3} = {F165ECF1-D3CC-3B57-8020-F85B791509A3}
		{518B4C39-FCBE-3875-87EF-F78B65B2B47F} = {518B4C39-FCBE-3875-87EF-F78B65B2B47F}
		{E61FD2C3-A8ED-3D76-8041-AFF67AB410B3} = {E61FD2C3-A8ED-3D76-8041-AFF67AB410B3}
		{3BE29033-73E2-33F5-80F7-497E7403B172} = {3BE29033-73E2-33F5-80F7-497E7403B172}
		{BB51A1ED-6FAE-354D-A6EE-38747501EBB6} = {BB51A1ED-6FAE-354D-A6EE-38747501EBB6}
		{83EEAD59-CC37-3E8D-9A6F-A09B204E6D15} = {83EEAD59-CC37-3E8D-9A6F-A09B204E6D15}
	EndProjectSection
EndProject
Project("{8BC9CEB8-8B4A-11D0-8D11-00A0C91BC942}") = "CONTROL_COMPONENT", "src\control\CONTROL_COMPONENT.vcxproj", "{45FF75BB-67F8-3446-AC8D-DA44646F07D1}"
	ProjectSection(ProjectDependencies) = postProject
		{1BBF1513-E862-314F-9B29-2049EB7917C3} = {1BBF1513-E862-314F-9B29-2049EB7917C3}
		{955EE346-4720-3821-947A-5FFBE8FA736C} = {955EE346-4720-3821-947A-5FFBE8FA736C}
	EndProjectSection
EndProject
Project("{8BC9CEB8-8B4A-11D0-8D11-00A0C91BC942}") = "GENERATE_next_flatbuffers", "src\bridges\bridgesdk\GENERATE_next_flatbuffers.vcxproj", "{66123D8A-B5FA-3703-94D7-E19935A98F10}"
	ProjectSection(ProjectDependencies) = postProject
		{1BBF1513-E862-314F-9B29-2049EB7917C3} = {1BBF1513-E862-314F-9B29-2049EB7917C3}
	EndProjectSection
EndProject
Project("{8BC9CEB8-8B4A-11D0-8D11-00A0C91BC942}") = "GENERATE_next_flatbuffers_3d_view", "src\bridges\bridgesdk\GENERATE_next_flatbuffers_3d_view.vcxproj", "{3818BD4C-4F66-3B26-ACD8-880EC6DED91A}"
	ProjectSection(ProjectDependencies) = postProject
		{1BBF1513-E862-314F-9B29-2049EB7917C3} = {1BBF1513-E862-314F-9B29-2049EB7917C3}
	EndProjectSection
EndProject
Project("{8BC9CEB8-8B4A-11D0-8D11-00A0C91BC942}") = "GENERATE_next_flatbuffers_core", "src\bridges\bridgesdk\GENERATE_next_flatbuffers_core.vcxproj", "{ECABCC34-CF08-3A70-9C63-13FE03C48064}"
	ProjectSection(ProjectDependencies) = postProject
		{1BBF1513-E862-314F-9B29-2049EB7917C3} = {1BBF1513-E862-314F-9B29-2049EB7917C3}
	EndProjectSection
EndProject
Project("{8BC9CEB8-8B4A-11D0-8D11-00A0C91BC942}") = "GENERATE_next_flatbuffers_profiler", "src\bridges\bridgesdk\GENERATE_next_flatbuffers_profiler.vcxproj", "{F94EA76D-DD13-301C-BCA3-0C62EB18610B}"
	ProjectSection(ProjectDependencies) = postProject
		{1BBF1513-E862-314F-9B29-2049EB7917C3} = {1BBF1513-E862-314F-9B29-2049EB7917C3}
	EndProjectSection
EndProject
Project("{8BC9CEB8-8B4A-11D0-8D11-00A0C91BC942}") = "GENERATE_next_flatbuffers_view_update", "src\bridges\bridgesdk\GENERATE_next_flatbuffers_view_update.vcxproj", "{29CEB07A-75C4-349D-94AE-9C9E638238EC}"
	ProjectSection(ProjectDependencies) = postProject
		{1BBF1513-E862-314F-9B29-2049EB7917C3} = {1BBF1513-E862-314F-9B29-2049EB7917C3}
	EndProjectSection
EndProject
Project("{8BC9CEB8-8B4A-11D0-8D11-00A0C91BC942}") = "INSTALL", "INSTALL.vcxproj", "{01CF5BCF-E678-30FC-A806-3F0E4C05E514}"
	ProjectSection(ProjectDependencies) = postProject
		{C72A7228-1D4B-3660-B949-1CA4DD48B51B} = {C72A7228-1D4B-3660-B949-1CA4DD48B51B}
		{1BBF1513-E862-314F-9B29-2049EB7917C3} = {1BBF1513-E862-314F-9B29-2049EB7917C3}
	EndProjectSection
EndProject
Project("{8BC9CEB8-8B4A-11D0-8D11-00A0C91BC942}") = "NEXT_COMPONENT", "src\next\src\next_interface\NEXT_COMPONENT.vcxproj", "{5A9EA31A-AC5F-3023-A386-B68869C99AD6}"
	ProjectSection(ProjectDependencies) = postProject
		{1BBF1513-E862-314F-9B29-2049EB7917C3} = {1BBF1513-E862-314F-9B29-2049EB7917C3}
		{AC22CB2B-5F05-3F61-81F6-CC9B5115E7FF} = {AC22CB2B-5F05-3F61-81F6-CC9B5115E7FF}
		{24F8A93E-3846-3DF4-B94E-944B7EFE62AB} = {24F8A93E-3846-3DF4-B94E-944B7EFE62AB}
		{8A551E50-B53B-3FCF-ACBE-9F95AC15C298} = {8A551E50-B53B-3FCF-ACBE-9F95AC15C298}
		{CB6DB44E-3EDC-31E6-A274-4D5D15FAC6B2} = {CB6DB44E-3EDC-31E6-A274-4D5D15FAC6B2}
		{81244BE6-1163-32BD-885F-CDA9E272DDC0} = {81244BE6-1163-32BD-885F-CDA9E272DDC0}
	EndProjectSection
EndProject
Project("{8BC9CEB8-8B4A-11D0-8D11-00A0C91BC942}") = "PACKAGE_INFO", "PACKAGE_INFO.vcxproj", "{E216E3E6-43DC-3AFB-B8B0-8D34863F3357}"
	ProjectSection(ProjectDependencies) = postProject
		{1BBF1513-E862-314F-9B29-2049EB7917C3} = {1BBF1513-E862-314F-9B29-2049EB7917C3}
	EndProjectSection
EndProject
Project("{8BC9CEB8-8B4A-11D0-8D11-00A0C91BC942}") = "PLAYER_COMPONENT", "src\player\PLAYER_COMPONENT.vcxproj", "{894CDC3E-5258-3B31-9811-0A2F9DC5A67B}"
	ProjectSection(ProjectDependencies) = postProject
		{1BBF1513-E862-314F-9B29-2049EB7917C3} = {1BBF1513-E862-314F-9B29-2049EB7917C3}
		{CB763246-397A-3F8D-8A49-598B8F3143B8} = {CB763246-397A-3F8D-8A49-598B8F3143B8}
	EndProjectSection
EndProject
Project("{8BC9CEB8-8B4A-11D0-8D11-00A0C91BC942}") = "SDK_COMPONENT", "src\sdk\sdk\SDK_COMPONENT.vcxproj", "{DB5ADAFB-EC24-3C19-A27A-6DDE12C19634}"
	ProjectSection(ProjectDependencies) = postProject
		{1BBF1513-E862-314F-9B29-2049EB7917C3} = {1BBF1513-E862-314F-9B29-2049EB7917C3}
		{0AD9633D-D54A-3ED7-8564-85A3D8E9BD48} = {0AD9633D-D54A-3ED7-8564-85A3D8E9BD48}
		{1232878E-B9B4-335F-8C34-A9C84672E3AE} = {1232878E-B9B4-335F-8C34-A9C84672E3AE}
	EndProjectSection
EndProject
Project("{8BC9CEB8-8B4A-11D0-8D11-00A0C91BC942}") = "UDEX_COMPONENT", "src\udex\UDEX_COMPONENT.vcxproj", "{C0FD9DE3-4385-31D2-B220-F2FC51F46C3E}"
	ProjectSection(ProjectDependencies) = postProject
		{1BBF1513-E862-314F-9B29-2049EB7917C3} = {1BBF1513-E862-314F-9B29-2049EB7917C3}
		{0D8F713A-BA67-3C91-9B34-EB0B2D9332AD} = {0D8F713A-BA67-3C91-9B34-EB0B2D9332AD}
	EndProjectSection
EndProject
Project("{8BC9CEB8-8B4A-11D0-8D11-00A0C91BC942}") = "ZERO_CHECK", "ZERO_CHECK.vcxproj", "{1BBF1513-E862-314F-9B29-2049EB7917C3}"
	ProjectSection(ProjectDependencies) = postProject
	EndProjectSection
EndProject
Project("{8BC9CEB8-8B4A-11D0-8D11-00A0C91BC942}") = "base64", "src\bridges\bridgesdk\thirdparty\base64\base64.vcxproj", "{761FC32E-1613-3799-B739-8971770FFE46}"
	ProjectSection(ProjectDependencies) = postProject
		{1BBF1513-E862-314F-9B29-2049EB7917C3} = {1BBF1513-E862-314F-9B29-2049EB7917C3}
	EndProjectSection
EndProject
Project("{8BC9CEB8-8B4A-11D0-8D11-00A0C91BC942}") = "controlbridge_lib", "src\bridges\controlbridge\controlbridge_lib.vcxproj", "{8A8BD18F-B4DF-3F5B-B3FA-D445F1EFDEA5}"
	ProjectSection(ProjectDependencies) = postProject
		{1BBF1513-E862-314F-9B29-2049EB7917C3} = {1BBF1513-E862-314F-9B29-2049EB7917C3}
		{0AD9633D-D54A-3ED7-8564-85A3D8E9BD48} = {0AD9633D-D54A-3ED7-8564-85A3D8E9BD48}
		{955EE346-4720-3821-947A-5FFBE8FA736C} = {955EE346-4720-3821-947A-5FFBE8FA736C}
		{1232878E-B9B4-335F-8C34-A9C84672E3AE} = {1232878E-B9B4-335F-8C34-A9C84672E3AE}
		{50CB96F2-7F3A-3BA2-ACFF-484FEC15E464} = {50CB96F2-7F3A-3BA2-ACFF-484FEC15E464}
	EndProjectSection
EndProject
Project("{8BC9CEB8-8B4A-11D0-8D11-00A0C91BC942}") = "create_bfbs_header", "src\bridges\bridgesdk\create_bfbs_header.vcxproj", "{DF5FAE89-E2F0-33E6-9256-922AEDA04540}"
	ProjectSection(ProjectDependencies) = postProject
		{1BBF1513-E862-314F-9B29-2049EB7917C3} = {1BBF1513-E862-314F-9B29-2049EB7917C3}
	EndProjectSection
EndProject
Project("{8BC9CEB8-8B4A-11D0-8D11-00A0C91BC942}") = "databridge_lib", "src\bridges\databridge\databridge_lib.vcxproj", "{A44A9713-F6B2-34D7-A470-7B46EE100F95}"
	ProjectSection(ProjectDependencies) = postProject
		{3818BD4C-4F66-3B26-ACD8-880EC6DED91A} = {3818BD4C-4F66-3B26-ACD8-880EC6DED91A}
		{1BBF1513-E862-314F-9B29-2049EB7917C3} = {1BBF1513-E862-314F-9B29-2049EB7917C3}
		{0AD9633D-D54A-3ED7-8564-85A3D8E9BD48} = {0AD9633D-D54A-3ED7-8564-85A3D8E9BD48}
		{955EE346-4720-3821-947A-5FFBE8FA736C} = {955EE346-4720-3821-947A-5FFBE8FA736C}
		{2A9E8290-752D-353F-9C73-419C6C053908} = {2A9E8290-752D-353F-9C73-419C6C053908}
		{1232878E-B9B4-335F-8C34-A9C84672E3AE} = {1232878E-B9B4-335F-8C34-A9C84672E3AE}
		{0D8F713A-BA67-3C91-9B34-EB0B2D9332AD} = {0D8F713A-BA67-3C91-9B34-EB0B2D9332AD}
		{50CB96F2-7F3A-3BA2-ACFF-484FEC15E464} = {50CB96F2-7F3A-3BA2-ACFF-484FEC15E464}
	EndProjectSection
EndProject
Project("{8BC9CEB8-8B4A-11D0-8D11-00A0C91BC942}") = "dummy_processor", "examples\package_processor\dummy_processor.vcxproj", "{C8A54985-D51F-3297-8D14-04F96F498A72}"
	ProjectSection(ProjectDependencies) = postProject
		{1BBF1513-E862-314F-9B29-2049EB7917C3} = {1BBF1513-E862-314F-9B29-2049EB7917C3}
		{1232878E-B9B4-335F-8C34-A9C84672E3AE} = {1232878E-B9B4-335F-8C34-A9C84672E3AE}
	EndProjectSection
EndProject
Project("{8BC9CEB8-8B4A-11D0-8D11-00A0C91BC942}") = "matchbox_example_app", "examples\matchbox_interfaces_app\matchbox_example_app.vcxproj", "{AC22CB2B-5F05-3F61-81F6-CC9B5115E7FF}"
	ProjectSection(ProjectDependencies) = postProject
		{1BBF1513-E862-314F-9B29-2049EB7917C3} = {1BBF1513-E862-314F-9B29-2049EB7917C3}
		{24F8A93E-3846-3DF4-B94E-944B7EFE62AB} = {24F8A93E-3846-3DF4-B94E-944B7EFE62AB}
		{0AD9633D-D54A-3ED7-8564-85A3D8E9BD48} = {0AD9633D-D54A-3ED7-8564-85A3D8E9BD48}
		{955EE346-4720-3821-947A-5FFBE8FA736C} = {955EE346-4720-3821-947A-5FFBE8FA736C}
		{1232878E-B9B4-335F-8C34-A9C84672E3AE} = {1232878E-B9B4-335F-8C34-A9C84672E3AE}
		{0D8F713A-BA67-3C91-9B34-EB0B2D9332AD} = {0D8F713A-BA67-3C91-9B34-EB0B2D9332AD}
	EndProjectSection
EndProject
Project("{8BC9CEB8-8B4A-11D0-8D11-00A0C91BC942}") = "next", "src\next\src\next_interface\next.vcxproj", "{24F8A93E-3846-3DF4-B94E-944B7EFE62AB}"
	ProjectSection(ProjectDependencies) = postProject
		{1BBF1513-E862-314F-9B29-2049EB7917C3} = {1BBF1513-E862-314F-9B29-2049EB7917C3}
		{0AD9633D-D54A-3ED7-8564-85A3D8E9BD48} = {0AD9633D-D54A-3ED7-8564-85A3D8E9BD48}
		{955EE346-4720-3821-947A-5FFBE8FA736C} = {955EE346-4720-3821-947A-5FFBE8FA736C}
		{1232878E-B9B4-335F-8C34-A9C84672E3AE} = {1232878E-B9B4-335F-8C34-A9C84672E3AE}
		{0D8F713A-BA67-3C91-9B34-EB0B2D9332AD} = {0D8F713A-BA67-3C91-9B34-EB0B2D9332AD}
	EndProjectSection
EndProject
Project("{8BC9CEB8-8B4A-11D0-8D11-00A0C91BC942}") = "next_appsupport", "src\sdk\appsupport\next_appsupport.vcxproj", "{0AD9633D-D54A-3ED7-8564-85A3D8E9BD48}"
	ProjectSection(ProjectDependencies) = postProject
		{1BBF1513-E862-314F-9B29-2049EB7917C3} = {1BBF1513-E862-314F-9B29-2049EB7917C3}
		{1232878E-B9B4-335F-8C34-A9C84672E3AE} = {1232878E-B9B4-335F-8C34-A9C84672E3AE}
	EndProjectSection
EndProject
Project("{8BC9CEB8-8B4A-11D0-8D11-00A0C91BC942}") = "next_container", "src\next\src\container\next_container.vcxproj", "{8A551E50-B53B-3FCF-ACBE-9F95AC15C298}"
	ProjectSection(ProjectDependencies) = postProject
		{1BBF1513-E862-314F-9B29-2049EB7917C3} = {1BBF1513-E862-314F-9B29-2049EB7917C3}
		{0AD9633D-D54A-3ED7-8564-85A3D8E9BD48} = {0AD9633D-D54A-3ED7-8564-85A3D8E9BD48}
		{1232878E-B9B4-335F-8C34-A9C84672E3AE} = {1232878E-B9B4-335F-8C34-A9C84672E3AE}
	EndProjectSection
EndProject
Project("{8BC9CEB8-8B4A-11D0-8D11-00A0C91BC942}") = "next_control", "src\control\next_control.vcxproj", "{955EE346-4720-3821-947A-5FFBE8FA736C}"
	ProjectSection(ProjectDependencies) = postProject
		{1BBF1513-E862-314F-9B29-2049EB7917C3} = {1BBF1513-E862-314F-9B29-2049EB7917C3}
		{0AD9633D-D54A-3ED7-8564-85A3D8E9BD48} = {0AD9633D-D54A-3ED7-8564-85A3D8E9BD48}
		{1232878E-B9B4-335F-8C34-A9C84672E3AE} = {1232878E-B9B4-335F-8C34-A9C84672E3AE}
		{0D8F713A-BA67-3C91-9B34-EB0B2D9332AD} = {0D8F713A-BA67-3C91-9B34-EB0B2D9332AD}
	EndProjectSection
EndProject
Project("{8BC9CEB8-8B4A-11D0-8D11-00A0C91BC942}") = "next_controlbridge", "src\bridges\controlbridge\next_controlbridge.vcxproj", "{B83631BF-90C3-3329-8F01-80D7D292487E}"
	ProjectSection(ProjectDependencies) = postProject
		{1BBF1513-E862-314F-9B29-2049EB7917C3} = {1BBF1513-E862-314F-9B29-2049EB7917C3}
		{8A8BD18F-B4DF-3F5B-B3FA-D445F1EFDEA5} = {8A8BD18F-B4DF-3F5B-B3FA-D445F1EFDEA5}
		{0AD9633D-D54A-3ED7-8564-85A3D8E9BD48} = {0AD9633D-D54A-3ED7-8564-85A3D8E9BD48}
		{955EE346-4720-3821-947A-5FFBE8FA736C} = {955EE346-4720-3821-947A-5FFBE8FA736C}
		{1232878E-B9B4-335F-8C34-A9C84672E3AE} = {1232878E-B9B4-335F-8C34-A9C84672E3AE}
		{50CB96F2-7F3A-3BA2-ACFF-484FEC15E464} = {50CB96F2-7F3A-3BA2-ACFF-484FEC15E464}
	EndProjectSection
EndProject
Project("{8BC9CEB8-8B4A-11D0-8D11-00A0C91BC942}") = "next_databridge", "src\bridges\databridge\next_databridge.vcxproj", "{0B552955-EFAA-30CF-BDBF-F109010A0AFF}"
	ProjectSection(ProjectDependencies) = postProject
		{1BBF1513-E862-314F-9B29-2049EB7917C3} = {1BBF1513-E862-314F-9B29-2049EB7917C3}
		{A44A9713-F6B2-34D7-A470-7B46EE100F95} = {A44A9713-F6B2-34D7-A470-7B46EE100F95}
		{0AD9633D-D54A-3ED7-8564-85A3D8E9BD48} = {0AD9633D-D54A-3ED7-8564-85A3D8E9BD48}
		{955EE346-4720-3821-947A-5FFBE8FA736C} = {955EE346-4720-3821-947A-5FFBE8FA736C}
		{2A9E8290-752D-353F-9C73-419C6C053908} = {2A9E8290-752D-353F-9C73-419C6C053908}
		{1232878E-B9B4-335F-8C34-A9C84672E3AE} = {1232878E-B9B4-335F-8C34-A9C84672E3AE}
		{0D8F713A-BA67-3C91-9B34-EB0B2D9332AD} = {0D8F713A-BA67-3C91-9B34-EB0B2D9332AD}
		{50CB96F2-7F3A-3BA2-ACFF-484FEC15E464} = {50CB96F2-7F3A-3BA2-ACFF-484FEC15E464}
	EndProjectSection
EndProject
Project("{8BC9CEB8-8B4A-11D0-8D11-00A0C91BC942}") = "next_example_node", "examples\simulation_node_example\next_example_node.vcxproj", "{CB6DB44E-3EDC-31E6-A274-4D5D15FAC6B2}"
	ProjectSection(ProjectDependencies) = postProject
		{1BBF1513-E862-314F-9B29-2049EB7917C3} = {1BBF1513-E862-314F-9B29-2049EB7917C3}
		{24F8A93E-3846-3DF4-B94E-944B7EFE62AB} = {24F8A93E-3846-3DF4-B94E-944B7EFE62AB}
		{0AD9633D-D54A-3ED7-8564-85A3D8E9BD48} = {0AD9633D-D54A-3ED7-8564-85A3D8E9BD48}
		{955EE346-4720-3821-947A-5FFBE8FA736C} = {955EE346-4720-3821-947A-5FFBE8FA736C}
		{1232878E-B9B4-335F-8C34-A9C84672E3AE} = {1232878E-B9B4-335F-8C34-A9C84672E3AE}
		{0D8F713A-BA67-3C91-9B34-EB0B2D9332AD} = {0D8F713A-BA67-3C91-9B34-EB0B2D9332AD}
	EndProjectSection
EndProject
Project("{8BC9CEB8-8B4A-11D0-8D11-00A0C91BC942}") = "next_player", "src\player\next_player.vcxproj", "{CB763246-397A-3F8D-8A49-598B8F3143B8}"
	ProjectSection(ProjectDependencies) = postProject
		{1BBF1513-E862-314F-9B29-2049EB7917C3} = {1BBF1513-E862-314F-9B29-2049EB7917C3}
		{0AD9633D-D54A-3ED7-8564-85A3D8E9BD48} = {0AD9633D-D54A-3ED7-8564-85A3D8E9BD48}
		{955EE346-4720-3821-947A-5FFBE8FA736C} = {955EE346-4720-3821-947A-5FFBE8FA736C}
		{1232878E-B9B4-335F-8C34-A9C84672E3AE} = {1232878E-B9B4-335F-8C34-A9C84672E3AE}
		{0D8F713A-BA67-3C91-9B34-EB0B2D9332AD} = {0D8F713A-BA67-3C91-9B34-EB0B2D9332AD}
	EndProjectSection
EndProject
Project("{8BC9CEB8-8B4A-11D0-8D11-00A0C91BC942}") = "next_plugin", "src\bridges\bridgesdk\next_plugin.vcxproj", "{2A9E8290-752D-353F-9C73-419C6C053908}"
	ProjectSection(ProjectDependencies) = postProject
		{1BBF1513-E862-314F-9B29-2049EB7917C3} = {1BBF1513-E862-314F-9B29-2049EB7917C3}
		{761FC32E-1613-3799-B739-8971770FFE46} = {761FC32E-1613-3799-B739-8971770FFE46}
		{DF5FAE89-E2F0-33E6-9256-922AEDA04540} = {DF5FAE89-E2F0-33E6-9256-922AEDA04540}
		{1232878E-B9B4-335F-8C34-A9C84672E3AE} = {1232878E-B9B4-335F-8C34-A9C84672E3AE}
		{0D8F713A-BA67-3C91-9B34-EB0B2D9332AD} = {0D8F713A-BA67-3C91-9B34-EB0B2D9332AD}
	EndProjectSection
EndProject
Project("{8BC9CEB8-8B4A-11D0-8D11-00A0C91BC942}") = "next_sdk", "src\sdk\sdk\next_sdk.vcxproj", "{1232878E-B9B4-335F-8C34-A9C84672E3AE}"
	ProjectSection(ProjectDependencies) = postProject
		{1BBF1513-E862-314F-9B29-2049EB7917C3} = {1BBF1513-E862-314F-9B29-2049EB7917C3}
	EndProjectSection
EndProject
Project("{8BC9CEB8-8B4A-11D0-8D11-00A0C91BC942}") = "next_subscriber_app", "examples\subscriber_app\next_subscriber_app.vcxproj", "{81244BE6-1163-32BD-885F-CDA9E272DDC0}"
	ProjectSection(ProjectDependencies) = postProject
		{1BBF1513-E862-314F-9B29-2049EB7917C3} = {1BBF1513-E862-314F-9B29-2049EB7917C3}
		{24F8A93E-3846-3DF4-B94E-944B7EFE62AB} = {24F8A93E-3846-3DF4-B94E-944B7EFE62AB}
		{0AD9633D-D54A-3ED7-8564-85A3D8E9BD48} = {0AD9633D-D54A-3ED7-8564-85A3D8E9BD48}
		{955EE346-4720-3821-947A-5FFBE8FA736C} = {955EE346-4720-3821-947A-5FFBE8FA736C}
		{1232878E-B9B4-335F-8C34-A9C84672E3AE} = {1232878E-B9B4-335F-8C34-A9C84672E3AE}
		{0D8F713A-BA67-3C91-9B34-EB0B2D9332AD} = {0D8F713A-BA67-3C91-9B34-EB0B2D9332AD}
	EndProjectSection
EndProject
Project("{8BC9CEB8-8B4A-11D0-8D11-00A0C91BC942}") = "next_udex", "src\udex\next_udex.vcxproj", "{0D8F713A-BA67-3C91-9B34-EB0B2D9332AD}"
	ProjectSection(ProjectDependencies) = postProject
		{1BBF1513-E862-314F-9B29-2049EB7917C3} = {1BBF1513-E862-314F-9B29-2049EB7917C3}
		{0AD9633D-D54A-3ED7-8564-85A3D8E9BD48} = {0AD9633D-D54A-3ED7-8564-85A3D8E9BD48}
		{1232878E-B9B4-335F-8C34-A9C84672E3AE} = {1232878E-B9B4-335F-8C34-A9C84672E3AE}
	EndProjectSection
EndProject
Project("{8BC9CEB8-8B4A-11D0-8D11-00A0C91BC942}") = "system_ECalMonitor", "src\bridges\plugins\core\system_EcalMonitor\system_ECalMonitor.vcxproj", "{EA0C410A-B85E-3B22-984A-BA37FD0D6801}"
	ProjectSection(ProjectDependencies) = postProject
		{F94EA76D-DD13-301C-BCA3-0C62EB18610B} = {F94EA76D-DD13-301C-BCA3-0C62EB18610B}
		{1BBF1513-E862-314F-9B29-2049EB7917C3} = {1BBF1513-E862-314F-9B29-2049EB7917C3}
		{2A9E8290-752D-353F-9C73-419C6C053908} = {2A9E8290-752D-353F-9C73-419C6C053908}
		{1232878E-B9B4-335F-8C34-A9C84672E3AE} = {1232878E-B9B4-335F-8C34-A9C84672E3AE}
		{0D8F713A-BA67-3C91-9B34-EB0B2D9332AD} = {0D8F713A-BA67-3C91-9B34-EB0B2D9332AD}
	EndProjectSection
EndProject
Project("{8BC9CEB8-8B4A-11D0-8D11-00A0C91BC942}") = "system_PerformanceViewer", "src\bridges\plugins\core\system_PerformanceViewer\system_PerformanceViewer.vcxproj", "{FFB869CD-94E6-3A90-A0B6-D9D7E3D1780F}"
	ProjectSection(ProjectDependencies) = postProject
		{F94EA76D-DD13-301C-BCA3-0C62EB18610B} = {F94EA76D-DD13-301C-BCA3-0C62EB18610B}
		{1BBF1513-E862-314F-9B29-2049EB7917C3} = {1BBF1513-E862-314F-9B29-2049EB7917C3}
		{2A9E8290-752D-353F-9C73-419C6C053908} = {2A9E8290-752D-353F-9C73-419C6C053908}
		{1232878E-B9B4-335F-8C34-A9C84672E3AE} = {1232878E-B9B4-335F-8C34-A9C84672E3AE}
		{0D8F713A-BA67-3C91-9B34-EB0B2D9332AD} = {0D8F713A-BA67-3C91-9B34-EB0B2D9332AD}
	EndProjectSection
EndProject
Project("{8BC9CEB8-8B4A-11D0-8D11-00A0C91BC942}") = "system_RawFrameView", "src\bridges\plugins\core\system_RawFrameView\system_RawFrameView.vcxproj", "{6BB770A5-E587-3CBE-B334-B4A25636CFAF}"
	ProjectSection(ProjectDependencies) = postProject
		{1BBF1513-E862-314F-9B29-2049EB7917C3} = {1BBF1513-E862-314F-9B29-2049EB7917C3}
		{761FC32E-1613-3799-B739-8971770FFE46} = {761FC32E-1613-3799-B739-8971770FFE46}
		{2A9E8290-752D-353F-9C73-419C6C053908} = {2A9E8290-752D-353F-9C73-419C6C053908}
		{1232878E-B9B4-335F-8C34-A9C84672E3AE} = {1232878E-B9B4-335F-8C34-A9C84672E3AE}
		{0D8F713A-BA67-3C91-9B34-EB0B2D9332AD} = {0D8F713A-BA67-3C91-9B34-EB0B2D9332AD}
	EndProjectSection
EndProject
Project("{8BC9CEB8-8B4A-11D0-8D11-00A0C91BC942}") = "system_RecExporter", "src\bridges\plugins\core\system_RecExporter\system_RecExporter.vcxproj", "{606E694A-5B38-3B63-922B-28025B8E5CDD}"
	ProjectSection(ProjectDependencies) = postProject
		{1BBF1513-E862-314F-9B29-2049EB7917C3} = {1BBF1513-E862-314F-9B29-2049EB7917C3}
		{0AD9633D-D54A-3ED7-8564-85A3D8E9BD48} = {0AD9633D-D54A-3ED7-8564-85A3D8E9BD48}
		{2A9E8290-752D-353F-9C73-419C6C053908} = {2A9E8290-752D-353F-9C73-419C6C053908}
		{1232878E-B9B4-335F-8C34-A9C84672E3AE} = {1232878E-B9B4-335F-8C34-A9C84672E3AE}
		{0D8F713A-BA67-3C91-9B34-EB0B2D9332AD} = {0D8F713A-BA67-3C91-9B34-EB0B2D9332AD}
	EndProjectSection
EndProject
Project("{8BC9CEB8-8B4A-11D0-8D11-00A0C91BC942}") = "system_ReferenceCamera", "src\bridges\plugins\core\system_ReferenceCamera\system_ReferenceCamera.vcxproj", "{2F8B3ABE-738A-3364-A8BD-88E70299C382}"
	ProjectSection(ProjectDependencies) = postProject
		{1BBF1513-E862-314F-9B29-2049EB7917C3} = {1BBF1513-E862-314F-9B29-2049EB7917C3}
		{761FC32E-1613-3799-B739-8971770FFE46} = {761FC32E-1613-3799-B739-8971770FFE46}
		{2A9E8290-752D-353F-9C73-419C6C053908} = {2A9E8290-752D-353F-9C73-419C6C053908}
		{1232878E-B9B4-335F-8C34-A9C84672E3AE} = {1232878E-B9B4-335F-8C34-A9C84672E3AE}
		{0D8F713A-BA67-3C91-9B34-EB0B2D9332AD} = {0D8F713A-BA67-3C91-9B34-EB0B2D9332AD}
	EndProjectSection
EndProject
Project("{8BC9CEB8-8B4A-11D0-8D11-00A0C91BC942}") = "system_SignalExporter", "src\bridges\plugins\core\system_SignalExporter\system_SignalExporter.vcxproj", "{E5D58C42-C526-3CDE-B6A9-4CACEAA52956}"
	ProjectSection(ProjectDependencies) = postProject
		{1BBF1513-E862-314F-9B29-2049EB7917C3} = {1BBF1513-E862-314F-9B29-2049EB7917C3}
		{0AD9633D-D54A-3ED7-8564-85A3D8E9BD48} = {0AD9633D-D54A-3ED7-8564-85A3D8E9BD48}
		{2A9E8290-752D-353F-9C73-419C6C053908} = {2A9E8290-752D-353F-9C73-419C6C053908}
		{1232878E-B9B4-335F-8C34-A9C84672E3AE} = {1232878E-B9B4-335F-8C34-A9C84672E3AE}
		{0D8F713A-BA67-3C91-9B34-EB0B2D9332AD} = {0D8F713A-BA67-3C91-9B34-EB0B2D9332AD}
	EndProjectSection
EndProject
Project("{8BC9CEB8-8B4A-11D0-8D11-00A0C91BC942}") = "system_SignalList", "src\bridges\plugins\core\system_SignalList\system_SignalList.vcxproj", "{DEB1CF37-0E73-30F8-9FC8-7A7252F246BE}"
	ProjectSection(ProjectDependencies) = postProject
		{1BBF1513-E862-314F-9B29-2049EB7917C3} = {1BBF1513-E862-314F-9B29-2049EB7917C3}
		{2A9E8290-752D-353F-9C73-419C6C053908} = {2A9E8290-752D-353F-9C73-419C6C053908}
		{1232878E-B9B4-335F-8C34-A9C84672E3AE} = {1232878E-B9B4-335F-8C34-A9C84672E3AE}
		{0D8F713A-BA67-3C91-9B34-EB0B2D9332AD} = {0D8F713A-BA67-3C91-9B34-EB0B2D9332AD}
	EndProjectSection
EndProject
Project("{8BC9CEB8-8B4A-11D0-8D11-00A0C91BC942}") = "system_SignalProvider", "src\bridges\plugins\core\system_SignalProvider\system_SignalProvider.vcxproj", "{58B8937C-3A4E-30DD-A5EA-2FF903983CC6}"
	ProjectSection(ProjectDependencies) = postProject
		{1BBF1513-E862-314F-9B29-2049EB7917C3} = {1BBF1513-E862-314F-9B29-2049EB7917C3}
		{2A9E8290-752D-353F-9C73-419C6C053908} = {2A9E8290-752D-353F-9C73-419C6C053908}
		{1232878E-B9B4-335F-8C34-A9C84672E3AE} = {1232878E-B9B4-335F-8C34-A9C84672E3AE}
		{0D8F713A-BA67-3C91-9B34-EB0B2D9332AD} = {0D8F713A-BA67-3C91-9B34-EB0B2D9332AD}
	EndProjectSection
EndProject
Project("{8BC9CEB8-8B4A-11D0-8D11-00A0C91BC942}") = "system_SignalRawData", "src\bridges\plugins\core\system_SignalRawData\system_SignalRawData.vcxproj", "{3849B046-4FBB-338E-8A77-D54EB7076A0F}"
	ProjectSection(ProjectDependencies) = postProject
		{1BBF1513-E862-314F-9B29-2049EB7917C3} = {1BBF1513-E862-314F-9B29-2049EB7917C3}
		{2A9E8290-752D-353F-9C73-419C6C053908} = {2A9E8290-752D-353F-9C73-419C6C053908}
		{1232878E-B9B4-335F-8C34-A9C84672E3AE} = {1232878E-B9B4-335F-8C34-A9C84672E3AE}
		{0D8F713A-BA67-3C91-9B34-EB0B2D9332AD} = {0D8F713A-BA67-3C91-9B34-EB0B2D9332AD}
	EndProjectSection
EndProject
Project("{8BC9CEB8-8B4A-11D0-8D11-00A0C91BC942}") = "view3D_ArrayTpObjects", "src\bridges\plugins\core\view3D_ArrayTpObjects\view3D_ArrayTpObjects.vcxproj", "{F165ECF1-D3CC-3B57-8020-F85B791509A3}"
	ProjectSection(ProjectDependencies) = postProject
		{3818BD4C-4F66-3B26-ACD8-880EC6DED91A} = {3818BD4C-4F66-3B26-ACD8-880EC6DED91A}
		{1BBF1513-E862-314F-9B29-2049EB7917C3} = {1BBF1513-E862-314F-9B29-2049EB7917C3}
		{2A9E8290-752D-353F-9C73-419C6C053908} = {2A9E8290-752D-353F-9C73-419C6C053908}
		{1232878E-B9B4-335F-8C34-A9C84672E3AE} = {1232878E-B9B4-335F-8C34-A9C84672E3AE}
		{0D8F713A-BA67-3C91-9B34-EB0B2D9332AD} = {0D8F713A-BA67-3C91-9B34-EB0B2D9332AD}
	EndProjectSection
EndProject
Project("{8BC9CEB8-8B4A-11D0-8D11-00A0C91BC942}") = "view3D_CanTpObjects", "src\bridges\plugins\core\view3D_CanTpObjects\view3D_CanTpObjects.vcxproj", "{518B4C39-FCBE-3875-87EF-F78B65B2B47F}"
	ProjectSection(ProjectDependencies) = postProject
		{3818BD4C-4F66-3B26-ACD8-880EC6DED91A} = {3818BD4C-4F66-3B26-ACD8-880EC6DED91A}
		{1BBF1513-E862-314F-9B29-2049EB7917C3} = {1BBF1513-E862-314F-9B29-2049EB7917C3}
		{0AD9633D-D54A-3ED7-8564-85A3D8E9BD48} = {0AD9633D-D54A-3ED7-8564-85A3D8E9BD48}
		{2A9E8290-752D-353F-9C73-419C6C053908} = {2A9E8290-752D-353F-9C73-419C6C053908}
		{1232878E-B9B4-335F-8C34-A9C84672E3AE} = {1232878E-B9B4-335F-8C34-A9C84672E3AE}
		{0D8F713A-BA67-3C91-9B34-EB0B2D9332AD} = {0D8F713A-BA67-3C91-9B34-EB0B2D9332AD}
	EndProjectSection
EndProject
Project("{8BC9CEB8-8B4A-11D0-8D11-00A0C91BC942}") = "view3D_EgoVehicle", "src\bridges\plugins\core\view3D_EgoVehicle\view3D_EgoVehicle.vcxproj", "{E61FD2C3-A8ED-3D76-8041-AFF67AB410B3}"
	ProjectSection(ProjectDependencies) = postProject
		{3818BD4C-4F66-3B26-ACD8-880EC6DED91A} = {3818BD4C-4F66-3B26-ACD8-880EC6DED91A}
		{1BBF1513-E862-314F-9B29-2049EB7917C3} = {1BBF1513-E862-314F-9B29-2049EB7917C3}
		{0AD9633D-D54A-3ED7-8564-85A3D8E9BD48} = {0AD9633D-D54A-3ED7-8564-85A3D8E9BD48}
		{2A9E8290-752D-353F-9C73-419C6C053908} = {2A9E8290-752D-353F-9C73-419C6C053908}
		{1232878E-B9B4-335F-8C34-A9C84672E3AE} = {1232878E-B9B4-335F-8C34-A9C84672E3AE}
		{0D8F713A-BA67-3C91-9B34-EB0B2D9332AD} = {0D8F713A-BA67-3C91-9B34-EB0B2D9332AD}
	EndProjectSection
EndProject
Project("{8BC9CEB8-8B4A-11D0-8D11-00A0C91BC942}") = "view3D_PointCloud", "src\bridges\plugins\core\view3D_PointCloud\view3D_PointCloud.vcxproj", "{3BE29033-73E2-33F5-80F7-497E7403B172}"
	ProjectSection(ProjectDependencies) = postProject
		{3818BD4C-4F66-3B26-ACD8-880EC6DED91A} = {3818BD4C-4F66-3B26-ACD8-880EC6DED91A}
		{1BBF1513-E862-314F-9B29-2049EB7917C3} = {1BBF1513-E862-314F-9B29-2049EB7917C3}
		{0AD9633D-D54A-3ED7-8564-85A3D8E9BD48} = {0AD9633D-D54A-3ED7-8564-85A3D8E9BD48}
		{2A9E8290-752D-353F-9C73-419C6C053908} = {2A9E8290-752D-353F-9C73-419C6C053908}
		{1232878E-B9B4-335F-8C34-A9C84672E3AE} = {1232878E-B9B4-335F-8C34-A9C84672E3AE}
		{0D8F713A-BA67-3C91-9B34-EB0B2D9332AD} = {0D8F713A-BA67-3C91-9B34-EB0B2D9332AD}
	EndProjectSection
EndProject
Project("{8BC9CEB8-8B4A-11D0-8D11-00A0C91BC942}") = "view3D_Road", "src\bridges\plugins\core\view3D_Road\view3D_Road.vcxproj", "{BB51A1ED-6FAE-354D-A6EE-38747501EBB6}"
	ProjectSection(ProjectDependencies) = postProject
		{3818BD4C-4F66-3B26-ACD8-880EC6DED91A} = {3818BD4C-4F66-3B26-ACD8-880EC6DED91A}
		{1BBF1513-E862-314F-9B29-2049EB7917C3} = {1BBF1513-E862-314F-9B29-2049EB7917C3}
		{0AD9633D-D54A-3ED7-8564-85A3D8E9BD48} = {0AD9633D-D54A-3ED7-8564-85A3D8E9BD48}
		{2A9E8290-752D-353F-9C73-419C6C053908} = {2A9E8290-752D-353F-9C73-419C6C053908}
		{1232878E-B9B4-335F-8C34-A9C84672E3AE} = {1232878E-B9B4-335F-8C34-A9C84672E3AE}
		{0D8F713A-BA67-3C91-9B34-EB0B2D9332AD} = {0D8F713A-BA67-3C91-9B34-EB0B2D9332AD}
	EndProjectSection
EndProject
Project("{8BC9CEB8-8B4A-11D0-8D11-00A0C91BC942}") = "view3D_StructTpObjects", "src\bridges\plugins\core\view3D_StructTpObjects\view3D_StructTpObjects.vcxproj", "{83EEAD59-CC37-3E8D-9A6F-A09B204E6D15}"
	ProjectSection(ProjectDependencies) = postProject
		{3818BD4C-4F66-3B26-ACD8-880EC6DED91A} = {3818BD4C-4F66-3B26-ACD8-880EC6DED91A}
		{1BBF1513-E862-314F-9B29-2049EB7917C3} = {1BBF1513-E862-314F-9B29-2049EB7917C3}
		{0AD9633D-D54A-3ED7-8564-85A3D8E9BD48} = {0AD9633D-D54A-3ED7-8564-85A3D8E9BD48}
		{2A9E8290-752D-353F-9C73-419C6C053908} = {2A9E8290-752D-353F-9C73-419C6C053908}
		{1232878E-B9B4-335F-8C34-A9C84672E3AE} = {1232878E-B9B4-335F-8C34-A9C84672E3AE}
		{0D8F713A-BA67-3C91-9B34-EB0B2D9332AD} = {0D8F713A-BA67-3C91-9B34-EB0B2D9332AD}
	EndProjectSection
EndProject
Project("{8BC9CEB8-8B4A-11D0-8D11-00A0C91BC942}") = "web_server", "src\bridges\bridgesdk\web_server.vcxproj", "{50CB96F2-7F3A-3BA2-ACFF-484FEC15E464}"
	ProjectSection(ProjectDependencies) = postProject
		{1BBF1513-E862-314F-9B29-2049EB7917C3} = {1BBF1513-E862-314F-9B29-2049EB7917C3}
		{1232878E-B9B4-335F-8C34-A9C84672E3AE} = {1232878E-B9B4-335F-8C34-A9C84672E3AE}
	EndProjectSection
EndProject
Global
	GlobalSection(SolutionConfigurationPlatforms) = preSolution
		Release|x64 = Release|x64
	EndGlobalSection
	GlobalSection(ProjectConfigurationPlatforms) = postSolution
		{C72A7228-1D4B-3660-B949-1CA4DD48B51B}.Release|x64.ActiveCfg = Release|x64
		{C72A7228-1D4B-3660-B949-1CA4DD48B51B}.Release|x64.Build.0 = Release|x64
		{740B46B7-BB27-324C-B6E2-B221E5C2A051}.Release|x64.ActiveCfg = Release|x64
		{45FF75BB-67F8-3446-AC8D-DA44646F07D1}.Release|x64.ActiveCfg = Release|x64
		{66123D8A-B5FA-3703-94D7-E19935A98F10}.Release|x64.ActiveCfg = Release|x64
		{66123D8A-B5FA-3703-94D7-E19935A98F10}.Release|x64.Build.0 = Release|x64
		{3818BD4C-4F66-3B26-ACD8-880EC6DED91A}.Release|x64.ActiveCfg = Release|x64
		{3818BD4C-4F66-3B26-ACD8-880EC6DED91A}.Release|x64.Build.0 = Release|x64
		{ECABCC34-CF08-3A70-9C63-13FE03C48064}.Release|x64.ActiveCfg = Release|x64
		{ECABCC34-CF08-3A70-9C63-13FE03C48064}.Release|x64.Build.0 = Release|x64
		{F94EA76D-DD13-301C-BCA3-0C62EB18610B}.Release|x64.ActiveCfg = Release|x64
		{F94EA76D-DD13-301C-BCA3-0C62EB18610B}.Release|x64.Build.0 = Release|x64
		{29CEB07A-75C4-349D-94AE-9C9E638238EC}.Release|x64.ActiveCfg = Release|x64
		{29CEB07A-75C4-349D-94AE-9C9E638238EC}.Release|x64.Build.0 = Release|x64
		{01CF5BCF-E678-30FC-A806-3F0E4C05E514}.Release|x64.ActiveCfg = Release|x64
		{5A9EA31A-AC5F-3023-A386-B68869C99AD6}.Release|x64.ActiveCfg = Release|x64
		{E216E3E6-43DC-3AFB-B8B0-8D34863F3357}.Release|x64.ActiveCfg = Release|x64
		{894CDC3E-5258-3B31-9811-0A2F9DC5A67B}.Release|x64.ActiveCfg = Release|x64
		{DB5ADAFB-EC24-3C19-A27A-6DDE12C19634}.Release|x64.ActiveCfg = Release|x64
		{C0FD9DE3-4385-31D2-B220-F2FC51F46C3E}.Release|x64.ActiveCfg = Release|x64
		{1BBF1513-E862-314F-9B29-2049EB7917C3}.Release|x64.ActiveCfg = Release|x64
		{1BBF1513-E862-314F-9B29-2049EB7917C3}.Release|x64.Build.0 = Release|x64
		{761FC32E-1613-3799-B739-8971770FFE46}.Release|x64.ActiveCfg = Release|x64
		{761FC32E-1613-3799-B739-8971770FFE46}.Release|x64.Build.0 = Release|x64
		{8A8BD18F-B4DF-3F5B-B3FA-D445F1EFDEA5}.Release|x64.ActiveCfg = Release|x64
		{8A8BD18F-B4DF-3F5B-B3FA-D445F1EFDEA5}.Release|x64.Build.0 = Release|x64
		{DF5FAE89-E2F0-33E6-9256-922AEDA04540}.Release|x64.ActiveCfg = Release|x64
		{DF5FAE89-E2F0-33E6-9256-922AEDA04540}.Release|x64.Build.0 = Release|x64
		{A44A9713-F6B2-34D7-A470-7B46EE100F95}.Release|x64.ActiveCfg = Release|x64
		{A44A9713-F6B2-34D7-A470-7B46EE100F95}.Release|x64.Build.0 = Release|x64
		{C8A54985-D51F-3297-8D14-04F96F498A72}.Release|x64.ActiveCfg = Release|x64
		{C8A54985-D51F-3297-8D14-04F96F498A72}.Release|x64.Build.0 = Release|x64
		{AC22CB2B-5F05-3F61-81F6-CC9B5115E7FF}.Release|x64.ActiveCfg = Release|x64
		{AC22CB2B-5F05-3F61-81F6-CC9B5115E7FF}.Release|x64.Build.0 = Release|x64
		{24F8A93E-3846-3DF4-B94E-944B7EFE62AB}.Release|x64.ActiveCfg = Release|x64
		{24F8A93E-3846-3DF4-B94E-944B7EFE62AB}.Release|x64.Build.0 = Release|x64
		{0AD9633D-D54A-3ED7-8564-85A3D8E9BD48}.Release|x64.ActiveCfg = Release|x64
		{0AD9633D-D54A-3ED7-8564-85A3D8E9BD48}.Release|x64.Build.0 = Release|x64
		{8A551E50-B53B-3FCF-ACBE-9F95AC15C298}.Release|x64.ActiveCfg = Release|x64
		{8A551E50-B53B-3FCF-ACBE-9F95AC15C298}.Release|x64.Build.0 = Release|x64
		{955EE346-4720-3821-947A-5FFBE8FA736C}.Release|x64.ActiveCfg = Release|x64
		{955EE346-4720-3821-947A-5FFBE8FA736C}.Release|x64.Build.0 = Release|x64
		{B83631BF-90C3-3329-8F01-80D7D292487E}.Release|x64.ActiveCfg = Release|x64
		{B83631BF-90C3-3329-8F01-80D7D292487E}.Release|x64.Build.0 = Release|x64
		{0B552955-EFAA-30CF-BDBF-F109010A0AFF}.Release|x64.ActiveCfg = Release|x64
		{0B552955-EFAA-30CF-BDBF-F109010A0AFF}.Release|x64.Build.0 = Release|x64
		{CB6DB44E-3EDC-31E6-A274-4D5D15FAC6B2}.Release|x64.ActiveCfg = Release|x64
		{CB6DB44E-3EDC-31E6-A274-4D5D15FAC6B2}.Release|x64.Build.0 = Release|x64
		{CB763246-397A-3F8D-8A49-598B8F3143B8}.Release|x64.ActiveCfg = Release|x64
		{CB763246-397A-3F8D-8A49-598B8F3143B8}.Release|x64.Build.0 = Release|x64
		{2A9E8290-752D-353F-9C73-419C6C053908}.Release|x64.ActiveCfg = Release|x64
		{2A9E8290-752D-353F-9C73-419C6C053908}.Release|x64.Build.0 = Release|x64
		{1232878E-B9B4-335F-8C34-A9C84672E3AE}.Release|x64.ActiveCfg = Release|x64
		{1232878E-B9B4-335F-8C34-A9C84672E3AE}.Release|x64.Build.0 = Release|x64
		{81244BE6-1163-32BD-885F-CDA9E272DDC0}.Release|x64.ActiveCfg = Release|x64
		{81244BE6-1163-32BD-885F-CDA9E272DDC0}.Release|x64.Build.0 = Release|x64
		{0D8F713A-BA67-3C91-9B34-EB0B2D9332AD}.Release|x64.ActiveCfg = Release|x64
		{0D8F713A-BA67-3C91-9B34-EB0B2D9332AD}.Release|x64.Build.0 = Release|x64
		{EA0C410A-B85E-3B22-984A-BA37FD0D6801}.Release|x64.ActiveCfg = Release|x64
		{EA0C410A-B85E-3B22-984A-BA37FD0D6801}.Release|x64.Build.0 = Release|x64
		{FFB869CD-94E6-3A90-A0B6-D9D7E3D1780F}.Release|x64.ActiveCfg = Release|x64
		{FFB869CD-94E6-3A90-A0B6-D9D7E3D1780F}.Release|x64.Build.0 = Release|x64
		{6BB770A5-E587-3CBE-B334-B4A25636CFAF}.Release|x64.ActiveCfg = Release|x64
		{6BB770A5-E587-3CBE-B334-B4A25636CFAF}.Release|x64.Build.0 = Release|x64
		{606E694A-5B38-3B63-922B-28025B8E5CDD}.Release|x64.ActiveCfg = Release|x64
		{606E694A-5B38-3B63-922B-28025B8E5CDD}.Release|x64.Build.0 = Release|x64
		{2F8B3ABE-738A-3364-A8BD-88E70299C382}.Release|x64.ActiveCfg = Release|x64
		{2F8B3ABE-738A-3364-A8BD-88E70299C382}.Release|x64.Build.0 = Release|x64
		{E5D58C42-C526-3CDE-B6A9-4CACEAA52956}.Release|x64.ActiveCfg = Release|x64
		{E5D58C42-C526-3CDE-B6A9-4CACEAA52956}.Release|x64.Build.0 = Release|x64
		{DEB1CF37-0E73-30F8-9FC8-7A7252F246BE}.Release|x64.ActiveCfg = Release|x64
		{DEB1CF37-0E73-30F8-9FC8-7A7252F246BE}.Release|x64.Build.0 = Release|x64
		{58B8937C-3A4E-30DD-A5EA-2FF903983CC6}.Release|x64.ActiveCfg = Release|x64
		{58B8937C-3A4E-30DD-A5EA-2FF903983CC6}.Release|x64.Build.0 = Release|x64
		{3849B046-4FBB-338E-8A77-D54EB7076A0F}.Release|x64.ActiveCfg = Release|x64
		{3849B046-4FBB-338E-8A77-D54EB7076A0F}.Release|x64.Build.0 = Release|x64
		{F165ECF1-D3CC-3B57-8020-F85B791509A3}.Release|x64.ActiveCfg = Release|x64
		{F165ECF1-D3CC-3B57-8020-F85B791509A3}.Release|x64.Build.0 = Release|x64
		{518B4C39-FCBE-3875-87EF-F78B65B2B47F}.Release|x64.ActiveCfg = Release|x64
		{518B4C39-FCBE-3875-87EF-F78B65B2B47F}.Release|x64.Build.0 = Release|x64
		{E61FD2C3-A8ED-3D76-8041-AFF67AB410B3}.Release|x64.ActiveCfg = Release|x64
		{E61FD2C3-A8ED-3D76-8041-AFF67AB410B3}.Release|x64.Build.0 = Release|x64
		{3BE29033-73E2-33F5-80F7-497E7403B172}.Release|x64.ActiveCfg = Release|x64
		{3BE29033-73E2-33F5-80F7-497E7403B172}.Release|x64.Build.0 = Release|x64
		{BB51A1ED-6FAE-354D-A6EE-38747501EBB6}.Release|x64.ActiveCfg = Release|x64
		{BB51A1ED-6FAE-354D-A6EE-38747501EBB6}.Release|x64.Build.0 = Release|x64
		{83EEAD59-CC37-3E8D-9A6F-A09B204E6D15}.Release|x64.ActiveCfg = Release|x64
		{83EEAD59-CC37-3E8D-9A6F-A09B204E6D15}.Release|x64.Build.0 = Release|x64
		{50CB96F2-7F3A-3BA2-ACFF-484FEC15E464}.Release|x64.ActiveCfg = Release|x64
		{50CB96F2-7F3A-3BA2-ACFF-484FEC15E464}.Release|x64.Build.0 = Release|x64
	EndGlobalSection
	GlobalSection(NestedProjects) = preSolution
		{E216E3E6-43DC-3AFB-B8B0-8D34863F3357} = {FFB542CB-B29F-3261-ADE9-38008C28E03E}
		{F529F1DA-12CF-3C78-A8A3-83DB5F5E6DCE} = {9310420C-A5C8-3D67-BE05-23DB59FCE3BB}
		{EC68115B-0E83-35CC-B4ED-F96D80C920B8} = {9310420C-A5C8-3D67-BE05-23DB59FCE3BB}
		{99A462E8-CA43-3495-90E8-2BB0E87F791F} = {9310420C-A5C8-3D67-BE05-23DB59FCE3BB}
		{E15F2D0B-4604-3917-A606-F02715277A32} = {F529F1DA-12CF-3C78-A8A3-83DB5F5E6DCE}
		{2A9E8290-752D-353F-9C73-419C6C053908} = {F529F1DA-12CF-3C78-A8A3-83DB5F5E6DCE}
		{50CB96F2-7F3A-3BA2-ACFF-484FEC15E464} = {F529F1DA-12CF-3C78-A8A3-83DB5F5E6DCE}
		{761FC32E-1613-3799-B739-8971770FFE46} = {E15F2D0B-4604-3917-A606-F02715277A32}
		{8A8BD18F-B4DF-3F5B-B3FA-D445F1EFDEA5} = {EC68115B-0E83-35CC-B4ED-F96D80C920B8}
		{B83631BF-90C3-3329-8F01-80D7D292487E} = {EC68115B-0E83-35CC-B4ED-F96D80C920B8}
		{01F6DE5C-0068-31F7-B43D-8E7A4B32E027} = {99A462E8-CA43-3495-90E8-2BB0E87F791F}
		{A44A9713-F6B2-34D7-A470-7B46EE100F95} = {99A462E8-CA43-3495-90E8-2BB0E87F791F}
		{0B552955-EFAA-30CF-BDBF-F109010A0AFF} = {99A462E8-CA43-3495-90E8-2BB0E87F791F}
		{EA0C410A-B85E-3B22-984A-BA37FD0D6801} = {01F6DE5C-0068-31F7-B43D-8E7A4B32E027}
		{FFB869CD-94E6-3A90-A0B6-D9D7E3D1780F} = {01F6DE5C-0068-31F7-B43D-8E7A4B32E027}
		{6BB770A5-E587-3CBE-B334-B4A25636CFAF} = {01F6DE5C-0068-31F7-B43D-8E7A4B32E027}
		{606E694A-5B38-3B63-922B-28025B8E5CDD} = {01F6DE5C-0068-31F7-B43D-8E7A4B32E027}
		{2F8B3ABE-738A-3364-A8BD-88E70299C382} = {01F6DE5C-0068-31F7-B43D-8E7A4B32E027}
		{E5D58C42-C526-3CDE-B6A9-4CACEAA52956} = {01F6DE5C-0068-31F7-B43D-8E7A4B32E027}
		{DEB1CF37-0E73-30F8-9FC8-7A7252F246BE} = {01F6DE5C-0068-31F7-B43D-8E7A4B32E027}
		{58B8937C-3A4E-30DD-A5EA-2FF903983CC6} = {01F6DE5C-0068-31F7-B43D-8E7A4B32E027}
		{3849B046-4FBB-338E-8A77-D54EB7076A0F} = {01F6DE5C-0068-31F7-B43D-8E7A4B32E027}
		{F165ECF1-D3CC-3B57-8020-F85B791509A3} = {01F6DE5C-0068-31F7-B43D-8E7A4B32E027}
		{518B4C39-FCBE-3875-87EF-F78B65B2B47F} = {01F6DE5C-0068-31F7-B43D-8E7A4B32E027}
		{E61FD2C3-A8ED-3D76-8041-AFF67AB410B3} = {01F6DE5C-0068-31F7-B43D-8E7A4B32E027}
		{3BE29033-73E2-33F5-80F7-497E7403B172} = {01F6DE5C-0068-31F7-B43D-8E7A4B32E027}
		{BB51A1ED-6FAE-354D-A6EE-38747501EBB6} = {01F6DE5C-0068-31F7-B43D-8E7A4B32E027}
		{83EEAD59-CC37-3E8D-9A6F-A09B204E6D15} = {01F6DE5C-0068-31F7-B43D-8E7A4B32E027}
		{C72A7228-1D4B-3660-B949-1CA4DD48B51B} = {1146AEA4-EE08-30A7-A7BB-A0A4E4A4861F}
		{01CF5BCF-E678-30FC-A806-3F0E4C05E514} = {1146AEA4-EE08-30A7-A7BB-A0A4E4A4861F}
		{1BBF1513-E862-314F-9B29-2049EB7917C3} = {1146AEA4-EE08-30A7-A7BB-A0A4E4A4861F}
		{955EE346-4720-3821-947A-5FFBE8FA736C} = {A9F716FA-79B0-30EE-B76B-07010F6249BC}
		{24F8A93E-3846-3DF4-B94E-944B7EFE62AB} = {DF0A853F-B95F-3524-AC0C-A3817D75B97C}
		{8A551E50-B53B-3FCF-ACBE-9F95AC15C298} = {DF0A853F-B95F-3524-AC0C-A3817D75B97C}
		{CB763246-397A-3F8D-8A49-598B8F3143B8} = {ABBB13D0-D1A2-3321-9C19-13F20D111B07}
		{0AD9633D-D54A-3ED7-8564-85A3D8E9BD48} = {72ABFD4F-E254-372B-B85C-AEF031BFC73B}
		{1232878E-B9B4-335F-8C34-A9C84672E3AE} = {72ABFD4F-E254-372B-B85C-AEF031BFC73B}
		{0D8F713A-BA67-3C91-9B34-EB0B2D9332AD} = {5E718B37-C894-3E12-8012-E2EF65549F03}
		{740B46B7-BB27-324C-B6E2-B221E5C2A051} = {276743D4-8484-3BE9-BCB6-AA53C54BEF0A}
		{45FF75BB-67F8-3446-AC8D-DA44646F07D1} = {276743D4-8484-3BE9-BCB6-AA53C54BEF0A}
		{5A9EA31A-AC5F-3023-A386-B68869C99AD6} = {276743D4-8484-3BE9-BCB6-AA53C54BEF0A}
		{894CDC3E-5258-3B31-9811-0A2F9DC5A67B} = {276743D4-8484-3BE9-BCB6-AA53C54BEF0A}
		{DB5ADAFB-EC24-3C19-A27A-6DDE12C19634} = {276743D4-8484-3BE9-BCB6-AA53C54BEF0A}
		{C0FD9DE3-4385-31D2-B220-F2FC51F46C3E} = {276743D4-8484-3BE9-BCB6-AA53C54BEF0A}
		{DF5FAE89-E2F0-33E6-9256-922AEDA04540} = {21DE7EB3-4E86-3F08-AC56-B2407C3CDA34}
	EndGlobalSection
	GlobalSection(ExtensibilityGlobals) = postSolution
		SolutionGuid = {31F4D547-F1FB-312E-9C09-B468BE33ECBF}
	EndGlobalSection
	GlobalSection(ExtensibilityAddIns) = postSolution
	EndGlobalSection
EndGlobal
