<?xml version="1.0" encoding="utf-8"?>
<Project ToolsVersion="15.0" xmlns="http://schemas.microsoft.com/developer/msbuild/2003">
  <ItemGroup>
    <ClCompile Include="D:\TATA\LATEST_NXT_REPO\next\src\bridges\plugins\core\system_PerformanceViewer\performance_viewer.cpp">
      <Filter>Source Files</Filter>
    </ClCompile>
    <ClCompile Include="D:\TATA\LATEST_NXT_REPO\next\src\bridges\plugins\core\system_PerformanceViewer\next_cpu_profiler.cpp">
      <Filter>Source Files</Filter>
    </ClCompile>
  </ItemGroup>
  <ItemGroup>
    <ClInclude Include="D:\TATA\LATEST_NXT_REPO\next\src\bridges\plugins\core\system_PerformanceViewer\performance_viewer.h">
      <Filter>Header Files</Filter>
    </ClInclude>
    <ClInclude Include="D:\TATA\LATEST_NXT_REPO\next\conan_workarea\h\94f134184cbdec7ff264b8e7809aa3aa\src\bridges\bridgesdk\next_flatbuffers_profiler\next\bridgesdk\schema\profiler\basic_info_generated.h">
      <Filter>Header Files</Filter>
    </ClInclude>
    <ClInclude Include="D:\TATA\LATEST_NXT_REPO\next\conan_workarea\h\94f134184cbdec7ff264b8e7809aa3aa\src\bridges\bridgesdk\next_flatbuffers_profiler\next\bridgesdk\schema\profiler\cpu_profiler_generated.h">
      <Filter>Header Files</Filter>
    </ClInclude>
    <ClInclude Include="D:\TATA\LATEST_NXT_REPO\next\conan_workarea\h\94f134184cbdec7ff264b8e7809aa3aa\src\bridges\bridgesdk\next_flatbuffers_profiler\next\bridgesdk\schema\profiler\ecal_monitor_generated.h">
      <Filter>Header Files</Filter>
    </ClInclude>
    <ClInclude Include="D:\TATA\LATEST_NXT_REPO\next\conan_workarea\h\94f134184cbdec7ff264b8e7809aa3aa\src\bridges\bridgesdk\next_flatbuffers_profiler\next\bridgesdk\schema\profiler\network_graph_generated.h">
      <Filter>Header Files</Filter>
    </ClInclude>
  </ItemGroup>
  <ItemGroup>
    <CustomBuild Include="D:\TATA\LATEST_NXT_REPO\next\src\bridges\plugins\core\system_PerformanceViewer\CMakeLists.txt" />
  </ItemGroup>
  <ItemGroup>
    <None Include="D:\TATA\LATEST_NXT_REPO\next\conan_workarea\h\94f134184cbdec7ff264b8e7809aa3aa\databridge\schema\profiler\basic_info.bfbs" />
    <None Include="D:\TATA\LATEST_NXT_REPO\next\conan_workarea\h\94f134184cbdec7ff264b8e7809aa3aa\databridge\schema\profiler\cpu_profiler.bfbs" />
    <None Include="D:\TATA\LATEST_NXT_REPO\next\conan_workarea\h\94f134184cbdec7ff264b8e7809aa3aa\databridge\schema\profiler\ecal_monitor.bfbs" />
    <None Include="D:\TATA\LATEST_NXT_REPO\next\conan_workarea\h\94f134184cbdec7ff264b8e7809aa3aa\databridge\schema\profiler\network_graph.bfbs" />
    <None Include="D:\TATA\LATEST_NXT_REPO\next\src\bridges\bridgesdk\interface\next\bridgesdk\schema\profiler\basic_info.fbs" />
    <None Include="D:\TATA\LATEST_NXT_REPO\next\src\bridges\bridgesdk\interface\next\bridgesdk\schema\profiler\cpu_profiler.fbs" />
    <None Include="D:\TATA\LATEST_NXT_REPO\next\src\bridges\bridgesdk\interface\next\bridgesdk\schema\profiler\ecal_monitor.fbs" />
    <None Include="D:\TATA\LATEST_NXT_REPO\next\src\bridges\bridgesdk\interface\next\bridgesdk\schema\profiler\network_graph.fbs" />
  </ItemGroup>
  <ItemGroup>
    <Filter Include="Header Files">
      <UniqueIdentifier>{5C012A49-367D-3CF3-8F32-823C93801291}</UniqueIdentifier>
    </Filter>
    <Filter Include="Source Files">
      <UniqueIdentifier>{51FCA844-B143-3928-B5F2-7A5277A977A2}</UniqueIdentifier>
    </Filter>
  </ItemGroup>
</Project>
