<?xml version="1.0" encoding="utf-8"?>
<Project ToolsVersion="15.0" xmlns="http://schemas.microsoft.com/developer/msbuild/2003">
  <ItemGroup>
    <ClCompile Include="D:\Next-python_API\next\src\player\src\play_manager.cpp">
      <Filter>Source Files</Filter>
    </ClCompile>
    <ClCompile Include="D:\Next-python_API\next\src\player\src\main.cpp">
      <Filter>Source Files</Filter>
    </ClCompile>
    <ClCompile Include="D:\Next-python_API\next\src\player\src\state_machine\player_state_machine.cpp">
      <Filter>Source Files</Filter>
    </ClCompile>
    <ClCompile Include="D:\Next-python_API\next\src\player\src\state_machine\states\state_opening.cpp">
      <Filter>Source Files</Filter>
    </ClCompile>
    <ClCompile Include="D:\Next-python_API\next\src\player\src\state_machine\states\state_play.cpp">
      <Filter>Source Files</Filter>
    </ClCompile>
    <ClCompile Include="D:\Next-python_API\next\src\player\src\resource_manager\cycle_manager.cpp">
      <Filter>Source Files</Filter>
    </ClCompile>
    <ClCompile Include="D:\Next-python_API\next\src\player\src\resource_manager\resource_manager.cpp">
      <Filter>Source Files</Filter>
    </ClCompile>
    <ClCompile Include="D:\Next-python_API\next\src\player\src\resource_manager\udex_service.cpp">
      <Filter>Source Files</Filter>
    </ClCompile>
    <ClCompile Include="D:\Next-python_API\next\src\player\src\reader\file_reader.cpp">
      <Filter>Source Files</Filter>
    </ClCompile>
    <ClCompile Include="D:\Next-python_API\next\src\player\src\reader\reader_manager.cpp">
      <Filter>Source Files</Filter>
    </ClCompile>
    <ClCompile Include="D:\Next-python_API\next\src\player\src\reader\reader_synchronizer.cpp">
      <Filter>Source Files</Filter>
    </ClCompile>
    <ClCompile Include="D:\Next-python_API\next\src\player\src\publisher\publisher_manager.cpp">
      <Filter>Source Files</Filter>
    </ClCompile>
    <ClCompile Include="D:\Next-python_API\next\src\player\src\publisher\speed_factor.cpp">
      <Filter>Source Files</Filter>
    </ClCompile>
    <ClCompile Include="D:\Next-python_API\next\src\player\src\publisher\trigger_mapper.cpp">
      <Filter>Source Files</Filter>
    </ClCompile>
    <ClCompile Include="D:\Next-python_API\next\src\player\src\plugin\core_lib_reader\core_lib_reader.cpp">
      <Filter>Source Files</Filter>
    </ClCompile>
  </ItemGroup>
  <ItemGroup>
    <ClInclude Include="D:\Next-python_API\next\src\player\src\play_manager.hpp">
      <Filter>Header Files</Filter>
    </ClInclude>
    <ClInclude Include="D:\Next-python_API\next\src\player\src\state_machine\player_state_machine.hpp">
      <Filter>Header Files</Filter>
    </ClInclude>
    <ClInclude Include="D:\Next-python_API\next\src\player\src\state_machine\error_codes.hpp">
      <Filter>Header Files</Filter>
    </ClInclude>
    <ClInclude Include="D:\Next-python_API\next\src\player\src\state_machine\states\state_error.hpp">
      <Filter>Header Files</Filter>
    </ClInclude>
    <ClInclude Include="D:\Next-python_API\next\src\player\src\state_machine\states\state_machine_events.hpp">
      <Filter>Header Files</Filter>
    </ClInclude>
    <ClInclude Include="D:\Next-python_API\next\src\player\src\state_machine\states\state_opening.hpp">
      <Filter>Header Files</Filter>
    </ClInclude>
    <ClInclude Include="D:\Next-python_API\next\src\player\src\state_machine\states\state_play.hpp">
      <Filter>Header Files</Filter>
    </ClInclude>
    <ClInclude Include="D:\Next-python_API\next\src\player\src\state_machine\states\state_ready.hpp">
      <Filter>Header Files</Filter>
    </ClInclude>
    <ClInclude Include="D:\Next-python_API\next\src\player\src\state_machine\states\state_shutdown.hpp">
      <Filter>Header Files</Filter>
    </ClInclude>
    <ClInclude Include="D:\Next-python_API\next\src\player\src\state_machine\states\state_skip_to.hpp">
      <Filter>Header Files</Filter>
    </ClInclude>
    <ClInclude Include="D:\Next-python_API\next\src\player\src\state_machine\states\state_unload_recording.hpp">
      <Filter>Header Files</Filter>
    </ClInclude>
    <ClInclude Include="D:\Next-python_API\next\src\player\src\sdk_deprecated\threadsafe_queue.hpp">
      <Filter>Header Files</Filter>
    </ClInclude>
    <ClInclude Include="D:\Next-python_API\next\src\player\src\resource_manager\buffer_queue.hpp">
      <Filter>Header Files</Filter>
    </ClInclude>
    <ClInclude Include="D:\Next-python_API\next\src\player\src\resource_manager\cycle_manager.hpp">
      <Filter>Header Files</Filter>
    </ClInclude>
    <ClInclude Include="D:\Next-python_API\next\src\player\src\resource_manager\resource_manager.hpp">
      <Filter>Header Files</Filter>
    </ClInclude>
    <ClInclude Include="D:\Next-python_API\next\src\player\src\resource_manager\resource_manager_interface.hpp">
      <Filter>Header Files</Filter>
    </ClInclude>
    <ClInclude Include="D:\Next-python_API\next\src\player\src\resource_manager\udex_service.hpp">
      <Filter>Header Files</Filter>
    </ClInclude>
    <ClInclude Include="D:\Next-python_API\next\src\player\src\reader\file_reader.hpp">
      <Filter>Header Files</Filter>
    </ClInclude>
    <ClInclude Include="D:\Next-python_API\next\src\player\src\reader\reader_manager.hpp">
      <Filter>Header Files</Filter>
    </ClInclude>
    <ClInclude Include="D:\Next-python_API\next\src\player\src\reader\reader_synchronizer.hpp">
      <Filter>Header Files</Filter>
    </ClInclude>
    <ClInclude Include="D:\Next-python_API\next\src\player\src\publisher\publisher_manager.hpp">
      <Filter>Header Files</Filter>
    </ClInclude>
    <ClInclude Include="D:\Next-python_API\next\src\player\src\publisher\speed_factor.hpp">
      <Filter>Header Files</Filter>
    </ClInclude>
    <ClInclude Include="D:\Next-python_API\next\src\player\src\publisher\trigger_handler.hpp">
      <Filter>Header Files</Filter>
    </ClInclude>
    <ClInclude Include="D:\Next-python_API\next\src\player\src\publisher\trigger_mapper.hpp">
      <Filter>Header Files</Filter>
    </ClInclude>
    <ClInclude Include="D:\Next-python_API\next\src\player\src\plugin\core_lib_reader\core_lib_reader_impl.hpp">
      <Filter>Header Files</Filter>
    </ClInclude>
    <ClInclude Include="D:\Next-python_API\next\src\player\src\plugin\core_lib_reader\core_lib_reader.h">
      <Filter>Header Files</Filter>
    </ClInclude>
    <ClInclude Include="D:\Next-python_API\next\src\player\src\plugin\core_lib_reader\core_lib_package.h">
      <Filter>Header Files</Filter>
    </ClInclude>
    <ClInclude Include="D:\Next-python_API\next\src\player\src\plugin\core_lib_reader\core_lib_datatypes.h">
      <Filter>Header Files</Filter>
    </ClInclude>
    <ClInclude Include="D:\Next-python_API\next\src\player\src\plugin\core_lib_reader\package_helpers\can_package_helper.h">
      <Filter>Header Files</Filter>
    </ClInclude>
    <ClInclude Include="D:\Next-python_API\next\src\player\src\plugin\core_lib_reader\package_helpers\default_package_helper.h">
      <Filter>Header Files</Filter>
    </ClInclude>
    <ClInclude Include="D:\Next-python_API\next\src\player\src\plugin\core_lib_reader\package_helpers\ethernet_package_helper.h">
      <Filter>Header Files</Filter>
    </ClInclude>
    <ClInclude Include="D:\Next-python_API\next\src\player\src\plugin\core_lib_reader\package_helpers\flexray_package_helper.h">
      <Filter>Header Files</Filter>
    </ClInclude>
    <ClInclude Include="D:\Next-python_API\next\src\player\src\plugin\core_lib_reader\package_helpers\gps_package_helper.h">
      <Filter>Header Files</Filter>
    </ClInclude>
    <ClInclude Include="D:\Next-python_API\next\src\player\src\plugin\core_lib_reader\package_helpers\mtahw_package_helper.h">
      <Filter>Header Files</Filter>
    </ClInclude>
    <ClInclude Include="D:\Next-python_API\next\src\player\src\plugin\core_lib_reader\package_helpers\mtasw_package_helper.h">
      <Filter>Header Files</Filter>
    </ClInclude>
    <ClInclude Include="D:\Next-python_API\next\src\player\src\plugin\core_lib_reader\package_helpers\rtrange_package_helper.h">
      <Filter>Header Files</Filter>
    </ClInclude>
    <ClInclude Include="D:\Next-python_API\next\conan_workarea\h\1c8ed01dedea1a0fcedaba3a730f4481\src\player\bin_version.h">
      <Filter>Header Files</Filter>
    </ClInclude>
  </ItemGroup>
  <ItemGroup>
    <CustomBuild Include="D:\Next-python_API\next\src\player\CMakeLists.txt" />
  </ItemGroup>
  <ItemGroup>
    <ResourceCompile Include="D:\Next-python_API\next\conan_workarea\h\1c8ed01dedea1a0fcedaba3a730f4481\src\player\version_info.rc">
      <Filter>Source Files</Filter>
    </ResourceCompile>
  </ItemGroup>
  <ItemGroup>
    <Filter Include="Header Files">
      <UniqueIdentifier>{3EAD8AAC-09CF-32E7-B709-635509729C2A}</UniqueIdentifier>
    </Filter>
    <Filter Include="Source Files">
      <UniqueIdentifier>{11F2C70D-7421-3E37-916A-8D334E4FB588}</UniqueIdentifier>
    </Filter>
  </ItemGroup>
</Project>
