<?xml version="1.0" encoding="utf-8"?>
<Project ToolsVersion="15.0" xmlns="http://schemas.microsoft.com/developer/msbuild/2003">
  <ItemGroup>
    <ClCompile Include="D:\TATA\LATEST_NXT_REPO\next\src\sdk\appsupport\src\config\config_base.cpp">
      <Filter>Config Source Files</Filter>
    </ClCompile>
    <ClCompile Include="D:\TATA\LATEST_NXT_REPO\next\src\sdk\appsupport\src\config\config_client.cpp">
      <Filter>Config Source Files</Filter>
    </ClCompile>
    <ClCompile Include="D:\TATA\LATEST_NXT_REPO\next\src\sdk\appsupport\src\config\config_base_impl.cpp">
      <Filter>Config Source Files</Filter>
    </ClCompile>
    <ClCompile Include="D:\TATA\LATEST_NXT_REPO\next\src\sdk\appsupport\src\config\config_change_hook_handler.cpp">
      <Filter>Config Source Files</Filter>
    </ClCompile>
    <ClCompile Include="D:\TATA\LATEST_NXT_REPO\next\src\sdk\appsupport\src\config\config_comp_data.cpp">
      <Filter>Config Source Files</Filter>
    </ClCompile>
    <ClCompile Include="D:\TATA\LATEST_NXT_REPO\next\src\sdk\appsupport\src\config\config_comp_data_impl.cpp">
      <Filter>Config Source Files</Filter>
    </ClCompile>
    <ClCompile Include="D:\TATA\LATEST_NXT_REPO\next\src\sdk\appsupport\src\config\config_database_IO.cpp">
      <Filter>Config Source Files</Filter>
    </ClCompile>
    <ClCompile Include="D:\TATA\LATEST_NXT_REPO\next\src\sdk\appsupport\src\config\config_database_IO_impl.cpp">
      <Filter>Config Source Files</Filter>
    </ClCompile>
    <ClCompile Include="D:\TATA\LATEST_NXT_REPO\next\src\sdk\appsupport\src\config\config_database_manager.cpp">
      <Filter>Config Source Files</Filter>
    </ClCompile>
    <ClCompile Include="D:\TATA\LATEST_NXT_REPO\next\src\sdk\appsupport\src\config\config_database_manager_impl.cpp">
      <Filter>Config Source Files</Filter>
    </ClCompile>
    <ClCompile Include="D:\TATA\LATEST_NXT_REPO\next\src\sdk\appsupport\src\config\config_server.cpp">
      <Filter>Config Source Files</Filter>
    </ClCompile>
    <ClCompile Include="D:\TATA\LATEST_NXT_REPO\next\src\sdk\appsupport\src\cmd_options.cpp">
      <Filter>Source Files</Filter>
    </ClCompile>
    <ClCompile Include="D:\TATA\LATEST_NXT_REPO\next\src\sdk\appsupport\src\cmd_options_impl.cpp">
      <Filter>Source Files</Filter>
    </ClCompile>
    <ClCompile Include="D:\TATA\LATEST_NXT_REPO\next\src\sdk\appsupport\src\license_checker\license_checker.cpp">
      <Filter>Source Files</Filter>
    </ClCompile>
    <ClCompile Include="D:\TATA\LATEST_NXT_REPO\next\src\sdk\appsupport\src\life_cycle\lifecycle_base.cpp">
      <Filter>Source Files</Filter>
    </ClCompile>
    <ClCompile Include="D:\TATA\LATEST_NXT_REPO\next\src\sdk\appsupport\src\log_connector\log_connector.cpp">
      <Filter>Source Files</Filter>
    </ClCompile>
    <ClCompile Include="D:\TATA\LATEST_NXT_REPO\next\src\sdk\appsupport\src\next_status_code\next_status_code.cpp">
      <Filter>Source Files</Filter>
    </ClCompile>
    <ClCompile Include="D:\TATA\LATEST_NXT_REPO\next\src\sdk\appsupport\src\config\config_change_hook_collection.cpp">
      <Filter>Config Source Files</Filter>
    </ClCompile>
    <ClCompile Include="D:\TATA\LATEST_NXT_REPO\next\src\sdk\appsupport\src\session_handler\session_server.cpp">
      <Filter>Source Files</Filter>
    </ClCompile>
    <ClCompile Include="D:\TATA\LATEST_NXT_REPO\next\src\sdk\appsupport\src\session_handler\session_server_impl.cpp">
      <Filter>Source Files</Filter>
    </ClCompile>
    <ClCompile Include="D:\TATA\LATEST_NXT_REPO\next\src\sdk\appsupport\src\session_handler\session_client.cpp">
      <Filter>Source Files</Filter>
    </ClCompile>
    <ClCompile Include="D:\TATA\LATEST_NXT_REPO\next\src\sdk\appsupport\src\session_handler\session_client_impl.cpp">
      <Filter>Source Files</Filter>
    </ClCompile>
    <ClCompile Include="D:\TATA\LATEST_NXT_REPO\next\src\sdk\appsupport\src\startup.cpp">
      <Filter>Source Files</Filter>
    </ClCompile>
  </ItemGroup>
  <ItemGroup>
    <ClInclude Include="D:\TATA\LATEST_NXT_REPO\next\src\sdk\appsupport\interface\next\appsupport\config\config_types.hpp">
      <Filter>Config Header Files</Filter>
    </ClInclude>
    <ClInclude Include="D:\TATA\LATEST_NXT_REPO\next\src\sdk\appsupport\interface\next\appsupport\config\config_base.hpp">
      <Filter>Config Header Files</Filter>
    </ClInclude>
    <ClInclude Include="D:\TATA\LATEST_NXT_REPO\next\src\sdk\appsupport\interface\next\appsupport\config\config_client.hpp">
      <Filter>Config Header Files</Filter>
    </ClInclude>
    <ClInclude Include="D:\TATA\LATEST_NXT_REPO\next\src\sdk\appsupport\src\config\config_base_impl.hpp">
      <Filter>Config Header Files</Filter>
    </ClInclude>
    <ClInclude Include="D:\TATA\LATEST_NXT_REPO\next\src\sdk\appsupport\src\config\config_change_hook_handler.hpp">
      <Filter>Config Header Files</Filter>
    </ClInclude>
    <ClInclude Include="D:\TATA\LATEST_NXT_REPO\next\src\sdk\appsupport\src\config\config_comp_data.hpp">
      <Filter>Config Header Files</Filter>
    </ClInclude>
    <ClInclude Include="D:\TATA\LATEST_NXT_REPO\next\src\sdk\appsupport\src\config\config_comp_data_impl.hpp">
      <Filter>Config Header Files</Filter>
    </ClInclude>
    <ClInclude Include="D:\TATA\LATEST_NXT_REPO\next\src\sdk\appsupport\src\config\config_comp_data_storage.hpp">
      <Filter>Config Header Files</Filter>
    </ClInclude>
    <ClInclude Include="D:\TATA\LATEST_NXT_REPO\next\src\sdk\appsupport\src\config\config_data_datatypes.hpp">
      <Filter>Config Header Files</Filter>
    </ClInclude>
    <ClInclude Include="D:\TATA\LATEST_NXT_REPO\next\src\sdk\appsupport\src\config\config_database_IO.hpp">
      <Filter>Config Header Files</Filter>
    </ClInclude>
    <ClInclude Include="D:\TATA\LATEST_NXT_REPO\next\src\sdk\appsupport\src\config\config_database_IO_impl.hpp">
      <Filter>Config Header Files</Filter>
    </ClInclude>
    <ClInclude Include="D:\TATA\LATEST_NXT_REPO\next\src\sdk\appsupport\src\config\config_database_manager.hpp">
      <Filter>Config Header Files</Filter>
    </ClInclude>
    <ClInclude Include="D:\TATA\LATEST_NXT_REPO\next\src\sdk\appsupport\src\config\config_database_manager_impl.hpp">
      <Filter>Config Header Files</Filter>
    </ClInclude>
    <ClInclude Include="D:\TATA\LATEST_NXT_REPO\next\src\sdk\appsupport\src\config\config_utilities.hpp">
      <Filter>Config Header Files</Filter>
    </ClInclude>
    <ClInclude Include="D:\TATA\LATEST_NXT_REPO\next\src\sdk\appsupport\interface\next\appsupport\config\config_server.hpp">
      <Filter>Config Header Files</Filter>
    </ClInclude>
    <ClInclude Include="D:\TATA\LATEST_NXT_REPO\next\src\sdk\appsupport\interface\next\appsupport\cmd_options\cmd_options.hpp">
      <Filter>Header Files</Filter>
    </ClInclude>
    <ClInclude Include="D:\TATA\LATEST_NXT_REPO\next\src\sdk\appsupport\src\cmd_options_impl.hpp">
      <Filter>Header Files</Filter>
    </ClInclude>
    <ClInclude Include="D:\TATA\LATEST_NXT_REPO\next\src\sdk\appsupport\src\license_checker\license_checker.hpp">
      <Filter>Header Files</Filter>
    </ClInclude>
    <ClInclude Include="D:\TATA\LATEST_NXT_REPO\next\src\sdk\appsupport\interface\next\appsupport\log_connector\log_connector.hpp">
      <Filter>Header Files</Filter>
    </ClInclude>
    <ClInclude Include="D:\TATA\LATEST_NXT_REPO\next\src\sdk\appsupport\interface\next\appsupport\next_status_code\next_status_code.hpp">
      <Filter>Header Files</Filter>
    </ClInclude>
    <ClInclude Include="D:\TATA\LATEST_NXT_REPO\next\src\sdk\appsupport\interface\next\appsupport\lifecycle\lifecycle_base.hpp">
      <Filter>Header Files</Filter>
    </ClInclude>
    <ClInclude Include="D:\TATA\LATEST_NXT_REPO\next\src\sdk\appsupport\interface\next\appsupport\config\config_change_hook_collection.hpp">
      <Filter>Config Header Files</Filter>
    </ClInclude>
    <ClInclude Include="D:\TATA\LATEST_NXT_REPO\next\src\sdk\appsupport\interface\next\appsupport\config\config_key_generator.hpp">
      <Filter>Config Header Files</Filter>
    </ClInclude>
    <ClInclude Include="D:\TATA\LATEST_NXT_REPO\next\src\sdk\appsupport\interface\next\appsupport\config\config_key_generator_orchestrator.hpp">
      <Filter>Config Header Files</Filter>
    </ClInclude>
    <ClInclude Include="D:\TATA\LATEST_NXT_REPO\next\src\sdk\appsupport\interface\next\appsupport\config\config_key_generator_player.hpp">
      <Filter>Config Header Files</Filter>
    </ClInclude>
    <ClInclude Include="D:\TATA\LATEST_NXT_REPO\next\src\sdk\appsupport\interface\next\appsupport\config\config_key_generator_databridge.hpp">
      <Filter>Header Files</Filter>
    </ClInclude>
    <ClInclude Include="D:\TATA\LATEST_NXT_REPO\next\src\sdk\appsupport\interface\next\appsupport\config\config_key_generator_logger.hpp">
      <Filter>Config Header Files</Filter>
    </ClInclude>
    <ClInclude Include="D:\TATA\LATEST_NXT_REPO\next\src\sdk\appsupport\interface\next\appsupport\session_handler\session_server.hpp">
      <Filter>Header Files</Filter>
    </ClInclude>
    <ClInclude Include="D:\TATA\LATEST_NXT_REPO\next\src\sdk\appsupport\interface\next\appsupport\session_handler\session_client.hpp">
      <Filter>Header Files</Filter>
    </ClInclude>
    <ClInclude Include="D:\TATA\LATEST_NXT_REPO\next\src\sdk\appsupport\src\session_handler\session_server_impl.hpp">
      <Filter>Header Files</Filter>
    </ClInclude>
    <ClInclude Include="D:\TATA\LATEST_NXT_REPO\next\src\sdk\appsupport\src\session_handler\session_client_impl.hpp">
      <Filter>Header Files</Filter>
    </ClInclude>
    <ClInclude Include="D:\TATA\LATEST_NXT_REPO\next\src\sdk\appsupport\src\system_information.h">
      <Filter>Header Files</Filter>
    </ClInclude>
    <ClInclude Include="D:\TATA\LATEST_NXT_REPO\next\src\sdk\appsupport\interface\next\appsupport\config\config_tags.hpp">
      <Filter>Config Header Files</Filter>
    </ClInclude>
    <ClInclude Include="D:\TATA\LATEST_NXT_REPO\next\conan_workarea\h\94f134184cbdec7ff264b8e7809aa3aa\src\sdk\appsupport\bin_version.h">
      <Filter>Header Files</Filter>
    </ClInclude>
  </ItemGroup>
  <ItemGroup>
    <CustomBuild Include="D:\TATA\LATEST_NXT_REPO\next\src\sdk\appsupport\CMakeLists.txt" />
  </ItemGroup>
  <ItemGroup>
    <ResourceCompile Include="D:\TATA\LATEST_NXT_REPO\next\conan_workarea\h\94f134184cbdec7ff264b8e7809aa3aa\src\sdk\appsupport\version_info.rc">
      <Filter>Source Files</Filter>
    </ResourceCompile>
  </ItemGroup>
  <ItemGroup>
    <Filter Include="Config Header Files">
      <UniqueIdentifier>{A61EE063-99B3-376E-BE0C-8063CFE20273}</UniqueIdentifier>
    </Filter>
    <Filter Include="Config Source Files">
      <UniqueIdentifier>{2B1CCB99-55EA-3576-BDBA-B803B7E7F6E8}</UniqueIdentifier>
    </Filter>
    <Filter Include="Header Files">
      <UniqueIdentifier>{5C012A49-367D-3CF3-8F32-823C93801291}</UniqueIdentifier>
    </Filter>
    <Filter Include="Source Files">
      <UniqueIdentifier>{51FCA844-B143-3928-B5F2-7A5277A977A2}</UniqueIdentifier>
    </Filter>
  </ItemGroup>
</Project>
