<?xml version="1.0" encoding="utf-8"?>
<Project ToolsVersion="15.0" xmlns="http://schemas.microsoft.com/developer/msbuild/2003">
  <ItemGroup>
    <ClCompile Include="D:\TATA\LATEST_NXT_REPO\next\src\control\src\lib_version.cpp">
      <Filter>Source Files</Filter>
    </ClCompile>
    <ClCompile Include="D:\TATA\LATEST_NXT_REPO\next\src\control\src\orchestrator\base_ctrl_data_generator\control_data_generator.cpp">
      <Filter>Source Files</Filter>
    </ClCompile>
    <ClCompile Include="D:\TATA\LATEST_NXT_REPO\next\src\control\src\orchestrator\orchestrator_client_impl.cpp">
      <Filter>Source Files</Filter>
    </ClCompile>
    <ClCompile Include="D:\TATA\LATEST_NXT_REPO\next\src\control\src\orchestrator\orchestrator_master_impl.cpp">
      <Filter>Source Files</Filter>
    </ClCompile>
    <ClCompile Include="D:\TATA\LATEST_NXT_REPO\next\src\control\src\orchestrator\orchestrator_client.cpp">
      <Filter>Source Files</Filter>
    </ClCompile>
    <ClCompile Include="D:\TATA\LATEST_NXT_REPO\next\src\control\src\orchestrator\orchestrator_master.cpp">
      <Filter>Source Files</Filter>
    </ClCompile>
    <ClCompile Include="D:\TATA\LATEST_NXT_REPO\next\src\control\src\log_collector\log_collector.cpp">
      <Filter>Source Files</Filter>
    </ClCompile>
    <ClCompile Include="D:\TATA\LATEST_NXT_REPO\next\src\control\src\log_collector\log_collector_impl.cpp">
      <Filter>Source Files</Filter>
    </ClCompile>
    <ClCompile Include="D:\TATA\LATEST_NXT_REPO\next\src\control\src\log_collector\rotating_file_sink_log_event_data.cpp">
      <Filter>Source Files</Filter>
    </ClCompile>
    <ClCompile Include="D:\TATA\LATEST_NXT_REPO\next\src\control\src\event_control\open_recording_status_event.cpp">
      <Filter>Source Files</Filter>
    </ClCompile>
    <ClCompile Include="D:\TATA\LATEST_NXT_REPO\next\src\control\src\event_control\orchestrator_event_binary.cpp">
      <Filter>Source Files</Filter>
    </ClCompile>
    <ClCompile Include="D:\TATA\LATEST_NXT_REPO\next\src\control\src\event_control\player_state_event.cpp">
      <Filter>Source Files</Filter>
    </ClCompile>
    <ClCompile Include="D:\TATA\LATEST_NXT_REPO\next\src\control\src\event_control\player_command.cpp">
      <Filter>Source Files</Filter>
    </ClCompile>
  </ItemGroup>
  <ItemGroup>
    <ClInclude Include="D:\TATA\LATEST_NXT_REPO\next\src\control\src\orchestrator\base_ctrl_data_generator\control_data_generator.hpp">
      <Filter>Header Files</Filter>
    </ClInclude>
    <ClInclude Include="D:\TATA\LATEST_NXT_REPO\next\src\control\src\orchestrator\orchestrator_master_impl.h">
      <Filter>Header Files</Filter>
    </ClInclude>
    <ClInclude Include="D:\TATA\LATEST_NXT_REPO\next\src\control\src\orchestrator\orchestrator_client_impl.h">
      <Filter>Header Files</Filter>
    </ClInclude>
    <ClInclude Include="D:\TATA\LATEST_NXT_REPO\next\src\control\interface\next\control\orchestrator\orchestrator_client.h">
      <Filter>Header Files</Filter>
    </ClInclude>
    <ClInclude Include="D:\TATA\LATEST_NXT_REPO\next\src\control\interface\next\control\orchestrator\orchestrator_master.h">
      <Filter>Header Files</Filter>
    </ClInclude>
    <ClInclude Include="D:\TATA\LATEST_NXT_REPO\next\src\control\interface\next\control\orchestrator\flow_control_config.h">
      <Filter>Header Files</Filter>
    </ClInclude>
    <ClInclude Include="D:\TATA\LATEST_NXT_REPO\next\src\control\interface\next\control\log_collector\log_collector.hpp">
      <Filter>Header Files</Filter>
    </ClInclude>
    <ClInclude Include="D:\TATA\LATEST_NXT_REPO\next\src\control\src\log_collector\log_collector_impl.hpp">
      <Filter>Header Files</Filter>
    </ClInclude>
    <ClInclude Include="D:\TATA\LATEST_NXT_REPO\next\src\control\src\log_collector\rotating_file_sink_log_event_data.hpp">
      <Filter>Header Files</Filter>
    </ClInclude>
    <ClInclude Include="D:\TATA\LATEST_NXT_REPO\next\conan_workarea\h\7ab8c1f1fd4e01ab32b4c38f491e59e1\src\control\bin_version.h">
      <Filter>Header Files</Filter>
    </ClInclude>
  </ItemGroup>
  <ItemGroup>
    <CustomBuild Include="D:\TATA\LATEST_NXT_REPO\next\src\control\CMakeLists.txt" />
  </ItemGroup>
  <ItemGroup>
    <ResourceCompile Include="D:\TATA\LATEST_NXT_REPO\next\conan_workarea\h\7ab8c1f1fd4e01ab32b4c38f491e59e1\src\control\version_info.rc">
      <Filter>Source Files</Filter>
    </ResourceCompile>
  </ItemGroup>
  <ItemGroup>
    <Filter Include="Header Files">
      <UniqueIdentifier>{F99CD6DB-037D-36A9-8EC4-63E81832D0A6}</UniqueIdentifier>
    </Filter>
    <Filter Include="Source Files">
      <UniqueIdentifier>{53B7468F-1CF3-3A19-89AD-A014CD7DCDED}</UniqueIdentifier>
    </Filter>
  </ItemGroup>
</Project>
