<?xml version="1.0" encoding="utf-8"?>
<Project ToolsVersion="15.0" xmlns="http://schemas.microsoft.com/developer/msbuild/2003">
  <ItemGroup>
    <ClCompile Include="D:\TATA\LATEST_NXT_REPO\next\src\bridges\plugins\core\system_ReferenceCamera\reference_camera.cpp">
      <Filter>Source Files</Filter>
    </ClCompile>
  </ItemGroup>
  <ItemGroup>
    <ClInclude Include="D:\TATA\LATEST_NXT_REPO\next\src\bridges\plugins\core\system_ReferenceCamera\reference_camera.h">
      <Filter>Header Files</Filter>
    </ClInclude>
  </ItemGroup>
  <ItemGroup>
    <CustomBuild Include="D:\TATA\LATEST_NXT_REPO\next\src\bridges\plugins\core\system_ReferenceCamera\CMakeLists.txt" />
  </ItemGroup>
  <ItemGroup>
    <Object Include="D:\TATA\LATEST_NXT_REPO\next\conan_workarea\h\94f134184cbdec7ff264b8e7809aa3aa\src\bridges\bridgesdk\thirdparty\base64\base64.dir\$(Configuration)\base64.obj">
      <Filter>Object Libraries</Filter>
    </Object>
  </ItemGroup>
  <ItemGroup>
    <Filter Include="Header Files">
      <UniqueIdentifier>{5C012A49-367D-3CF3-8F32-823C93801291}</UniqueIdentifier>
    </Filter>
    <Filter Include="Object Libraries">
      <UniqueIdentifier>{8C842057-DFD8-396D-B5B4-D5F30949B08C}</UniqueIdentifier>
    </Filter>
    <Filter Include="Source Files">
      <UniqueIdentifier>{51FCA844-B143-3928-B5F2-7A5277A977A2}</UniqueIdentifier>
    </Filter>
  </ItemGroup>
</Project>
