<?xml version="1.0" encoding="utf-8"?>
<Project ToolsVersion="15.0" xmlns="http://schemas.microsoft.com/developer/msbuild/2003">
  <ItemGroup>
    <CustomBuild Include="D:\TATA\LATEST_NXT_REPO\next\conan_workarea\h\94f134184cbdec7ff264b8e7809aa3aa\CMakeFiles\916a1ae8612a94527c4f6b59ee36feea\view_update_generated.h.rule">
      <Filter>CMake Rules</Filter>
    </CustomBuild>
    <CustomBuild Include="D:\TATA\LATEST_NXT_REPO\next\conan_workarea\h\94f134184cbdec7ff264b8e7809aa3aa\CMakeFiles\a0cae38addb7555dfea4872a560fb0a4\view_update.bfbs.rule">
      <Filter>CMake Rules</Filter>
    </CustomBuild>
    <CustomBuild Include="D:\TATA\LATEST_NXT_REPO\next\conan_workarea\h\94f134184cbdec7ff264b8e7809aa3aa\CMakeFiles\9e02bbccbdd9a33e25230cfdcd19eb95\GENERATE_next_flatbuffers_view_update.rule">
      <Filter>CMake Rules</Filter>
    </CustomBuild>
    <CustomBuild Include="D:\TATA\LATEST_NXT_REPO\next\src\bridges\bridgesdk\CMakeLists.txt" />
  </ItemGroup>
  <ItemGroup>
    <None Include="D:\TATA\LATEST_NXT_REPO\next\conan_workarea\h\94f134184cbdec7ff264b8e7809aa3aa\src\bridges\bridgesdk\CMakeFiles\GENERATE_next_flatbuffers_view_update" />
  </ItemGroup>
  <ItemGroup>
    <Filter Include="CMake Rules">
      <UniqueIdentifier>{87A17783-2BE5-322D-A890-0F91B14E61A8}</UniqueIdentifier>
    </Filter>
  </ItemGroup>
</Project>
