<?xml version="1.0" encoding="utf-8"?>
<Project ToolsVersion="15.0" xmlns="http://schemas.microsoft.com/developer/msbuild/2003">
  <ItemGroup>
    <ClCompile Include="D:\Next-python_API\next\src\control\src\lib_version.cpp">
      <Filter>Source Files</Filter>
    </ClCompile>
    <ClCompile Include="D:\Next-python_API\next\src\control\src\orchestrator\base_ctrl_data_generator\control_data_generator.cpp">
      <Filter>Source Files</Filter>
    </ClCompile>
    <ClCompile Include="D:\Next-python_API\next\src\control\src\orchestrator\orchestrator_client_impl.cpp">
      <Filter>Source Files</Filter>
    </ClCompile>
    <ClCompile Include="D:\Next-python_API\next\src\control\src\orchestrator\orchestrator_master_impl.cpp">
      <Filter>Source Files</Filter>
    </ClCompile>
    <ClCompile Include="D:\Next-python_API\next\src\control\src\orchestrator\orchestrator_client.cpp">
      <Filter>Source Files</Filter>
    </ClCompile>
    <ClCompile Include="D:\Next-python_API\next\src\control\src\orchestrator\orchestrator_master.cpp">
      <Filter>Source Files</Filter>
    </ClCompile>
    <ClCompile Include="D:\Next-python_API\next\src\control\src\log_collector\log_collector.cpp">
      <Filter>Source Files</Filter>
    </ClCompile>
    <ClCompile Include="D:\Next-python_API\next\src\control\src\log_collector\log_collector_impl.cpp">
      <Filter>Source Files</Filter>
    </ClCompile>
    <ClCompile Include="D:\Next-python_API\next\src\control\src\log_collector\rotating_file_sink_log_event_data.cpp">
      <Filter>Source Files</Filter>
    </ClCompile>
    <ClCompile Include="D:\Next-python_API\next\src\control\src\event_control\open_recording_status_event.cpp">
      <Filter>Source Files</Filter>
    </ClCompile>
    <ClCompile Include="D:\Next-python_API\next\src\control\src\event_control\orchestrator_event_binary.cpp">
      <Filter>Source Files</Filter>
    </ClCompile>
    <ClCompile Include="D:\Next-python_API\next\src\control\src\event_control\player_state_event.cpp">
      <Filter>Source Files</Filter>
    </ClCompile>
    <ClCompile Include="D:\Next-python_API\next\src\control\src\event_control\player_command.cpp">
      <Filter>Source Files</Filter>
    </ClCompile>
  </ItemGroup>
  <ItemGroup>
    <ClInclude Include="D:\Next-python_API\next\src\control\src\orchestrator\base_ctrl_data_generator\control_data_generator.hpp">
      <Filter>Header Files</Filter>
    </ClInclude>
    <ClInclude Include="D:\Next-python_API\next\src\control\src\orchestrator\orchestrator_master_impl.h">
      <Filter>Header Files</Filter>
    </ClInclude>
    <ClInclude Include="D:\Next-python_API\next\src\control\src\orchestrator\orchestrator_client_impl.h">
      <Filter>Header Files</Filter>
    </ClInclude>
    <ClInclude Include="D:\Next-python_API\next\src\control\interface\next\control\orchestrator\orchestrator_client.h">
      <Filter>Header Files</Filter>
    </ClInclude>
    <ClInclude Include="D:\Next-python_API\next\src\control\interface\next\control\orchestrator\orchestrator_master.h">
      <Filter>Header Files</Filter>
    </ClInclude>
    <ClInclude Include="D:\Next-python_API\next\src\control\interface\next\control\orchestrator\flow_control_config.h">
      <Filter>Header Files</Filter>
    </ClInclude>
    <ClInclude Include="D:\Next-python_API\next\src\control\interface\next\control\log_collector\log_collector.hpp">
      <Filter>Header Files</Filter>
    </ClInclude>
    <ClInclude Include="D:\Next-python_API\next\src\control\src\log_collector\log_collector_impl.hpp">
      <Filter>Header Files</Filter>
    </ClInclude>
    <ClInclude Include="D:\Next-python_API\next\src\control\src\log_collector\rotating_file_sink_log_event_data.hpp">
      <Filter>Header Files</Filter>
    </ClInclude>
    <ClInclude Include="D:\Next-python_API\next\conan_workarea\h\1c8ed01dedea1a0fcedaba3a730f4481\src\control\bin_version.h">
      <Filter>Header Files</Filter>
    </ClInclude>
  </ItemGroup>
  <ItemGroup>
    <CustomBuild Include="D:\Next-python_API\next\src\control\CMakeLists.txt" />
  </ItemGroup>
  <ItemGroup>
    <ResourceCompile Include="D:\Next-python_API\next\conan_workarea\h\1c8ed01dedea1a0fcedaba3a730f4481\src\control\version_info.rc">
      <Filter>Source Files</Filter>
    </ResourceCompile>
  </ItemGroup>
  <ItemGroup>
    <Filter Include="Header Files">
      <UniqueIdentifier>{3EAD8AAC-09CF-32E7-B709-635509729C2A}</UniqueIdentifier>
    </Filter>
    <Filter Include="Source Files">
      <UniqueIdentifier>{11F2C70D-7421-3E37-916A-8D334E4FB588}</UniqueIdentifier>
    </Filter>
  </ItemGroup>
</Project>
